Microsoft Visual Studio Solution File, Format Version 9.00
# Visual Studio 2005
Project("{8BC9CEB8-8B4A-11D0-8D11-00A0C91BC942}") = "MPStreamAnalyzer", "MPSA.vcproj", "{FCF30D16-2C9E-4429-B605-4ACA43023E71}"
EndProject
Global
	GlobalSection(SolutionConfigurationPlatforms) = preSolution
		Debug|Win32 = Debug|Win32
		Release|Win32 = Release|Win32
	EndGlobalSection
	GlobalSection(ProjectConfigurationPlatforms) = postSolution
		{FCF30D16-2C9E-4429-B605-4ACA43023E71}.Debug|Win32.ActiveCfg = Debug|Win32
		{FCF30D16-2C9E-4429-B605-4ACA43023E71}.Debug|Win32.Build.0 = Debug|Win32
		{FCF30D16-2C9E-4429-B605-4ACA43023E71}.Release|Win32.ActiveCfg = Release|Win32
		{FCF30D16-2C9E-4429-B605-4ACA43023E71}.Release|Win32.Build.0 = Release|Win32
	EndGlobalSection
	GlobalSection(SolutionProperties) = preSolution
		HideSolutionNode = FALSE
	EndGlobalSection
EndGlobal
