Microsoft Visual Studio Solution File, Format Version 8.00
Project("{FAE04EC0-301F-11D3-BF4B-00C04F79EFBC}") = "WebEPG", "WebEPG.csproj", "{F7CB2A9F-004E-4667-BEAF-782F1C28E2D3}"
	ProjectSection(ProjectDependencies) = postProject
	EndProjectSection
EndProject
Project("{FAE04EC0-301F-11D3-BF4B-00C04F79EFBC}") = "WebEPG-xmltv", "..\WebEPG-xmltv\WebEPG-xmltv.csproj", "{67D44FEB-AC41-4B93-AC1D-876318CDD16B}"
	ProjectSection(ProjectDependencies) = postProject
		{F7CB2A9F-004E-4667-BEAF-782F1C28E2D3} = {F7CB2A9F-004E-4667-BEAF-782F1C28E2D3}
	EndProjectSection
EndProject
Project("{FAE04EC0-301F-11D3-BF4B-00C04F79EFBC}") = "WebEPG-conf", "..\WebEPG-conf\WebEPG-conf.csproj", "{47B8906A-5EC9-4641-811E-8BC0EAF97DDD}"
	ProjectSection(ProjectDependencies) = postProject
		{F7CB2A9F-004E-4667-BEAF-782F1C28E2D3} = {F7CB2A9F-004E-4667-BEAF-782F1C28E2D3}
	EndProjectSection
EndProject
Global
	GlobalSection(SolutionConfiguration) = preSolution
		Debug = Debug
		Release = Release
	EndGlobalSection
	GlobalSection(ProjectConfiguration) = postSolution
		{F7CB2A9F-004E-4667-BEAF-782F1C28E2D3}.Debug.ActiveCfg = Debug|.NET
		{F7CB2A9F-004E-4667-BEAF-782F1C28E2D3}.Debug.Build.0 = Debug|.NET
		{F7CB2A9F-004E-4667-BEAF-782F1C28E2D3}.Release.ActiveCfg = Release|.NET
		{F7CB2A9F-004E-4667-BEAF-782F1C28E2D3}.Release.Build.0 = Release|.NET
		{67D44FEB-AC41-4B93-AC1D-876318CDD16B}.Debug.ActiveCfg = Debug|.NET
		{67D44FEB-AC41-4B93-AC1D-876318CDD16B}.Debug.Build.0 = Debug|.NET
		{67D44FEB-AC41-4B93-AC1D-876318CDD16B}.Release.ActiveCfg = Release|.NET
		{67D44FEB-AC41-4B93-AC1D-876318CDD16B}.Release.Build.0 = Release|.NET
		{47B8906A-5EC9-4641-811E-8BC0EAF97DDD}.Debug.ActiveCfg = Debug|.NET
		{47B8906A-5EC9-4641-811E-8BC0EAF97DDD}.Debug.Build.0 = Debug|.NET
		{47B8906A-5EC9-4641-811E-8BC0EAF97DDD}.Release.ActiveCfg = Release|.NET
		{47B8906A-5EC9-4641-811E-8BC0EAF97DDD}.Release.Build.0 = Release|.NET
	EndGlobalSection
	GlobalSection(ExtensibilityGlobals) = postSolution
	EndGlobalSection
	GlobalSection(ExtensibilityAddIns) = postSolution
	EndGlobalSection
EndGlobal
