
Microsoft Visual Studio Solution File, Format Version 9.00
# Visual Studio 2005
Project("{2150E333-8FDC-42A3-9474-1A3956D46DE8}") = "MediaLibrary.Core", "MediaLibrary.Core", "{BABBA38E-79E5-42C0-AEF8-398830A39430}"
EndProject
Project("{2150E333-8FDC-42A3-9474-1A3956D46DE8}") = "MediaLibrary.Plugins", "MediaLibrary.Plugins", "{00E11D03-AC7D-41C4-B911-1AA85A2DD4A3}"
EndProject
Project("{2150E333-8FDC-42A3-9474-1A3956D46DE8}") = "Database", "Database", "{09287579-C1E5-449B-8AB0-8D77487CFAF7}"
EndProject
Project("{2150E333-8FDC-42A3-9474-1A3956D46DE8}") = "Import", "Import", "{C73B0BB3-05D7-4A07-89C3-FD9F3A2041B3}"
EndProject
Project("{2150E333-8FDC-42A3-9474-1A3956D46DE8}") = "MediaLibrary.Tools", "MediaLibrary.Tools", "{CFDC100A-27DF-429E-827D-DEE3C3622471}"
EndProject
Project("{2150E333-8FDC-42A3-9474-1A3956D46DE8}") = "MediaLibrary.Tests", "MediaLibrary.Tests", "{A222D428-AE00-4717-B4C6-A134162B1236}"
EndProject
Project("{FAE04EC0-301F-11D3-BF4B-00C04F79EFBC}") = "MediaLibrary.Tests", "MediaLibrary.Tests\MediaLibrary.Tests.csproj", "{47F03928-3A8B-4319-A810-7F40DBCEEBB8}"
EndProject
Project("{FAE04EC0-301F-11D3-BF4B-00C04F79EFBC}") = "MediaLibrary", "MediaLibrary.Core\MediaLibrary.csproj", "{45C30FF9-A914-4F72-BA16-83426B9BF00B}"
EndProject
Project("{FAE04EC0-301F-11D3-BF4B-00C04F79EFBC}") = "SQLite", "MediaLibrary.Plugins\SQLiteLibrary\SQLite.csproj", "{FD3071C5-4D34-4291-9AD7-9A4934438692}"
EndProject
Project("{FAE04EC0-301F-11D3-BF4B-00C04F79EFBC}") = "ImportTester", "MediaLibrary.Plugins\ImportTester\ImportTester.csproj", "{62DF08E9-B3A4-4109-AC30-8A957557BD27}"
EndProject
Project("{FAE04EC0-301F-11D3-BF4B-00C04F79EFBC}") = "AudioTagImporter", "MediaLibrary.Plugins\MusicTagImporter\AudioTagImporter.csproj", "{91517EE9-5850-4B60-A7C6-1BF4B40EFFCE}"
EndProject
Project("{FAE04EC0-301F-11D3-BF4B-00C04F79EFBC}") = "MediaManager", "MediaLibrary.Tools\MediaManager\MediaManager.csproj", "{DA5FAABB-EC4F-4E62-850E-FDF1A46D2231}"
EndProject
Project("{FAE04EC0-301F-11D3-BF4B-00C04F79EFBC}") = "MediaLibraryPluginInstaller", "MediaLibrary.Tools\MediaLibraryPluginInstaller\MediaLibraryPluginInstaller.csproj", "{753D25F2-F1FA-468F-A25E-D212B3D3B245}"
EndProject
Project("{FAE04EC0-301F-11D3-BF4B-00C04F79EFBC}") = "MediaLibraryPluginEditor", "MediaLibrary.Tools\MediaLibraryPluginEditor\MediaLibraryPluginEditor.csproj", "{3248BB3A-F973-4769-82D8-7594230AF48D}"
EndProject
Project("{FAE04EC0-301F-11D3-BF4B-00C04F79EFBC}") = "RegexImporter", "MediaLibrary.Plugins\RegexImporter\RegexImporter.csproj", "{0A1DA60F-00DE-42EF-9D3D-CCAA9F78C73A}"
EndProject
Global
	GlobalSection(SolutionConfigurationPlatforms) = preSolution
		Debug|Any CPU = Debug|Any CPU
		Release|Any CPU = Release|Any CPU
	EndGlobalSection
	GlobalSection(ProjectConfigurationPlatforms) = postSolution
		{47F03928-3A8B-4319-A810-7F40DBCEEBB8}.Debug|Any CPU.ActiveCfg = Debug|Any CPU
		{47F03928-3A8B-4319-A810-7F40DBCEEBB8}.Debug|Any CPU.Build.0 = Debug|Any CPU
		{47F03928-3A8B-4319-A810-7F40DBCEEBB8}.Release|Any CPU.ActiveCfg = Release|Any CPU
		{47F03928-3A8B-4319-A810-7F40DBCEEBB8}.Release|Any CPU.Build.0 = Release|Any CPU
		{45C30FF9-A914-4F72-BA16-83426B9BF00B}.Debug|Any CPU.ActiveCfg = Debug|Any CPU
		{45C30FF9-A914-4F72-BA16-83426B9BF00B}.Debug|Any CPU.Build.0 = Debug|Any CPU
		{45C30FF9-A914-4F72-BA16-83426B9BF00B}.Release|Any CPU.ActiveCfg = Release|Any CPU
		{45C30FF9-A914-4F72-BA16-83426B9BF00B}.Release|Any CPU.Build.0 = Release|Any CPU
		{FD3071C5-4D34-4291-9AD7-9A4934438692}.Debug|Any CPU.ActiveCfg = Debug|Any CPU
		{FD3071C5-4D34-4291-9AD7-9A4934438692}.Debug|Any CPU.Build.0 = Debug|Any CPU
		{FD3071C5-4D34-4291-9AD7-9A4934438692}.Release|Any CPU.ActiveCfg = Release|Any CPU
		{FD3071C5-4D34-4291-9AD7-9A4934438692}.Release|Any CPU.Build.0 = Release|Any CPU
		{62DF08E9-B3A4-4109-AC30-8A957557BD27}.Debug|Any CPU.ActiveCfg = Debug|Any CPU
		{62DF08E9-B3A4-4109-AC30-8A957557BD27}.Debug|Any CPU.Build.0 = Debug|Any CPU
		{62DF08E9-B3A4-4109-AC30-8A957557BD27}.Release|Any CPU.ActiveCfg = Release|Any CPU
		{62DF08E9-B3A4-4109-AC30-8A957557BD27}.Release|Any CPU.Build.0 = Release|Any CPU
		{91517EE9-5850-4B60-A7C6-1BF4B40EFFCE}.Debug|Any CPU.ActiveCfg = Debug|Any CPU
		{91517EE9-5850-4B60-A7C6-1BF4B40EFFCE}.Debug|Any CPU.Build.0 = Debug|Any CPU
		{91517EE9-5850-4B60-A7C6-1BF4B40EFFCE}.Release|Any CPU.ActiveCfg = Release|Any CPU
		{91517EE9-5850-4B60-A7C6-1BF4B40EFFCE}.Release|Any CPU.Build.0 = Release|Any CPU
		{DA5FAABB-EC4F-4E62-850E-FDF1A46D2231}.Debug|Any CPU.ActiveCfg = Debug|Any CPU
		{DA5FAABB-EC4F-4E62-850E-FDF1A46D2231}.Debug|Any CPU.Build.0 = Debug|Any CPU
		{DA5FAABB-EC4F-4E62-850E-FDF1A46D2231}.Release|Any CPU.ActiveCfg = Release|Any CPU
		{DA5FAABB-EC4F-4E62-850E-FDF1A46D2231}.Release|Any CPU.Build.0 = Release|Any CPU
		{753D25F2-F1FA-468F-A25E-D212B3D3B245}.Debug|Any CPU.ActiveCfg = Debug|Any CPU
		{753D25F2-F1FA-468F-A25E-D212B3D3B245}.Debug|Any CPU.Build.0 = Debug|Any CPU
		{753D25F2-F1FA-468F-A25E-D212B3D3B245}.Release|Any CPU.ActiveCfg = Release|Any CPU
		{753D25F2-F1FA-468F-A25E-D212B3D3B245}.Release|Any CPU.Build.0 = Release|Any CPU
		{3248BB3A-F973-4769-82D8-7594230AF48D}.Debug|Any CPU.ActiveCfg = Debug|Any CPU
		{3248BB3A-F973-4769-82D8-7594230AF48D}.Debug|Any CPU.Build.0 = Debug|Any CPU
		{3248BB3A-F973-4769-82D8-7594230AF48D}.Release|Any CPU.ActiveCfg = Release|Any CPU
		{3248BB3A-F973-4769-82D8-7594230AF48D}.Release|Any CPU.Build.0 = Release|Any CPU
		{0A1DA60F-00DE-42EF-9D3D-CCAA9F78C73A}.Debug|Any CPU.ActiveCfg = Debug|Any CPU
		{0A1DA60F-00DE-42EF-9D3D-CCAA9F78C73A}.Debug|Any CPU.Build.0 = Debug|Any CPU
		{0A1DA60F-00DE-42EF-9D3D-CCAA9F78C73A}.Release|Any CPU.ActiveCfg = Release|Any CPU
		{0A1DA60F-00DE-42EF-9D3D-CCAA9F78C73A}.Release|Any CPU.Build.0 = Release|Any CPU
	EndGlobalSection
	GlobalSection(SolutionProperties) = preSolution
		HideSolutionNode = FALSE
	EndGlobalSection
	GlobalSection(NestedProjects) = preSolution
		{45C30FF9-A914-4F72-BA16-83426B9BF00B} = {BABBA38E-79E5-42C0-AEF8-398830A39430}
		{09287579-C1E5-449B-8AB0-8D77487CFAF7} = {00E11D03-AC7D-41C4-B911-1AA85A2DD4A3}
		{C73B0BB3-05D7-4A07-89C3-FD9F3A2041B3} = {00E11D03-AC7D-41C4-B911-1AA85A2DD4A3}
		{FD3071C5-4D34-4291-9AD7-9A4934438692} = {09287579-C1E5-449B-8AB0-8D77487CFAF7}
		{62DF08E9-B3A4-4109-AC30-8A957557BD27} = {C73B0BB3-05D7-4A07-89C3-FD9F3A2041B3}
		{91517EE9-5850-4B60-A7C6-1BF4B40EFFCE} = {C73B0BB3-05D7-4A07-89C3-FD9F3A2041B3}
		{0A1DA60F-00DE-42EF-9D3D-CCAA9F78C73A} = {C73B0BB3-05D7-4A07-89C3-FD9F3A2041B3}
		{DA5FAABB-EC4F-4E62-850E-FDF1A46D2231} = {CFDC100A-27DF-429E-827D-DEE3C3622471}
		{753D25F2-F1FA-468F-A25E-D212B3D3B245} = {CFDC100A-27DF-429E-827D-DEE3C3622471}
		{3248BB3A-F973-4769-82D8-7594230AF48D} = {CFDC100A-27DF-429E-827D-DEE3C3622471}
		{47F03928-3A8B-4319-A810-7F40DBCEEBB8} = {A222D428-AE00-4717-B4C6-A134162B1236}
	EndGlobalSection
EndGlobal
