
Microsoft Visual Studio Solution File, Format Version 9.00
# Visual Studio 2005
Project("{FAE04EC0-301F-11D3-BF4B-00C04F79EFBC}") = "Core", "Core.csproj", "{907A5C3C-B130-4D1F-A9FC-6ECBD9160E92}"
EndProject
Global
	GlobalSection(SolutionConfigurationPlatforms) = preSolution
		Debug|Any CPU = Debug|Any CPU
		Release|Any CPU = Release|Any CPU
	EndGlobalSection
	GlobalSection(ProjectConfigurationPlatforms) = postSolution
		{907A5C3C-B130-4D1F-A9FC-6ECBD9160E92}.Debug|Any CPU.ActiveCfg = Debug|Any CPU
		{907A5C3C-B130-4D1F-A9FC-6ECBD9160E92}.Debug|Any CPU.Build.0 = Debug|Any CPU
		{907A5C3C-B130-4D1F-A9FC-6ECBD9160E92}.Release|Any CPU.ActiveCfg = Release|Any CPU
		{907A5C3C-B130-4D1F-A9FC-6ECBD9160E92}.Release|Any CPU.Build.0 = Release|Any CPU
	EndGlobalSection
	GlobalSection(SolutionProperties) = preSolution
		HideSolutionNode = FALSE
	EndGlobalSection
EndGlobal
