Microsoft Visual Studio Solution File, Format Version 8.00
Project("{8BC9CEB8-8B4A-11D0-8D11-00A0C91BC942}") = "mpts", "mpts.vcproj", "{3862E0F0-2B39-4B26-AE91-4F4DFB3175E2}"
	ProjectSection(ProjectDependencies) = postProject
	EndProjectSection
EndProject
Global
	GlobalSection(SolutionConfiguration) = preSolution
		Debug = Debug
		Release = Release
	EndGlobalSection
	GlobalSection(ProjectConfiguration) = postSolution
		{3862E0F0-2B39-4B26-AE91-4F4DFB3175E2}.Debug.ActiveCfg = Debug|Win32
		{3862E0F0-2B39-4B26-AE91-4F4DFB3175E2}.Debug.Build.0 = Debug|Win32
		{3862E0F0-2B39-4B26-AE91-4F4DFB3175E2}.Release.ActiveCfg = Release|Win32
		{3862E0F0-2B39-4B26-AE91-4F4DFB3175E2}.Release.Build.0 = Release|Win32
	EndGlobalSection
	GlobalSection(ExtensibilityGlobals) = postSolution
	EndGlobalSection
	GlobalSection(ExtensibilityAddIns) = postSolution
	EndGlobalSection
EndGlobal
