
Microsoft Visual Studio Solution File, Format Version 10.00
# Visual Studio 2008
Project("{8BC9CEB8-8B4A-11D0-8D11-00A0C91BC942}") = "Win7RefreshRateHelper", "Win7RefreshRateHelper.vcproj", "{CDE13610-062F-4DC8-B2BE-99EECA9AAA3E}"
EndProject
Global
	GlobalSection(SolutionConfigurationPlatforms) = preSolution
		Debug|Win32 = Debug|Win32
		Release|Win32 = Release|Win32
	EndGlobalSection
	GlobalSection(ProjectConfigurationPlatforms) = postSolution
		{CDE13610-062F-4DC8-B2BE-99EECA9AAA3E}.Debug|Win32.ActiveCfg = Debug|Win32
		{CDE13610-062F-4DC8-B2BE-99EECA9AAA3E}.Debug|Win32.Build.0 = Debug|Win32
		{CDE13610-062F-4DC8-B2BE-99EECA9AAA3E}.Release|Win32.ActiveCfg = Release|Win32
		{CDE13610-062F-4DC8-B2BE-99EECA9AAA3E}.Release|Win32.Build.0 = Release|Win32
	EndGlobalSection
	GlobalSection(SolutionProperties) = preSolution
		HideSolutionNode = FALSE
	EndGlobalSection
EndGlobal
