
Microsoft Visual Studio Solution File, Format Version 9.00
# Visual Studio 2005
Project("{FAE04EC0-301F-11D3-BF4B-00C04F79EFBC}") = "ProjectInfinity.Services", "ProjectInfinity.Services\ProjectInfinity.Services.csproj", "{4C45C46E-2ED2-4801-B3C3-FC2560E9FFE0}"
EndProject
Project("{FAE04EC0-301F-11D3-BF4B-00C04F79EFBC}") = "ProjectInfinity.Tests", "ProjectInfinity.Tests\ProjectInfinity.Tests.csproj", "{5063560E-9D12-4382-9887-F5E36D466003}"
EndProject
Project("{FAE04EC0-301F-11D3-BF4B-00C04F79EFBC}") = "ExtendedMusicPlayer", "ExtendedMusicPlayer\ExtendedMusicPlayer.csproj", "{7D7C667F-2839-429D-B45A-EA4CF0A244F2}"
EndProject
Project("{FAE04EC0-301F-11D3-BF4B-00C04F79EFBC}") = "ProjectInfinity.Utilities", "ProjectInfinity.Utilities\ProjectInfinity.Utilities.csproj", "{4FE7B8AE-1330-424A-91A1-C68D7ABF9CB8}"
EndProject
Project("{FAE04EC0-301F-11D3-BF4B-00C04F79EFBC}") = "ProjectInfinity", "ProjectInfinity\ProjectInfinity.csproj", "{DCCB83B5-A95B-4DF9-A734-92DC7566F207}"
	ProjectSection(ProjectDependencies) = postProject
		{82284525-5023-452C-89E3-A8765590AAEA} = {82284525-5023-452C-89E3-A8765590AAEA}
		{A52739F2-7E58-4451-BEE4-A4CEAB3123B5} = {A52739F2-7E58-4451-BEE4-A4CEAB3123B5}
		{BD89B7F8-8A0B-442C-8B44-50D478EF2D11} = {BD89B7F8-8A0B-442C-8B44-50D478EF2D11}
		{91517EE9-5850-4B60-A7C6-1BF4B40EFFCE} = {91517EE9-5850-4B60-A7C6-1BF4B40EFFCE}
		{62DF08E9-B3A4-4109-AC30-8A957557BD27} = {62DF08E9-B3A4-4109-AC30-8A957557BD27}
		{D30415D7-E1FC-4C3F-9667-E6301E1A2F6A} = {D30415D7-E1FC-4C3F-9667-E6301E1A2F6A}
		{DA5FAABB-EC4F-4E62-850E-FDF1A46D2231} = {DA5FAABB-EC4F-4E62-850E-FDF1A46D2231}
		{57F96D38-B30D-492B-91FB-61986586BD13} = {57F96D38-B30D-492B-91FB-61986586BD13}
		{1D845B9F-E067-4B29-AD0C-2E03965C7CCC} = {1D845B9F-E067-4B29-AD0C-2E03965C7CCC}
		{0A1DA60F-00DE-42EF-9D3D-CCAA9F78C73A} = {0A1DA60F-00DE-42EF-9D3D-CCAA9F78C73A}
		{FD3071C5-4D34-4291-9AD7-9A4934438692} = {FD3071C5-4D34-4291-9AD7-9A4934438692}
		{5A9B4F5E-5BF0-4190-8982-40B6A9D5AFE1} = {5A9B4F5E-5BF0-4190-8982-40B6A9D5AFE1}
		{452B2155-B622-4246-90C3-4900B8DB06D9} = {452B2155-B622-4246-90C3-4900B8DB06D9}
		{53207A4F-93D4-49B6-BB72-508D3CF0999D} = {53207A4F-93D4-49B6-BB72-508D3CF0999D}
		{EA5E414F-E7C5-40E0-B8DF-C73640637DBA} = {EA5E414F-E7C5-40E0-B8DF-C73640637DBA}
	EndProjectSection
EndProject
Project("{FAE04EC0-301F-11D3-BF4B-00C04F79EFBC}") = "TestPlugin", "TestPlugin\TestPlugin.csproj", "{EA5E414F-E7C5-40E0-B8DF-C73640637DBA}"
EndProject
Project("{FAE04EC0-301F-11D3-BF4B-00C04F79EFBC}") = "MyTv", "Plugins\mytv\MyTv\MyTv.csproj", "{BD89B7F8-8A0B-442C-8B44-50D478EF2D11}"
	ProjectSection(ProjectDependencies) = postProject
		{4C45C46E-2ED2-4801-B3C3-FC2560E9FFE0} = {4C45C46E-2ED2-4801-B3C3-FC2560E9FFE0}
		{4FE7B8AE-1330-424A-91A1-C68D7ABF9CB8} = {4FE7B8AE-1330-424A-91A1-C68D7ABF9CB8}
	EndProjectSection
EndProject
Project("{FAE04EC0-301F-11D3-BF4B-00C04F79EFBC}") = "ProjectInfinity.Controls", "ProjectInfinity.Controls\ProjectInfinity.Controls.csproj", "{D30415D7-E1FC-4C3F-9667-E6301E1A2F6A}"
EndProject
Project("{FAE04EC0-301F-11D3-BF4B-00C04F79EFBC}") = "ProjectInfinity.Core", "ProjectInfinity.Core\ProjectInfinity.Core.csproj", "{8EE03F5A-F21C-4B88-BED3-D4B25CFA0A5F}"
EndProject
Project("{FAE04EC0-301F-11D3-BF4B-00C04F79EFBC}") = "Dialogs", "Dialogs\Dialogs.csproj", "{82284525-5023-452C-89E3-A8765590AAEA}"
EndProject
Project("{FAE04EC0-301F-11D3-BF4B-00C04F79EFBC}") = "Keyboard", "Keyboard\Keyboard.csproj", "{452B2155-B622-4246-90C3-4900B8DB06D9}"
EndProject
Project("{FAE04EC0-301F-11D3-BF4B-00C04F79EFBC}") = "MediaLibrary", "MediaLibrary\MediaLibrary.Core\MediaLibrary.csproj", "{45C30FF9-A914-4F72-BA16-83426B9BF00B}"
EndProject
Project("{FAE04EC0-301F-11D3-BF4B-00C04F79EFBC}") = "MediaManager", "MediaLibrary\MediaLibrary.Tools\MediaManager\MediaManager.csproj", "{DA5FAABB-EC4F-4E62-850E-FDF1A46D2231}"
EndProject
Project("{FAE04EC0-301F-11D3-BF4B-00C04F79EFBC}") = "SQLite", "MediaLibrary\MediaLibrary.Plugins\SQLiteLibrary\SQLite.csproj", "{FD3071C5-4D34-4291-9AD7-9A4934438692}"
EndProject
Project("{FAE04EC0-301F-11D3-BF4B-00C04F79EFBC}") = "RegexImporter", "MediaLibrary\MediaLibrary.Plugins\RegexImporter\RegexImporter.csproj", "{0A1DA60F-00DE-42EF-9D3D-CCAA9F78C73A}"
EndProject
Project("{FAE04EC0-301F-11D3-BF4B-00C04F79EFBC}") = "AudioTagImporter", "MediaLibrary\MediaLibrary.Plugins\MusicTagImporter\AudioTagImporter.csproj", "{91517EE9-5850-4B60-A7C6-1BF4B40EFFCE}"
EndProject
Project("{FAE04EC0-301F-11D3-BF4B-00C04F79EFBC}") = "ImportTester", "MediaLibrary\MediaLibrary.Plugins\ImportTester\ImportTester.csproj", "{62DF08E9-B3A4-4109-AC30-8A957557BD27}"
EndProject
Project("{2150E333-8FDC-42A3-9474-1A3956D46DE8}") = "Plugins", "Plugins", "{31984FAD-5B8C-4273-ACB0-764B62403295}"
EndProject
Project("{FAE04EC0-301F-11D3-BF4B-00C04F79EFBC}") = "Menu", "Plugins\Menu\Menu.csproj", "{57F96D38-B30D-492B-91FB-61986586BD13}"
EndProject
Project("{FAE04EC0-301F-11D3-BF4B-00C04F79EFBC}") = "MyPictures", "Plugins\MyPictures\MyPictures.csproj", "{1D845B9F-E067-4B29-AD0C-2E03965C7CCC}"
EndProject
Project("{FAE04EC0-301F-11D3-BF4B-00C04F79EFBC}") = "MyVideos", "Plugins\MyVideos\MyVideos.csproj", "{53207A4F-93D4-49B6-BB72-508D3CF0999D}"
EndProject
Project("{FAE04EC0-301F-11D3-BF4B-00C04F79EFBC}") = "MyWeather", "Plugins\MyWeather\MyWeather.csproj", "{5A9B4F5E-5BF0-4190-8982-40B6A9D5AFE1}"
EndProject
Project("{FAE04EC0-301F-11D3-BF4B-00C04F79EFBC}") = "NowPlaying", "NowPlaying\NowPlaying.csproj", "{A52739F2-7E58-4451-BEE4-A4CEAB3123B5}"
EndProject
Global
	GlobalSection(SolutionConfigurationPlatforms) = preSolution
		Debug|Any CPU = Debug|Any CPU
		Release|Any CPU = Release|Any CPU
	EndGlobalSection
	GlobalSection(ProjectConfigurationPlatforms) = postSolution
		{4C45C46E-2ED2-4801-B3C3-FC2560E9FFE0}.Debug|Any CPU.ActiveCfg = Debug|Any CPU
		{4C45C46E-2ED2-4801-B3C3-FC2560E9FFE0}.Debug|Any CPU.Build.0 = Debug|Any CPU
		{4C45C46E-2ED2-4801-B3C3-FC2560E9FFE0}.Release|Any CPU.ActiveCfg = Release|Any CPU
		{4C45C46E-2ED2-4801-B3C3-FC2560E9FFE0}.Release|Any CPU.Build.0 = Release|Any CPU
		{5063560E-9D12-4382-9887-F5E36D466003}.Debug|Any CPU.ActiveCfg = Debug|Any CPU
		{5063560E-9D12-4382-9887-F5E36D466003}.Debug|Any CPU.Build.0 = Debug|Any CPU
		{5063560E-9D12-4382-9887-F5E36D466003}.Release|Any CPU.ActiveCfg = Release|Any CPU
		{7D7C667F-2839-429D-B45A-EA4CF0A244F2}.Debug|Any CPU.ActiveCfg = Debug|Any CPU
		{7D7C667F-2839-429D-B45A-EA4CF0A244F2}.Debug|Any CPU.Build.0 = Debug|Any CPU
		{7D7C667F-2839-429D-B45A-EA4CF0A244F2}.Release|Any CPU.ActiveCfg = Release|Any CPU
		{7D7C667F-2839-429D-B45A-EA4CF0A244F2}.Release|Any CPU.Build.0 = Release|Any CPU
		{4FE7B8AE-1330-424A-91A1-C68D7ABF9CB8}.Debug|Any CPU.ActiveCfg = Debug|Any CPU
		{4FE7B8AE-1330-424A-91A1-C68D7ABF9CB8}.Debug|Any CPU.Build.0 = Debug|Any CPU
		{4FE7B8AE-1330-424A-91A1-C68D7ABF9CB8}.Release|Any CPU.ActiveCfg = Release|Any CPU
		{4FE7B8AE-1330-424A-91A1-C68D7ABF9CB8}.Release|Any CPU.Build.0 = Release|Any CPU
		{DCCB83B5-A95B-4DF9-A734-92DC7566F207}.Debug|Any CPU.ActiveCfg = Debug|Any CPU
		{DCCB83B5-A95B-4DF9-A734-92DC7566F207}.Debug|Any CPU.Build.0 = Debug|Any CPU
		{DCCB83B5-A95B-4DF9-A734-92DC7566F207}.Release|Any CPU.ActiveCfg = Release|Any CPU
		{DCCB83B5-A95B-4DF9-A734-92DC7566F207}.Release|Any CPU.Build.0 = Release|Any CPU
		{EA5E414F-E7C5-40E0-B8DF-C73640637DBA}.Debug|Any CPU.ActiveCfg = Debug|Any CPU
		{EA5E414F-E7C5-40E0-B8DF-C73640637DBA}.Debug|Any CPU.Build.0 = Debug|Any CPU
		{EA5E414F-E7C5-40E0-B8DF-C73640637DBA}.Release|Any CPU.ActiveCfg = Release|Any CPU
		{EA5E414F-E7C5-40E0-B8DF-C73640637DBA}.Release|Any CPU.Build.0 = Release|Any CPU
		{BD89B7F8-8A0B-442C-8B44-50D478EF2D11}.Debug|Any CPU.ActiveCfg = Debug|Any CPU
		{BD89B7F8-8A0B-442C-8B44-50D478EF2D11}.Debug|Any CPU.Build.0 = Debug|Any CPU
		{BD89B7F8-8A0B-442C-8B44-50D478EF2D11}.Release|Any CPU.ActiveCfg = Release|Any CPU
		{BD89B7F8-8A0B-442C-8B44-50D478EF2D11}.Release|Any CPU.Build.0 = Release|Any CPU
		{D30415D7-E1FC-4C3F-9667-E6301E1A2F6A}.Debug|Any CPU.ActiveCfg = Debug|Any CPU
		{D30415D7-E1FC-4C3F-9667-E6301E1A2F6A}.Debug|Any CPU.Build.0 = Debug|Any CPU
		{D30415D7-E1FC-4C3F-9667-E6301E1A2F6A}.Release|Any CPU.ActiveCfg = Release|Any CPU
		{D30415D7-E1FC-4C3F-9667-E6301E1A2F6A}.Release|Any CPU.Build.0 = Release|Any CPU
		{8EE03F5A-F21C-4B88-BED3-D4B25CFA0A5F}.Debug|Any CPU.ActiveCfg = Debug|Any CPU
		{8EE03F5A-F21C-4B88-BED3-D4B25CFA0A5F}.Debug|Any CPU.Build.0 = Debug|Any CPU
		{8EE03F5A-F21C-4B88-BED3-D4B25CFA0A5F}.Release|Any CPU.ActiveCfg = Release|Any CPU
		{8EE03F5A-F21C-4B88-BED3-D4B25CFA0A5F}.Release|Any CPU.Build.0 = Release|Any CPU
		{82284525-5023-452C-89E3-A8765590AAEA}.Debug|Any CPU.ActiveCfg = Debug|Any CPU
		{82284525-5023-452C-89E3-A8765590AAEA}.Debug|Any CPU.Build.0 = Debug|Any CPU
		{82284525-5023-452C-89E3-A8765590AAEA}.Release|Any CPU.ActiveCfg = Release|Any CPU
		{82284525-5023-452C-89E3-A8765590AAEA}.Release|Any CPU.Build.0 = Release|Any CPU
		{452B2155-B622-4246-90C3-4900B8DB06D9}.Debug|Any CPU.ActiveCfg = Debug|Any CPU
		{452B2155-B622-4246-90C3-4900B8DB06D9}.Debug|Any CPU.Build.0 = Debug|Any CPU
		{452B2155-B622-4246-90C3-4900B8DB06D9}.Release|Any CPU.ActiveCfg = Release|Any CPU
		{452B2155-B622-4246-90C3-4900B8DB06D9}.Release|Any CPU.Build.0 = Release|Any CPU
		{45C30FF9-A914-4F72-BA16-83426B9BF00B}.Debug|Any CPU.ActiveCfg = Debug|Any CPU
		{45C30FF9-A914-4F72-BA16-83426B9BF00B}.Debug|Any CPU.Build.0 = Debug|Any CPU
		{45C30FF9-A914-4F72-BA16-83426B9BF00B}.Release|Any CPU.ActiveCfg = Release|Any CPU
		{45C30FF9-A914-4F72-BA16-83426B9BF00B}.Release|Any CPU.Build.0 = Release|Any CPU
		{DA5FAABB-EC4F-4E62-850E-FDF1A46D2231}.Debug|Any CPU.ActiveCfg = Debug|Any CPU
		{DA5FAABB-EC4F-4E62-850E-FDF1A46D2231}.Debug|Any CPU.Build.0 = Debug|Any CPU
		{DA5FAABB-EC4F-4E62-850E-FDF1A46D2231}.Release|Any CPU.ActiveCfg = Release|Any CPU
		{DA5FAABB-EC4F-4E62-850E-FDF1A46D2231}.Release|Any CPU.Build.0 = Release|Any CPU
		{FD3071C5-4D34-4291-9AD7-9A4934438692}.Debug|Any CPU.ActiveCfg = Debug|Any CPU
		{FD3071C5-4D34-4291-9AD7-9A4934438692}.Debug|Any CPU.Build.0 = Debug|Any CPU
		{FD3071C5-4D34-4291-9AD7-9A4934438692}.Release|Any CPU.ActiveCfg = Release|Any CPU
		{FD3071C5-4D34-4291-9AD7-9A4934438692}.Release|Any CPU.Build.0 = Release|Any CPU
		{0A1DA60F-00DE-42EF-9D3D-CCAA9F78C73A}.Debug|Any CPU.ActiveCfg = Debug|Any CPU
		{0A1DA60F-00DE-42EF-9D3D-CCAA9F78C73A}.Debug|Any CPU.Build.0 = Debug|Any CPU
		{0A1DA60F-00DE-42EF-9D3D-CCAA9F78C73A}.Release|Any CPU.ActiveCfg = Release|Any CPU
		{0A1DA60F-00DE-42EF-9D3D-CCAA9F78C73A}.Release|Any CPU.Build.0 = Release|Any CPU
		{91517EE9-5850-4B60-A7C6-1BF4B40EFFCE}.Debug|Any CPU.ActiveCfg = Debug|Any CPU
		{91517EE9-5850-4B60-A7C6-1BF4B40EFFCE}.Debug|Any CPU.Build.0 = Debug|Any CPU
		{91517EE9-5850-4B60-A7C6-1BF4B40EFFCE}.Release|Any CPU.ActiveCfg = Release|Any CPU
		{91517EE9-5850-4B60-A7C6-1BF4B40EFFCE}.Release|Any CPU.Build.0 = Release|Any CPU
		{62DF08E9-B3A4-4109-AC30-8A957557BD27}.Debug|Any CPU.ActiveCfg = Debug|Any CPU
		{62DF08E9-B3A4-4109-AC30-8A957557BD27}.Debug|Any CPU.Build.0 = Debug|Any CPU
		{62DF08E9-B3A4-4109-AC30-8A957557BD27}.Release|Any CPU.ActiveCfg = Release|Any CPU
		{62DF08E9-B3A4-4109-AC30-8A957557BD27}.Release|Any CPU.Build.0 = Release|Any CPU
		{57F96D38-B30D-492B-91FB-61986586BD13}.Debug|Any CPU.ActiveCfg = Debug|Any CPU
		{57F96D38-B30D-492B-91FB-61986586BD13}.Debug|Any CPU.Build.0 = Debug|Any CPU
		{57F96D38-B30D-492B-91FB-61986586BD13}.Release|Any CPU.ActiveCfg = Release|Any CPU
		{57F96D38-B30D-492B-91FB-61986586BD13}.Release|Any CPU.Build.0 = Release|Any CPU
		{1D845B9F-E067-4B29-AD0C-2E03965C7CCC}.Debug|Any CPU.ActiveCfg = Debug|Any CPU
		{1D845B9F-E067-4B29-AD0C-2E03965C7CCC}.Debug|Any CPU.Build.0 = Debug|Any CPU
		{1D845B9F-E067-4B29-AD0C-2E03965C7CCC}.Release|Any CPU.ActiveCfg = Release|Any CPU
		{1D845B9F-E067-4B29-AD0C-2E03965C7CCC}.Release|Any CPU.Build.0 = Release|Any CPU
		{53207A4F-93D4-49B6-BB72-508D3CF0999D}.Debug|Any CPU.ActiveCfg = Debug|Any CPU
		{53207A4F-93D4-49B6-BB72-508D3CF0999D}.Debug|Any CPU.Build.0 = Debug|Any CPU
		{53207A4F-93D4-49B6-BB72-508D3CF0999D}.Release|Any CPU.ActiveCfg = Release|Any CPU
		{53207A4F-93D4-49B6-BB72-508D3CF0999D}.Release|Any CPU.Build.0 = Release|Any CPU
		{5A9B4F5E-5BF0-4190-8982-40B6A9D5AFE1}.Debug|Any CPU.ActiveCfg = Debug|Any CPU
		{5A9B4F5E-5BF0-4190-8982-40B6A9D5AFE1}.Debug|Any CPU.Build.0 = Debug|Any CPU
		{5A9B4F5E-5BF0-4190-8982-40B6A9D5AFE1}.Release|Any CPU.ActiveCfg = Release|Any CPU
		{5A9B4F5E-5BF0-4190-8982-40B6A9D5AFE1}.Release|Any CPU.Build.0 = Release|Any CPU
		{A52739F2-7E58-4451-BEE4-A4CEAB3123B5}.Debug|Any CPU.ActiveCfg = Debug|Any CPU
		{A52739F2-7E58-4451-BEE4-A4CEAB3123B5}.Debug|Any CPU.Build.0 = Debug|Any CPU
		{A52739F2-7E58-4451-BEE4-A4CEAB3123B5}.Release|Any CPU.ActiveCfg = Release|Any CPU
		{A52739F2-7E58-4451-BEE4-A4CEAB3123B5}.Release|Any CPU.Build.0 = Release|Any CPU
	EndGlobalSection
	GlobalSection(SolutionProperties) = preSolution
		HideSolutionNode = FALSE
	EndGlobalSection
	GlobalSection(NestedProjects) = preSolution
		{BD89B7F8-8A0B-442C-8B44-50D478EF2D11} = {31984FAD-5B8C-4273-ACB0-764B62403295}
		{57F96D38-B30D-492B-91FB-61986586BD13} = {31984FAD-5B8C-4273-ACB0-764B62403295}
		{1D845B9F-E067-4B29-AD0C-2E03965C7CCC} = {31984FAD-5B8C-4273-ACB0-764B62403295}
		{53207A4F-93D4-49B6-BB72-508D3CF0999D} = {31984FAD-5B8C-4273-ACB0-764B62403295}
		{5A9B4F5E-5BF0-4190-8982-40B6A9D5AFE1} = {31984FAD-5B8C-4273-ACB0-764B62403295}
		{A52739F2-7E58-4451-BEE4-A4CEAB3123B5} = {31984FAD-5B8C-4273-ACB0-764B62403295}
	EndGlobalSection
EndGlobal
