
Microsoft Visual Studio Solution File, Format Version 12.00
# Visual Studio Version 16
VisualStudioVersion = 16.0.37206.5
MinimumVisualStudioVersion = 10.0.40219.1
Project("{FAE04EC0-301F-11D3-BF4B-00C04F79EFBC}") = "SetRights", "SetRights.csproj", "{6A781CE2-88A3-49E5-A8F3-97862A2828D3}"
EndProject
Global
	GlobalSection(SolutionConfigurationPlatforms) = preSolution
		Debug|Any CPU = Debug|Any CPU
		Release|Any CPU = Release|Any CPU
	EndGlobalSection
	GlobalSection(ProjectConfigurationPlatforms) = postSolution
		{6A781CE2-88A3-49E5-A8F3-97862A2828D3}.Debug|Any CPU.ActiveCfg = Debug|Any CPU
		{6A781CE2-88A3-49E5-A8F3-97862A2828D3}.Debug|Any CPU.Build.0 = Debug|Any CPU
		{6A781CE2-88A3-49E5-A8F3-97862A2828D3}.Release|Any CPU.ActiveCfg = Release|Any CPU
		{6A781CE2-88A3-49E5-A8F3-97862A2828D3}.Release|Any CPU.Build.0 = Release|Any CPU
	EndGlobalSection
	GlobalSection(SolutionProperties) = preSolution
		HideSolutionNode = FALSE
	EndGlobalSection
	GlobalSection(ExtensibilityGlobals) = postSolution
		SolutionGuid = {65A97016-E92F-4FF7-B83A-E68E60D07988}
	EndGlobalSection
EndGlobal
