
Microsoft Visual Studio Solution File, Format Version 9.00
# Visual Studio 2005
Project("{FAE04EC0-301F-11D3-BF4B-00C04F79EFBC}") = "ServerBlaster", "ServerBlaster\ServerBlaster.csproj", "{CD395FC2-70E2-42C4-8A20-5469A0C5EB50}"
EndProject
Project("{FAE04EC0-301F-11D3-BF4B-00C04F79EFBC}") = "Blaster (Learn)", "ServerBlaster (Learn)\Blaster (Learn).csproj", "{5552136B-6122-47EE-A218-6311974AA569}"
EndProject
Global
	GlobalSection(SolutionConfigurationPlatforms) = preSolution
		Debug|Any CPU = Debug|Any CPU
		Release|Any CPU = Release|Any CPU
	EndGlobalSection
	GlobalSection(ProjectConfigurationPlatforms) = postSolution
		{CD395FC2-70E2-42C4-8A20-5469A0C5EB50}.Debug|Any CPU.ActiveCfg = Debug|Any CPU
		{CD395FC2-70E2-42C4-8A20-5469A0C5EB50}.Debug|Any CPU.Build.0 = Debug|Any CPU
		{CD395FC2-70E2-42C4-8A20-5469A0C5EB50}.Release|Any CPU.ActiveCfg = Release|Any CPU
		{CD395FC2-70E2-42C4-8A20-5469A0C5EB50}.Release|Any CPU.Build.0 = Release|Any CPU
		{5552136B-6122-47EE-A218-6311974AA569}.Debug|Any CPU.ActiveCfg = Debug|Any CPU
		{5552136B-6122-47EE-A218-6311974AA569}.Debug|Any CPU.Build.0 = Debug|Any CPU
		{5552136B-6122-47EE-A218-6311974AA569}.Release|Any CPU.ActiveCfg = Release|Any CPU
		{5552136B-6122-47EE-A218-6311974AA569}.Release|Any CPU.Build.0 = Release|Any CPU
	EndGlobalSection
	GlobalSection(SolutionProperties) = preSolution
		HideSolutionNode = FALSE
	EndGlobalSection
EndGlobal
