
Microsoft Visual Studio Solution File, Format Version 9.00
# Visual Studio 2005
Project("{FAE04EC0-301F-11D3-BF4B-00C04F79EFBC}") = "ClientPlugin", "ClientPlugin.csproj", "{CC77F438-DBD3-4D9C-80B1-C86BA50CF635}"
EndProject
Project("{FAE04EC0-301F-11D3-BF4B-00C04F79EFBC}") = "PowerScheduler.Interfaces", "..\PowerScheduler.Interfaces\PowerScheduler.Interfaces.csproj", "{7701AA79-18D4-4A18-BB52-16774FB7943D}"
EndProject
Project("{FAE04EC0-301F-11D3-BF4B-00C04F79EFBC}") = "TvControl", "..\..\..\TvControl\TvControl.csproj", "{0DB878C6-1B68-4DC5-B6EF-564B7C08486F}"
EndProject
Project("{54435603-DBB4-11D2-8724-00A0C9A8B90C}") = "Setup", "Setup\Setup.vdproj", "{8A1C6873-A152-44B4-AA30-00427E3ACA94}"
EndProject
Global
	GlobalSection(SolutionConfigurationPlatforms) = preSolution
		Debug|Any CPU = Debug|Any CPU
		Release|Any CPU = Release|Any CPU
	EndGlobalSection
	GlobalSection(ProjectConfigurationPlatforms) = postSolution
		{CC77F438-DBD3-4D9C-80B1-C86BA50CF635}.Debug|Any CPU.ActiveCfg = Debug|Any CPU
		{CC77F438-DBD3-4D9C-80B1-C86BA50CF635}.Debug|Any CPU.Build.0 = Debug|Any CPU
		{CC77F438-DBD3-4D9C-80B1-C86BA50CF635}.Release|Any CPU.ActiveCfg = Release|Any CPU
		{CC77F438-DBD3-4D9C-80B1-C86BA50CF635}.Release|Any CPU.Build.0 = Release|Any CPU
		{7701AA79-18D4-4A18-BB52-16774FB7943D}.Debug|Any CPU.ActiveCfg = Debug|Any CPU
		{7701AA79-18D4-4A18-BB52-16774FB7943D}.Debug|Any CPU.Build.0 = Debug|Any CPU
		{7701AA79-18D4-4A18-BB52-16774FB7943D}.Release|Any CPU.ActiveCfg = Release|Any CPU
		{7701AA79-18D4-4A18-BB52-16774FB7943D}.Release|Any CPU.Build.0 = Release|Any CPU
		{0DB878C6-1B68-4DC5-B6EF-564B7C08486F}.Debug|Any CPU.ActiveCfg = Debug|Any CPU
		{0DB878C6-1B68-4DC5-B6EF-564B7C08486F}.Debug|Any CPU.Build.0 = Debug|Any CPU
		{0DB878C6-1B68-4DC5-B6EF-564B7C08486F}.Release|Any CPU.ActiveCfg = Release|Any CPU
		{0DB878C6-1B68-4DC5-B6EF-564B7C08486F}.Release|Any CPU.Build.0 = Release|Any CPU
		{8A1C6873-A152-44B4-AA30-00427E3ACA94}.Debug|Any CPU.ActiveCfg = Debug
		{8A1C6873-A152-44B4-AA30-00427E3ACA94}.Release|Any CPU.ActiveCfg = Release
	EndGlobalSection
	GlobalSection(SolutionProperties) = preSolution
		HideSolutionNode = FALSE
	EndGlobalSection
EndGlobal
