<?xml version="1.0" encoding="utf-8"?>
<Project ToolsVersion="4.0" xmlns="http://schemas.microsoft.com/developer/msbuild/2003">
  <ItemGroup>
    <Filter Include="Source Files">
      <UniqueIdentifier>{4FC737F1-C7A5-4376-A066-2A32D752A2FF}</UniqueIdentifier>
      <Extensions>cpp;c;cc;cxx;def;odl;idl;hpj;bat;asm;asmx</Extensions>
    </Filter>
    <Filter Include="Header Files">
      <UniqueIdentifier>{93995380-89BD-4b04-88EB-625FBE52EBFB}</UniqueIdentifier>
      <Extensions>h;hpp;hxx;hm;inl;inc;xsd</Extensions>
    </Filter>
    <Filter Include="Resource Files">
      <UniqueIdentifier>{67DA6AB6-F800-4c08-8B7A-83BB121AAD01}</UniqueIdentifier>
      <Extensions>rc;ico;cur;bmp;dlg;rc2;rct;bin;rgs;gif;jpg;jpeg;jpe;resx;tiff;tif;png;wav;mfcribbon-ms</Extensions>
    </Filter>
  </ItemGroup>
  <ItemGroup>
    <ClInclude Include="stdafx.h">
      <Filter>Header Files</Filter>
    </ClInclude>
    <ClInclude Include="targetver.h">
      <Filter>Header Files</Filter>
    </ClInclude>
    <ClInclude Include="SocketContext.h">
      <Filter>Header Files</Filter>
    </ClInclude>
    <ClInclude Include="TcpServer.h">
      <Filter>Header Files</Filter>
    </ClInclude>
    <ClInclude Include="Dns.h">
      <Filter>Header Files</Filter>
    </ClInclude>
    <ClInclude Include="IpAddress.h">
      <Filter>Header Files</Filter>
    </ClInclude>
    <ClInclude Include="IpAddressCollection.h">
      <Filter>Header Files</Filter>
    </ClInclude>
    <ClInclude Include="NetworkInterface.h">
      <Filter>Header Files</Filter>
    </ClInclude>
    <ClInclude Include="NetworkInterfaceCollection.h">
      <Filter>Header Files</Filter>
    </ClInclude>
    <ClInclude Include="SocketContextCollection.h">
      <Filter>Header Files</Filter>
    </ClInclude>
    <ClInclude Include="UdpServer.h">
      <Filter>Header Files</Filter>
    </ClInclude>
    <ClInclude Include="TcpSocketContext.h">
      <Filter>Header Files</Filter>
    </ClInclude>
    <ClInclude Include="UdpSocketContext.h">
      <Filter>Header Files</Filter>
    </ClInclude>
    <ClInclude Include="SimpleServer.h">
      <Filter>Header Files</Filter>
    </ClInclude>
    <ClInclude Include="MulticastUdpServer.h">
      <Filter>Header Files</Filter>
    </ClInclude>
    <ClInclude Include="MulticastUdpSocketContext.h">
      <Filter>Header Files</Filter>
    </ClInclude>
  </ItemGroup>
  <ItemGroup>
    <ClCompile Include="stdafx.cpp">
      <Filter>Source Files</Filter>
    </ClCompile>
    <ClCompile Include="SocketContext.cpp">
      <Filter>Source Files</Filter>
    </ClCompile>
    <ClCompile Include="TcpServer.cpp">
      <Filter>Source Files</Filter>
    </ClCompile>
    <ClCompile Include="Dns.cpp">
      <Filter>Source Files</Filter>
    </ClCompile>
    <ClCompile Include="IpAddress.cpp">
      <Filter>Source Files</Filter>
    </ClCompile>
    <ClCompile Include="IpAddressCollection.cpp">
      <Filter>Source Files</Filter>
    </ClCompile>
    <ClCompile Include="NetworkInterface.cpp">
      <Filter>Source Files</Filter>
    </ClCompile>
    <ClCompile Include="NetworkInterfaceCollection.cpp">
      <Filter>Source Files</Filter>
    </ClCompile>
    <ClCompile Include="SocketContextCollection.cpp">
      <Filter>Source Files</Filter>
    </ClCompile>
    <ClCompile Include="UdpServer.cpp">
      <Filter>Source Files</Filter>
    </ClCompile>
    <ClCompile Include="TcpSocketContext.cpp">
      <Filter>Source Files</Filter>
    </ClCompile>
    <ClCompile Include="UdpSocketContext.cpp">
      <Filter>Source Files</Filter>
    </ClCompile>
    <ClCompile Include="SimpleServer.cpp">
      <Filter>Source Files</Filter>
    </ClCompile>
    <ClCompile Include="MulticastUdpServer.cpp">
      <Filter>Source Files</Filter>
    </ClCompile>
    <ClCompile Include="MulticastUdpSocketContext.cpp">
      <Filter>Source Files</Filter>
    </ClCompile>
  </ItemGroup>
</Project>