Microsoft Visual Studio Solution File, Format Version 12.00
# Visual Studio 14
VisualStudioVersion = 14.0.25420.1
MinimumVisualStudioVersion = 10.0.40219.1
Project("{8BC9CEB8-8B4A-11D0-8D11-00A0C91BC942}") = "DvbCoreUtils", "DvbCoreUtils\DvbCoreUtils.vcxproj", "{4B134B4C-4EF6-4647-9CEA-A59FF0013357}"
EndProject
Project("{8BC9CEB8-8B4A-11D0-8D11-00A0C91BC942}") = "TsWriter", "TsWriter\MPTSWriter.vcxproj", "{FCF30D16-2C9E-4429-B605-4ACA43023E71}"
	ProjectSection(ProjectDependencies) = postProject
		{E8A3F6FA-AE1C-4C8E-A0B6-9C8480324EAA} = {E8A3F6FA-AE1C-4C8E-A0B6-9C8480324EAA}
	EndProjectSection
EndProject
Project("{8BC9CEB8-8B4A-11D0-8D11-00A0C91BC942}") = "TsReader", "TsReader\TsReader.vcxproj", "{79B3DC38-9D2C-4D9E-98F8-A610260B46A9}"
	ProjectSection(ProjectDependencies) = postProject
		{E8A3F6FA-AE1C-4C8E-A0B6-9C8480324EAA} = {E8A3F6FA-AE1C-4C8E-A0B6-9C8480324EAA}
	EndProjectSection
EndProject
Project("{8BC9CEB8-8B4A-11D0-8D11-00A0C91BC942}") = "StreamingServer", "StreamingServer\StreamingServer.vcxproj", "{EACCF7EE-35F6-4A62-8C4A-64E1B0FF5A56}"
	ProjectSection(ProjectDependencies) = postProject
		{E8A3F6FA-AE1C-4C8E-A0B6-9C8480324EAA} = {E8A3F6FA-AE1C-4C8E-A0B6-9C8480324EAA}
	EndProjectSection
EndProject
Project("{8BC9CEB8-8B4A-11D0-8D11-00A0C91BC942}") = "LiveMedia555", "LiveMedia555\LiveMedia555.vcxproj", "{3C398BD4-5714-4802-AB86-D43ADD15B3C0}"
	ProjectSection(ProjectDependencies) = postProject
		{E8A3F6FA-AE1C-4C8E-A0B6-9C8480324EAA} = {E8A3F6FA-AE1C-4C8E-A0B6-9C8480324EAA}
	EndProjectSection
EndProject
Project("{8BC9CEB8-8B4A-11D0-8D11-00A0C91BC942}") = "TsMuxer", "TsMuxer\TsMuxer.vcxproj", "{8AC0B595-EB93-4CBE-BEC7-E4A3D65DF3A6}"
	ProjectSection(ProjectDependencies) = postProject
		{E8A3F6FA-AE1C-4C8E-A0B6-9C8480324EAA} = {E8A3F6FA-AE1C-4C8E-A0B6-9C8480324EAA}
	EndProjectSection
EndProject
Project("{2150E333-8FDC-42A3-9474-1A3956D46DE8}") = "MPIPTVSource", "MPIPTVSource", "{A91D605E-75D6-4F0D-B40A-EF17156A4EE9}"
EndProject
Project("{8BC9CEB8-8B4A-11D0-8D11-00A0C91BC942}") = "MPIPTVSource", "MPIPTVSource\MPIPTVSource\MPIPTVSource.vcxproj", "{E127ECCB-8AAB-48C4-A4A3-0B9494911B86}"
	ProjectSection(ProjectDependencies) = postProject
		{E8A3F6FA-AE1C-4C8E-A0B6-9C8480324EAA} = {E8A3F6FA-AE1C-4C8E-A0B6-9C8480324EAA}
	EndProjectSection
EndProject
Project("{8BC9CEB8-8B4A-11D0-8D11-00A0C91BC942}") = "MPIPTV_FILE", "MPIPTVSource\MPIPTV_FILE\MPIPTV_FILE.vcxproj", "{222C4851-2D07-49D4-84B5-694BB94CDA90}"
	ProjectSection(ProjectDependencies) = postProject
		{E127ECCB-8AAB-48C4-A4A3-0B9494911B86} = {E127ECCB-8AAB-48C4-A4A3-0B9494911B86}
	EndProjectSection
EndProject
Project("{8BC9CEB8-8B4A-11D0-8D11-00A0C91BC942}") = "MPIPTV_HTTP", "MPIPTVSource\MPIPTV_HTTP\MPIPTV_HTTP.vcxproj", "{C8E30185-DF7B-4605-A8F6-D351CAD0A6CC}"
	ProjectSection(ProjectDependencies) = postProject
		{E127ECCB-8AAB-48C4-A4A3-0B9494911B86} = {E127ECCB-8AAB-48C4-A4A3-0B9494911B86}
	EndProjectSection
EndProject
Project("{8BC9CEB8-8B4A-11D0-8D11-00A0C91BC942}") = "MPIPTV_UDP", "MPIPTVSource\MPIPTV_UDP\MPIPTV_UDP.vcxproj", "{C61558C2-F32D-41F9-A48A-1029471B226D}"
	ProjectSection(ProjectDependencies) = postProject
		{E127ECCB-8AAB-48C4-A4A3-0B9494911B86} = {E127ECCB-8AAB-48C4-A4A3-0B9494911B86}
	EndProjectSection
EndProject
Project("{8BC9CEB8-8B4A-11D0-8D11-00A0C91BC942}") = "MPIPTV_RTP", "MPIPTVSource\MPIPTV_RTP\MPIPTV_RTP.vcxproj", "{9F04D2BF-9EAF-4A92-94D1-99A4F9E7CC75}"
	ProjectSection(ProjectDependencies) = postProject
		{C61558C2-F32D-41F9-A48A-1029471B226D} = {C61558C2-F32D-41F9-A48A-1029471B226D}
		{E127ECCB-8AAB-48C4-A4A3-0B9494911B86} = {E127ECCB-8AAB-48C4-A4A3-0B9494911B86}
	EndProjectSection
EndProject
Project("{8BC9CEB8-8B4A-11D0-8D11-00A0C91BC942}") = "MPIPTV_RTSP", "MPIPTVSource\MPIPTV_RTSP\MPIPTV_RTSP.vcxproj", "{EDC12665-3070-4EFD-81B9-C2E487DAE0EA}"
	ProjectSection(ProjectDependencies) = postProject
		{C61558C2-F32D-41F9-A48A-1029471B226D} = {C61558C2-F32D-41F9-A48A-1029471B226D}
		{E127ECCB-8AAB-48C4-A4A3-0B9494911B86} = {E127ECCB-8AAB-48C4-A4A3-0B9494911B86}
		{3C398BD4-5714-4802-AB86-D43ADD15B3C0} = {3C398BD4-5714-4802-AB86-D43ADD15B3C0}
	EndProjectSection
EndProject
Project("{8BC9CEB8-8B4A-11D0-8D11-00A0C91BC942}") = "BaseClasses", "baseclasses\BaseClasses.vcxproj", "{E8A3F6FA-AE1C-4C8E-A0B6-9C8480324EAA}"
EndProject
Global
	GlobalSection(SolutionConfigurationPlatforms) = preSolution
		Debug|Win32 = Debug|Win32
		Release|Win32 = Release|Win32
	EndGlobalSection
	GlobalSection(ProjectConfigurationPlatforms) = postSolution
		{4B134B4C-4EF6-4647-9CEA-A59FF0013357}.Debug|Win32.ActiveCfg = Debug|Win32
		{4B134B4C-4EF6-4647-9CEA-A59FF0013357}.Debug|Win32.Build.0 = Debug|Win32
		{4B134B4C-4EF6-4647-9CEA-A59FF0013357}.Release|Win32.ActiveCfg = Release|Win32
		{4B134B4C-4EF6-4647-9CEA-A59FF0013357}.Release|Win32.Build.0 = Release|Win32
		{FCF30D16-2C9E-4429-B605-4ACA43023E71}.Debug|Win32.ActiveCfg = Debug|Win32
		{FCF30D16-2C9E-4429-B605-4ACA43023E71}.Debug|Win32.Build.0 = Debug|Win32
		{FCF30D16-2C9E-4429-B605-4ACA43023E71}.Release|Win32.ActiveCfg = Release|Win32
		{FCF30D16-2C9E-4429-B605-4ACA43023E71}.Release|Win32.Build.0 = Release|Win32
		{79B3DC38-9D2C-4D9E-98F8-A610260B46A9}.Debug|Win32.ActiveCfg = Debug|Win32
		{79B3DC38-9D2C-4D9E-98F8-A610260B46A9}.Debug|Win32.Build.0 = Debug|Win32
		{79B3DC38-9D2C-4D9E-98F8-A610260B46A9}.Release|Win32.ActiveCfg = Release|Win32
		{79B3DC38-9D2C-4D9E-98F8-A610260B46A9}.Release|Win32.Build.0 = Release|Win32
		{EACCF7EE-35F6-4A62-8C4A-64E1B0FF5A56}.Debug|Win32.ActiveCfg = Debug|Win32
		{EACCF7EE-35F6-4A62-8C4A-64E1B0FF5A56}.Debug|Win32.Build.0 = Debug|Win32
		{EACCF7EE-35F6-4A62-8C4A-64E1B0FF5A56}.Release|Win32.ActiveCfg = Release|Win32
		{EACCF7EE-35F6-4A62-8C4A-64E1B0FF5A56}.Release|Win32.Build.0 = Release|Win32
		{3C398BD4-5714-4802-AB86-D43ADD15B3C0}.Debug|Win32.ActiveCfg = Debug|Win32
		{3C398BD4-5714-4802-AB86-D43ADD15B3C0}.Debug|Win32.Build.0 = Debug|Win32
		{3C398BD4-5714-4802-AB86-D43ADD15B3C0}.Release|Win32.ActiveCfg = Release|Win32
		{3C398BD4-5714-4802-AB86-D43ADD15B3C0}.Release|Win32.Build.0 = Release|Win32
		{8AC0B595-EB93-4CBE-BEC7-E4A3D65DF3A6}.Debug|Win32.ActiveCfg = Debug|Win32
		{8AC0B595-EB93-4CBE-BEC7-E4A3D65DF3A6}.Debug|Win32.Build.0 = Debug|Win32
		{8AC0B595-EB93-4CBE-BEC7-E4A3D65DF3A6}.Release|Win32.ActiveCfg = Release|Win32
		{8AC0B595-EB93-4CBE-BEC7-E4A3D65DF3A6}.Release|Win32.Build.0 = Release|Win32
		{E127ECCB-8AAB-48C4-A4A3-0B9494911B86}.Debug|Win32.ActiveCfg = Debug|Win32
		{E127ECCB-8AAB-48C4-A4A3-0B9494911B86}.Debug|Win32.Build.0 = Debug|Win32
		{E127ECCB-8AAB-48C4-A4A3-0B9494911B86}.Release|Win32.ActiveCfg = Release|Win32
		{E127ECCB-8AAB-48C4-A4A3-0B9494911B86}.Release|Win32.Build.0 = Release|Win32
		{222C4851-2D07-49D4-84B5-694BB94CDA90}.Debug|Win32.ActiveCfg = Debug|Win32
		{222C4851-2D07-49D4-84B5-694BB94CDA90}.Debug|Win32.Build.0 = Debug|Win32
		{222C4851-2D07-49D4-84B5-694BB94CDA90}.Release|Win32.ActiveCfg = Release|Win32
		{222C4851-2D07-49D4-84B5-694BB94CDA90}.Release|Win32.Build.0 = Release|Win32
		{C8E30185-DF7B-4605-A8F6-D351CAD0A6CC}.Debug|Win32.ActiveCfg = Debug|Win32
		{C8E30185-DF7B-4605-A8F6-D351CAD0A6CC}.Debug|Win32.Build.0 = Debug|Win32
		{C8E30185-DF7B-4605-A8F6-D351CAD0A6CC}.Release|Win32.ActiveCfg = Release|Win32
		{C8E30185-DF7B-4605-A8F6-D351CAD0A6CC}.Release|Win32.Build.0 = Release|Win32
		{C61558C2-F32D-41F9-A48A-1029471B226D}.Debug|Win32.ActiveCfg = Debug|Win32
		{C61558C2-F32D-41F9-A48A-1029471B226D}.Debug|Win32.Build.0 = Debug|Win32
		{C61558C2-F32D-41F9-A48A-1029471B226D}.Release|Win32.ActiveCfg = Release|Win32
		{C61558C2-F32D-41F9-A48A-1029471B226D}.Release|Win32.Build.0 = Release|Win32
		{9F04D2BF-9EAF-4A92-94D1-99A4F9E7CC75}.Debug|Win32.ActiveCfg = Debug|Win32
		{9F04D2BF-9EAF-4A92-94D1-99A4F9E7CC75}.Debug|Win32.Build.0 = Debug|Win32
		{9F04D2BF-9EAF-4A92-94D1-99A4F9E7CC75}.Release|Win32.ActiveCfg = Release|Win32
		{9F04D2BF-9EAF-4A92-94D1-99A4F9E7CC75}.Release|Win32.Build.0 = Release|Win32
		{EDC12665-3070-4EFD-81B9-C2E487DAE0EA}.Debug|Win32.ActiveCfg = Debug|Win32
		{EDC12665-3070-4EFD-81B9-C2E487DAE0EA}.Debug|Win32.Build.0 = Debug|Win32
		{EDC12665-3070-4EFD-81B9-C2E487DAE0EA}.Release|Win32.ActiveCfg = Release|Win32
		{EDC12665-3070-4EFD-81B9-C2E487DAE0EA}.Release|Win32.Build.0 = Release|Win32
		{E8A3F6FA-AE1C-4C8E-A0B6-9C8480324EAA}.Debug|Win32.ActiveCfg = Debug|Win32
		{E8A3F6FA-AE1C-4C8E-A0B6-9C8480324EAA}.Debug|Win32.Build.0 = Debug|Win32
		{E8A3F6FA-AE1C-4C8E-A0B6-9C8480324EAA}.Release|Win32.ActiveCfg = Release|Win32
		{E8A3F6FA-AE1C-4C8E-A0B6-9C8480324EAA}.Release|Win32.Build.0 = Release|Win32
	EndGlobalSection
	GlobalSection(SolutionProperties) = preSolution
		HideSolutionNode = FALSE
	EndGlobalSection
	GlobalSection(NestedProjects) = preSolution
		{E127ECCB-8AAB-48C4-A4A3-0B9494911B86} = {A91D605E-75D6-4F0D-B40A-EF17156A4EE9}
		{222C4851-2D07-49D4-84B5-694BB94CDA90} = {A91D605E-75D6-4F0D-B40A-EF17156A4EE9}
		{C8E30185-DF7B-4605-A8F6-D351CAD0A6CC} = {A91D605E-75D6-4F0D-B40A-EF17156A4EE9}
		{C61558C2-F32D-41F9-A48A-1029471B226D} = {A91D605E-75D6-4F0D-B40A-EF17156A4EE9}
		{9F04D2BF-9EAF-4A92-94D1-99A4F9E7CC75} = {A91D605E-75D6-4F0D-B40A-EF17156A4EE9}
		{EDC12665-3070-4EFD-81B9-C2E487DAE0EA} = {A91D605E-75D6-4F0D-B40A-EF17156A4EE9}
	EndGlobalSection
	GlobalSection(SubversionScc) = preSolution
		Svn-Managed = True
		Manager = AnkhSVN - Subversion Support for Visual Studio
	EndGlobalSection
EndGlobal
