Microsoft Visual Studio Solution File, Format Version 11.00
# Visual Studio 2010
Project("{8BC9CEB8-8B4A-11D0-8D11-00A0C91BC942}") = "DvbCoreUtils", "DvbCoreUtils\DvbCoreUtils.vcxproj", "{4B134B4C-4EF6-4647-9CEA-A59FF0013357}"
EndProject
Project("{8BC9CEB8-8B4A-11D0-8D11-00A0C91BC942}") = "TsWriter", "TsWriter\MPTSWriter.vcxproj", "{FCF30D16-2C9E-4429-B605-4ACA43023E71}"
	ProjectSection(ProjectDependencies) = postProject
		{E8A3F6FA-AE1C-4C8E-A0B6-9C8480324EAA} = {E8A3F6FA-AE1C-4C8E-A0B6-9C8480324EAA}
	EndProjectSection
EndProject
Project("{8BC9CEB8-8B4A-11D0-8D11-00A0C91BC942}") = "TsReader", "TsReader\TsReader.vcxproj", "{79B3DC38-9D2C-4D9E-98F8-A610260B46A9}"
	ProjectSection(ProjectDependencies) = postProject
		{E8A3F6FA-AE1C-4C8E-A0B6-9C8480324EAA} = {E8A3F6FA-AE1C-4C8E-A0B6-9C8480324EAA}
	EndProjectSection
EndProject
Project("{8BC9CEB8-8B4A-11D0-8D11-00A0C91BC942}") = "StreamingServer", "StreamingServer\StreamingServer.vcxproj", "{EACCF7EE-35F6-4A62-8C4A-64E1B0FF5A56}"
	ProjectSection(ProjectDependencies) = postProject
		{E8A3F6FA-AE1C-4C8E-A0B6-9C8480324EAA} = {E8A3F6FA-AE1C-4C8E-A0B6-9C8480324EAA}
	EndProjectSection
EndProject
Project("{8BC9CEB8-8B4A-11D0-8D11-00A0C91BC942}") = "MPFileWriter", "MPWriter\MPWriter.vcxproj", "{4D369052-C13D-4013-91A7-688C86BC9652}"
	ProjectSection(ProjectDependencies) = postProject
		{E8A3F6FA-AE1C-4C8E-A0B6-9C8480324EAA} = {E8A3F6FA-AE1C-4C8E-A0B6-9C8480324EAA}
	EndProjectSection
EndProject
Project("{8BC9CEB8-8B4A-11D0-8D11-00A0C91BC942}") = "LiveMedia555", "LiveMedia555\LiveMedia555.vcxproj", "{3C398BD4-5714-4802-AB86-D43ADD15B3C0}"
	ProjectSection(ProjectDependencies) = postProject
		{E8A3F6FA-AE1C-4C8E-A0B6-9C8480324EAA} = {E8A3F6FA-AE1C-4C8E-A0B6-9C8480324EAA}
	EndProjectSection
EndProject
Project("{8BC9CEB8-8B4A-11D0-8D11-00A0C91BC942}") = "MPAudioSwitcher", "MPAudioswitcher\MPAudioSwitcher.vcxproj", "{D8DB3E7E-D50E-4EC3-A9B9-DAD18F5FE466}"
	ProjectSection(ProjectDependencies) = postProject
		{FC70988B-1AE5-4381-866D-4F405E28AC42} = {FC70988B-1AE5-4381-866D-4F405E28AC42}
		{E8A3F6FA-AE1C-4C8E-A0B6-9C8480324EAA} = {E8A3F6FA-AE1C-4C8E-A0B6-9C8480324EAA}
	EndProjectSection
EndProject
Project("{8BC9CEB8-8B4A-11D0-8D11-00A0C91BC942}") = "dvblib", "dvblib\dvblib.vcxproj", "{0DD8968F-A6F6-4365-9CC1-9CF87A76178B}"
	ProjectSection(ProjectDependencies) = postProject
		{E8A3F6FA-AE1C-4C8E-A0B6-9C8480324EAA} = {E8A3F6FA-AE1C-4C8E-A0B6-9C8480324EAA}
	EndProjectSection
EndProject
Project("{8BC9CEB8-8B4A-11D0-8D11-00A0C91BC942}") = "TsMuxer", "TsMuxer\TsMuxer.vcxproj", "{8AC0B595-EB93-4CBE-BEC7-E4A3D65DF3A6}"
	ProjectSection(ProjectDependencies) = postProject
		{E8A3F6FA-AE1C-4C8E-A0B6-9C8480324EAA} = {E8A3F6FA-AE1C-4C8E-A0B6-9C8480324EAA}
	EndProjectSection
EndProject
Project("{8BC9CEB8-8B4A-11D0-8D11-00A0C91BC942}") = "dxerr9", "DXErr9\dxerr9.vcxproj", "{1FC036DE-1148-45E1-ADD3-FE1B20B652A7}"
	ProjectSection(ProjectDependencies) = postProject
		{E8A3F6FA-AE1C-4C8E-A0B6-9C8480324EAA} = {E8A3F6FA-AE1C-4C8E-A0B6-9C8480324EAA}
	EndProjectSection
EndProject
Project("{2150E333-8FDC-42A3-9474-1A3956D46DE8}") = "MPIPTVSource", "MPIPTVSource", "{A91D605E-75D6-4F0D-B40A-EF17156A4EE9}"
EndProject
Project("{8BC9CEB8-8B4A-11D0-8D11-00A0C91BC942}") = "MPIPTVSource", "MPIPTVSource\MPIPTVSource\MPIPTVSource.vcxproj", "{E127ECCB-8AAB-48C4-A4A3-0B9494911B86}"
	ProjectSection(ProjectDependencies) = postProject
		{E8A3F6FA-AE1C-4C8E-A0B6-9C8480324EAA} = {E8A3F6FA-AE1C-4C8E-A0B6-9C8480324EAA}
	EndProjectSection
EndProject
Project("{8BC9CEB8-8B4A-11D0-8D11-00A0C91BC942}") = "MPIPTV_FILE", "MPIPTVSource\MPIPTV_FILE\MPIPTV_FILE.vcxproj", "{222C4851-2D07-49D4-84B5-694BB94CDA90}"
	ProjectSection(ProjectDependencies) = postProject
		{E127ECCB-8AAB-48C4-A4A3-0B9494911B86} = {E127ECCB-8AAB-48C4-A4A3-0B9494911B86}
	EndProjectSection
EndProject
Project("{8BC9CEB8-8B4A-11D0-8D11-00A0C91BC942}") = "MPIPTV_HTTP", "MPIPTVSource\MPIPTV_HTTP\MPIPTV_HTTP.vcxproj", "{C8E30185-DF7B-4605-A8F6-D351CAD0A6CC}"
	ProjectSection(ProjectDependencies) = postProject
		{E127ECCB-8AAB-48C4-A4A3-0B9494911B86} = {E127ECCB-8AAB-48C4-A4A3-0B9494911B86}
	EndProjectSection
EndProject
Project("{8BC9CEB8-8B4A-11D0-8D11-00A0C91BC942}") = "MPIPTV_UDP", "MPIPTVSource\MPIPTV_UDP\MPIPTV_UDP.vcxproj", "{C61558C2-F32D-41F9-A48A-1029471B226D}"
	ProjectSection(ProjectDependencies) = postProject
		{E127ECCB-8AAB-48C4-A4A3-0B9494911B86} = {E127ECCB-8AAB-48C4-A4A3-0B9494911B86}
	EndProjectSection
EndProject
Project("{8BC9CEB8-8B4A-11D0-8D11-00A0C91BC942}") = "MPIPTV_RTP", "MPIPTVSource\MPIPTV_RTP\MPIPTV_RTP.vcxproj", "{9F04D2BF-9EAF-4A92-94D1-99A4F9E7CC75}"
	ProjectSection(ProjectDependencies) = postProject
		{C61558C2-F32D-41F9-A48A-1029471B226D} = {C61558C2-F32D-41F9-A48A-1029471B226D}
		{E127ECCB-8AAB-48C4-A4A3-0B9494911B86} = {E127ECCB-8AAB-48C4-A4A3-0B9494911B86}
	EndProjectSection
EndProject
Project("{8BC9CEB8-8B4A-11D0-8D11-00A0C91BC942}") = "MPIPTV_RTSP", "MPIPTVSource\MPIPTV_RTSP\MPIPTV_RTSP.vcxproj", "{EDC12665-3070-4EFD-81B9-C2E487DAE0EA}"
	ProjectSection(ProjectDependencies) = postProject
		{C61558C2-F32D-41F9-A48A-1029471B226D} = {C61558C2-F32D-41F9-A48A-1029471B226D}
		{E127ECCB-8AAB-48C4-A4A3-0B9494911B86} = {E127ECCB-8AAB-48C4-A4A3-0B9494911B86}
		{3C398BD4-5714-4802-AB86-D43ADD15B3C0} = {3C398BD4-5714-4802-AB86-D43ADD15B3C0}
	EndProjectSection
EndProject
Project("{8BC9CEB8-8B4A-11D0-8D11-00A0C91BC942}") = "AudioRenderer", "MPAudioRenderer\AudioRenderer.vcxproj", "{D0620EF4-1313-40D5-9069-A82F6FE26994}"
	ProjectSection(ProjectDependencies) = postProject
		{E8A3F6FA-AE1C-4C8E-A0B6-9C8480324EAA} = {E8A3F6FA-AE1C-4C8E-A0B6-9C8480324EAA}
	EndProjectSection
EndProject
Project("{8BC9CEB8-8B4A-11D0-8D11-00A0C91BC942}") = "BDReader", "BDReader\BDReader.vcxproj", "{C0BE4419-A495-4933-9425-A79AF4FB30F6}"
	ProjectSection(ProjectDependencies) = postProject
		{E8A3F6FA-AE1C-4C8E-A0B6-9C8480324EAA} = {E8A3F6FA-AE1C-4C8E-A0B6-9C8480324EAA}
	EndProjectSection
EndProject
Project("{8BC9CEB8-8B4A-11D0-8D11-00A0C91BC942}") = "MP_DVB_Subtitle_3", "DVBSubtitle3\DVBSubtitle3.vcxproj", "{FEA1D3DB-F7BC-46F4-B1AE-F582548939CA}"
	ProjectSection(ProjectDependencies) = postProject
		{E8A3F6FA-AE1C-4C8E-A0B6-9C8480324EAA} = {E8A3F6FA-AE1C-4C8E-A0B6-9C8480324EAA}
	EndProjectSection
EndProject
Project("{8BC9CEB8-8B4A-11D0-8D11-00A0C91BC942}") = "BaseClasses", "baseclasses\BaseClasses.vcxproj", "{E8A3F6FA-AE1C-4C8E-A0B6-9C8480324EAA}"
EndProject
Project("{8BC9CEB8-8B4A-11D0-8D11-00A0C91BC942}") = "fontEngine", "fontEngine\fontEngine.vcxproj", "{C3CD9ACF-E025-465C-8B07-4F53CF33003F}"
EndProject
Project("{8BC9CEB8-8B4A-11D0-8D11-00A0C91BC942}") = "Win7RefreshRateHelper", "Win7RefreshRateHelper\Win7RefreshRateHelper.vcxproj", "{CDE13610-062F-4DC8-B2BE-99EECA9AAA3E}"
EndProject
Project("{8BC9CEB8-8B4A-11D0-8D11-00A0C91BC942}") = "DirectShowHelper", "DirectShowHelper\dshowhelper.vcxproj", "{7C2419B3-501B-4B10-B3D4-E81BEB16843F}"
	ProjectSection(ProjectDependencies) = postProject
		{E8A3F6FA-AE1C-4C8E-A0B6-9C8480324EAA} = {E8A3F6FA-AE1C-4C8E-A0B6-9C8480324EAA}
	EndProjectSection
EndProject
Project("{8BC9CEB8-8B4A-11D0-8D11-00A0C91BC942}") = "DXUtil", "DXUtil\DXUtil.vcxproj", "{CA480923-E8AD-4C82-B4A9-E932B9991170}"
EndProject
Project("{2150E333-8FDC-42A3-9474-1A3956D46DE8}") = "MPC-HC subtitle engine", "MPC-HC subtitle engine", "{06578191-1626-4FAB-96B0-8F1DE32F74A3}"
EndProject
Project("{8BC9CEB8-8B4A-11D0-8D11-00A0C91BC942}") = "subtitles", "mpc-hc_subs\src\subtitles\subtitles.vcxproj", "{5E56335F-0FB1-4EEA-B240-D8DC5E0608E4}"
	ProjectSection(ProjectDependencies) = postProject
		{E8A3F6FA-AE1C-4C8E-A0B6-9C8480324EAA} = {E8A3F6FA-AE1C-4C8E-A0B6-9C8480324EAA}
	EndProjectSection
EndProject
Project("{8BC9CEB8-8B4A-11D0-8D11-00A0C91BC942}") = "DSUtil", "mpc-hc_subs\src\dsutil\DSUtil.vcxproj", "{FC70988B-1AE5-4381-866D-4F405E28AC42}"
	ProjectSection(ProjectDependencies) = postProject
		{E8A3F6FA-AE1C-4C8E-A0B6-9C8480324EAA} = {E8A3F6FA-AE1C-4C8E-A0B6-9C8480324EAA}
	EndProjectSection
EndProject
Project("{8BC9CEB8-8B4A-11D0-8D11-00A0C91BC942}") = "subpic", "mpc-hc_subs\src\subpic\subpic.vcxproj", "{D514EA4D-EAFB-47A9-A437-A582CA571251}"
	ProjectSection(ProjectDependencies) = postProject
		{E8A3F6FA-AE1C-4C8E-A0B6-9C8480324EAA} = {E8A3F6FA-AE1C-4C8E-A0B6-9C8480324EAA}
	EndProjectSection
EndProject
Project("{8BC9CEB8-8B4A-11D0-8D11-00A0C91BC942}") = "mpcSubs", "mpc-hc_subs\src\mpc-hc_subs\mpc-hc_subs.vcxproj", "{CEE9D3EA-D6F9-49F1-9D36-0C3C0789AE97}"
	ProjectSection(ProjectDependencies) = postProject
		{C2082189-3ECB-4079-91FA-89D3C8A305C0} = {C2082189-3ECB-4079-91FA-89D3C8A305C0}
		{DA8461C4-7683-4360-9372-2A9E0F1795C2} = {DA8461C4-7683-4360-9372-2A9E0F1795C2}
	EndProjectSection
EndProject
Project("{8BC9CEB8-8B4A-11D0-8D11-00A0C91BC942}") = "system", "mpc-hc_subs\src\thirdparty\VirtualDub\system\system.vcxproj", "{C2082189-3ECB-4079-91FA-89D3C8A305C0}"
EndProject
Project("{8BC9CEB8-8B4A-11D0-8D11-00A0C91BC942}") = "libbluray", "..\libbluray\libbluray.vcxproj", "{E1DA1B95-71F1-4C21-A271-121176925062}"
	ProjectSection(ProjectDependencies) = postProject
		{E8A3F6FA-AE1C-4C8E-A0B6-9C8480324EAA} = {E8A3F6FA-AE1C-4C8E-A0B6-9C8480324EAA}
	EndProjectSection
EndProject
Project("{8BC9CEB8-8B4A-11D0-8D11-00A0C91BC942}") = "unrar", "mpc-hc_subs\src\thirdparty\unrar\unrar.vcxproj", "{DA8461C4-7683-4360-9372-2A9E0F1795C2}"
EndProject
Global
	GlobalSection(SolutionConfigurationPlatforms) = preSolution
		Debug|Win32 = Debug|Win32
		Release|Win32 = Release|Win32
	EndGlobalSection
	GlobalSection(ProjectConfigurationPlatforms) = postSolution
		{4B134B4C-4EF6-4647-9CEA-A59FF0013357}.Debug|Win32.ActiveCfg = Debug|Win32
		{4B134B4C-4EF6-4647-9CEA-A59FF0013357}.Debug|Win32.Build.0 = Debug|Win32
		{4B134B4C-4EF6-4647-9CEA-A59FF0013357}.Release|Win32.ActiveCfg = Release|Win32
		{4B134B4C-4EF6-4647-9CEA-A59FF0013357}.Release|Win32.Build.0 = Release|Win32
		{FCF30D16-2C9E-4429-B605-4ACA43023E71}.Debug|Win32.ActiveCfg = Debug|Win32
		{FCF30D16-2C9E-4429-B605-4ACA43023E71}.Debug|Win32.Build.0 = Debug|Win32
		{FCF30D16-2C9E-4429-B605-4ACA43023E71}.Release|Win32.ActiveCfg = Release|Win32
		{FCF30D16-2C9E-4429-B605-4ACA43023E71}.Release|Win32.Build.0 = Release|Win32
		{79B3DC38-9D2C-4D9E-98F8-A610260B46A9}.Debug|Win32.ActiveCfg = Debug|Win32
		{79B3DC38-9D2C-4D9E-98F8-A610260B46A9}.Debug|Win32.Build.0 = Debug|Win32
		{79B3DC38-9D2C-4D9E-98F8-A610260B46A9}.Release|Win32.ActiveCfg = Release|Win32
		{79B3DC38-9D2C-4D9E-98F8-A610260B46A9}.Release|Win32.Build.0 = Release|Win32
		{EACCF7EE-35F6-4A62-8C4A-64E1B0FF5A56}.Debug|Win32.ActiveCfg = Debug|Win32
		{EACCF7EE-35F6-4A62-8C4A-64E1B0FF5A56}.Debug|Win32.Build.0 = Debug|Win32
		{EACCF7EE-35F6-4A62-8C4A-64E1B0FF5A56}.Release|Win32.ActiveCfg = Release|Win32
		{EACCF7EE-35F6-4A62-8C4A-64E1B0FF5A56}.Release|Win32.Build.0 = Release|Win32
		{4D369052-C13D-4013-91A7-688C86BC9652}.Debug|Win32.ActiveCfg = Debug|Win32
		{4D369052-C13D-4013-91A7-688C86BC9652}.Debug|Win32.Build.0 = Debug|Win32
		{4D369052-C13D-4013-91A7-688C86BC9652}.Release|Win32.ActiveCfg = Release|Win32
		{4D369052-C13D-4013-91A7-688C86BC9652}.Release|Win32.Build.0 = Release|Win32
		{3C398BD4-5714-4802-AB86-D43ADD15B3C0}.Debug|Win32.ActiveCfg = Debug|Win32
		{3C398BD4-5714-4802-AB86-D43ADD15B3C0}.Debug|Win32.Build.0 = Debug|Win32
		{3C398BD4-5714-4802-AB86-D43ADD15B3C0}.Release|Win32.ActiveCfg = Release|Win32
		{3C398BD4-5714-4802-AB86-D43ADD15B3C0}.Release|Win32.Build.0 = Release|Win32
		{D8DB3E7E-D50E-4EC3-A9B9-DAD18F5FE466}.Debug|Win32.ActiveCfg = Debug|Win32
		{D8DB3E7E-D50E-4EC3-A9B9-DAD18F5FE466}.Debug|Win32.Build.0 = Debug|Win32
		{D8DB3E7E-D50E-4EC3-A9B9-DAD18F5FE466}.Release|Win32.ActiveCfg = Release|Win32
		{D8DB3E7E-D50E-4EC3-A9B9-DAD18F5FE466}.Release|Win32.Build.0 = Release|Win32
		{0DD8968F-A6F6-4365-9CC1-9CF87A76178B}.Debug|Win32.ActiveCfg = Debug|Win32
		{0DD8968F-A6F6-4365-9CC1-9CF87A76178B}.Debug|Win32.Build.0 = Debug|Win32
		{0DD8968F-A6F6-4365-9CC1-9CF87A76178B}.Release|Win32.ActiveCfg = Release|Win32
		{0DD8968F-A6F6-4365-9CC1-9CF87A76178B}.Release|Win32.Build.0 = Release|Win32
		{8AC0B595-EB93-4CBE-BEC7-E4A3D65DF3A6}.Debug|Win32.ActiveCfg = Debug|Win32
		{8AC0B595-EB93-4CBE-BEC7-E4A3D65DF3A6}.Debug|Win32.Build.0 = Debug|Win32
		{8AC0B595-EB93-4CBE-BEC7-E4A3D65DF3A6}.Release|Win32.ActiveCfg = Release|Win32
		{8AC0B595-EB93-4CBE-BEC7-E4A3D65DF3A6}.Release|Win32.Build.0 = Release|Win32
		{1FC036DE-1148-45E1-ADD3-FE1B20B652A7}.Debug|Win32.ActiveCfg = Debug|Win32
		{1FC036DE-1148-45E1-ADD3-FE1B20B652A7}.Debug|Win32.Build.0 = Debug|Win32
		{1FC036DE-1148-45E1-ADD3-FE1B20B652A7}.Release|Win32.ActiveCfg = Release|Win32
		{1FC036DE-1148-45E1-ADD3-FE1B20B652A7}.Release|Win32.Build.0 = Release|Win32
		{D0620EF4-1313-40D5-9069-A82F6FE26994}.Debug|Win32.ActiveCfg = Debug|Win32
		{D0620EF4-1313-40D5-9069-A82F6FE26994}.Debug|Win32.Build.0 = Debug|Win32
		{D0620EF4-1313-40D5-9069-A82F6FE26994}.Release|Win32.ActiveCfg = Release|Win32
		{D0620EF4-1313-40D5-9069-A82F6FE26994}.Release|Win32.Build.0 = Release|Win32
		{C0BE4419-A495-4933-9425-A79AF4FB30F6}.Debug|Win32.ActiveCfg = Debug|Win32
		{C0BE4419-A495-4933-9425-A79AF4FB30F6}.Debug|Win32.Build.0 = Debug|Win32
		{C0BE4419-A495-4933-9425-A79AF4FB30F6}.Release|Win32.ActiveCfg = Release|Win32
		{C0BE4419-A495-4933-9425-A79AF4FB30F6}.Release|Win32.Build.0 = Release|Win32
		{FEA1D3DB-F7BC-46F4-B1AE-F582548939CA}.Debug|Win32.ActiveCfg = Debug|Win32
		{FEA1D3DB-F7BC-46F4-B1AE-F582548939CA}.Debug|Win32.Build.0 = Debug|Win32
		{FEA1D3DB-F7BC-46F4-B1AE-F582548939CA}.Release|Win32.ActiveCfg = Release|Win32
		{FEA1D3DB-F7BC-46F4-B1AE-F582548939CA}.Release|Win32.Build.0 = Release|Win32
		{E8A3F6FA-AE1C-4C8E-A0B6-9C8480324EAA}.Debug|Win32.ActiveCfg = Debug|Win32
		{E8A3F6FA-AE1C-4C8E-A0B6-9C8480324EAA}.Debug|Win32.Build.0 = Debug|Win32
		{E8A3F6FA-AE1C-4C8E-A0B6-9C8480324EAA}.Release|Win32.ActiveCfg = Release|Win32
		{E8A3F6FA-AE1C-4C8E-A0B6-9C8480324EAA}.Release|Win32.Build.0 = Release|Win32
		{C3CD9ACF-E025-465C-8B07-4F53CF33003F}.Debug|Win32.ActiveCfg = Debug|Win32
		{C3CD9ACF-E025-465C-8B07-4F53CF33003F}.Debug|Win32.Build.0 = Debug|Win32
		{C3CD9ACF-E025-465C-8B07-4F53CF33003F}.Release|Win32.ActiveCfg = Release|Win32
		{C3CD9ACF-E025-465C-8B07-4F53CF33003F}.Release|Win32.Build.0 = Release|Win32
		{CDE13610-062F-4DC8-B2BE-99EECA9AAA3E}.Debug|Win32.ActiveCfg = Debug|Win32
		{CDE13610-062F-4DC8-B2BE-99EECA9AAA3E}.Debug|Win32.Build.0 = Debug|Win32
		{CDE13610-062F-4DC8-B2BE-99EECA9AAA3E}.Release|Win32.ActiveCfg = Release|Win32
		{CDE13610-062F-4DC8-B2BE-99EECA9AAA3E}.Release|Win32.Build.0 = Release|Win32
		{7C2419B3-501B-4B10-B3D4-E81BEB16843F}.Debug|Win32.ActiveCfg = Debug|Win32
		{7C2419B3-501B-4B10-B3D4-E81BEB16843F}.Debug|Win32.Build.0 = Debug|Win32
		{7C2419B3-501B-4B10-B3D4-E81BEB16843F}.Release|Win32.ActiveCfg = Release|Win32
		{7C2419B3-501B-4B10-B3D4-E81BEB16843F}.Release|Win32.Build.0 = Release|Win32
		{CA480923-E8AD-4C82-B4A9-E932B9991170}.Debug|Win32.ActiveCfg = Debug|Win32
		{CA480923-E8AD-4C82-B4A9-E932B9991170}.Debug|Win32.Build.0 = Debug|Win32
		{CA480923-E8AD-4C82-B4A9-E932B9991170}.Release|Win32.ActiveCfg = Release|Win32
		{CA480923-E8AD-4C82-B4A9-E932B9991170}.Release|Win32.Build.0 = Release|Win32
		{5E56335F-0FB1-4EEA-B240-D8DC5E0608E4}.Debug|Win32.ActiveCfg = Debug|Win32
		{5E56335F-0FB1-4EEA-B240-D8DC5E0608E4}.Debug|Win32.Build.0 = Debug|Win32
		{5E56335F-0FB1-4EEA-B240-D8DC5E0608E4}.Release|Win32.ActiveCfg = Release|Win32
		{5E56335F-0FB1-4EEA-B240-D8DC5E0608E4}.Release|Win32.Build.0 = Release|Win32
		{FC70988B-1AE5-4381-866D-4F405E28AC42}.Debug|Win32.ActiveCfg = Debug|Win32
		{FC70988B-1AE5-4381-866D-4F405E28AC42}.Debug|Win32.Build.0 = Debug|Win32
		{FC70988B-1AE5-4381-866D-4F405E28AC42}.Release|Win32.ActiveCfg = Release|Win32
		{FC70988B-1AE5-4381-866D-4F405E28AC42}.Release|Win32.Build.0 = Release|Win32
		{D514EA4D-EAFB-47A9-A437-A582CA571251}.Debug|Win32.ActiveCfg = Debug|Win32
		{D514EA4D-EAFB-47A9-A437-A582CA571251}.Debug|Win32.Build.0 = Debug|Win32
		{D514EA4D-EAFB-47A9-A437-A582CA571251}.Release|Win32.ActiveCfg = Release|Win32
		{D514EA4D-EAFB-47A9-A437-A582CA571251}.Release|Win32.Build.0 = Release|Win32
		{CEE9D3EA-D6F9-49F1-9D36-0C3C0789AE97}.Debug|Win32.ActiveCfg = Debug|Win32
		{CEE9D3EA-D6F9-49F1-9D36-0C3C0789AE97}.Debug|Win32.Build.0 = Debug|Win32
		{CEE9D3EA-D6F9-49F1-9D36-0C3C0789AE97}.Release|Win32.ActiveCfg = Release|Win32
		{CEE9D3EA-D6F9-49F1-9D36-0C3C0789AE97}.Release|Win32.Build.0 = Release|Win32
		{C2082189-3ECB-4079-91FA-89D3C8A305C0}.Debug|Win32.ActiveCfg = Debug|Win32
		{C2082189-3ECB-4079-91FA-89D3C8A305C0}.Debug|Win32.Build.0 = Debug|Win32
		{C2082189-3ECB-4079-91FA-89D3C8A305C0}.Release|Win32.ActiveCfg = Release|Win32
		{C2082189-3ECB-4079-91FA-89D3C8A305C0}.Release|Win32.Build.0 = Release|Win32
		{E1DA1B95-71F1-4C21-A271-121176925062}.Debug|Win32.ActiveCfg = Debug|Win32
		{E1DA1B95-71F1-4C21-A271-121176925062}.Debug|Win32.Build.0 = Debug|Win32
		{E1DA1B95-71F1-4C21-A271-121176925062}.Release|Win32.ActiveCfg = Release|Win32
		{E1DA1B95-71F1-4C21-A271-121176925062}.Release|Win32.Build.0 = Release|Win32
		{DA8461C4-7683-4360-9372-2A9E0F1795C2}.Debug|Win32.ActiveCfg = Debug|Win32
		{DA8461C4-7683-4360-9372-2A9E0F1795C2}.Debug|Win32.Build.0 = Debug|Win32
		{DA8461C4-7683-4360-9372-2A9E0F1795C2}.Release|Win32.ActiveCfg = Release|Win32
		{DA8461C4-7683-4360-9372-2A9E0F1795C2}.Release|Win32.Build.0 = Release|Win32
		{E127ECCB-8AAB-48C4-A4A3-0B9494911B86}.Debug|Win32.ActiveCfg = Debug|Win32
		{E127ECCB-8AAB-48C4-A4A3-0B9494911B86}.Debug|Win32.Build.0 = Debug|Win32
		{E127ECCB-8AAB-48C4-A4A3-0B9494911B86}.Release|Win32.ActiveCfg = Release|Win32
		{E127ECCB-8AAB-48C4-A4A3-0B9494911B86}.Release|Win32.Build.0 = Release|Win32
		{222C4851-2D07-49D4-84B5-694BB94CDA90}.Debug|Win32.ActiveCfg = Debug|Win32
		{222C4851-2D07-49D4-84B5-694BB94CDA90}.Debug|Win32.Build.0 = Debug|Win32
		{222C4851-2D07-49D4-84B5-694BB94CDA90}.Release|Win32.ActiveCfg = Release|Win32
		{222C4851-2D07-49D4-84B5-694BB94CDA90}.Release|Win32.Build.0 = Release|Win32
		{C8E30185-DF7B-4605-A8F6-D351CAD0A6CC}.Debug|Win32.ActiveCfg = Debug|Win32
		{C8E30185-DF7B-4605-A8F6-D351CAD0A6CC}.Debug|Win32.Build.0 = Debug|Win32
		{C8E30185-DF7B-4605-A8F6-D351CAD0A6CC}.Release|Win32.ActiveCfg = Release|Win32
		{C8E30185-DF7B-4605-A8F6-D351CAD0A6CC}.Release|Win32.Build.0 = Release|Win32
		{C61558C2-F32D-41F9-A48A-1029471B226D}.Debug|Win32.ActiveCfg = Debug|Win32
		{C61558C2-F32D-41F9-A48A-1029471B226D}.Debug|Win32.Build.0 = Debug|Win32
		{C61558C2-F32D-41F9-A48A-1029471B226D}.Release|Win32.ActiveCfg = Release|Win32
		{C61558C2-F32D-41F9-A48A-1029471B226D}.Release|Win32.Build.0 = Release|Win32
		{9F04D2BF-9EAF-4A92-94D1-99A4F9E7CC75}.Debug|Win32.ActiveCfg = Debug|Win32
		{9F04D2BF-9EAF-4A92-94D1-99A4F9E7CC75}.Debug|Win32.Build.0 = Debug|Win32
		{9F04D2BF-9EAF-4A92-94D1-99A4F9E7CC75}.Release|Win32.ActiveCfg = Release|Win32
		{9F04D2BF-9EAF-4A92-94D1-99A4F9E7CC75}.Release|Win32.Build.0 = Release|Win32
		{EDC12665-3070-4EFD-81B9-C2E487DAE0EA}.Debug|Win32.ActiveCfg = Debug|Win32
		{EDC12665-3070-4EFD-81B9-C2E487DAE0EA}.Debug|Win32.Build.0 = Debug|Win32
		{EDC12665-3070-4EFD-81B9-C2E487DAE0EA}.Release|Win32.ActiveCfg = Release|Win32
		{EDC12665-3070-4EFD-81B9-C2E487DAE0EA}.Release|Win32.Build.0 = Release|Win32
	EndGlobalSection
	GlobalSection(SolutionProperties) = preSolution
		HideSolutionNode = FALSE
	EndGlobalSection
	GlobalSection(NestedProjects) = preSolution
		{5E56335F-0FB1-4EEA-B240-D8DC5E0608E4} = {06578191-1626-4FAB-96B0-8F1DE32F74A3}
		{FC70988B-1AE5-4381-866D-4F405E28AC42} = {06578191-1626-4FAB-96B0-8F1DE32F74A3}
		{D514EA4D-EAFB-47A9-A437-A582CA571251} = {06578191-1626-4FAB-96B0-8F1DE32F74A3}
		{CEE9D3EA-D6F9-49F1-9D36-0C3C0789AE97} = {06578191-1626-4FAB-96B0-8F1DE32F74A3}
		{C2082189-3ECB-4079-91FA-89D3C8A305C0} = {06578191-1626-4FAB-96B0-8F1DE32F74A3}
		{DA8461C4-7683-4360-9372-2A9E0F1795C2} = {06578191-1626-4FAB-96B0-8F1DE32F74A3}
		{E127ECCB-8AAB-48C4-A4A3-0B9494911B86} = {A91D605E-75D6-4F0D-B40A-EF17156A4EE9}
		{222C4851-2D07-49D4-84B5-694BB94CDA90} = {A91D605E-75D6-4F0D-B40A-EF17156A4EE9}
		{C8E30185-DF7B-4605-A8F6-D351CAD0A6CC} = {A91D605E-75D6-4F0D-B40A-EF17156A4EE9}
		{C61558C2-F32D-41F9-A48A-1029471B226D} = {A91D605E-75D6-4F0D-B40A-EF17156A4EE9}
		{9F04D2BF-9EAF-4A92-94D1-99A4F9E7CC75} = {A91D605E-75D6-4F0D-B40A-EF17156A4EE9}
		{EDC12665-3070-4EFD-81B9-C2E487DAE0EA} = {A91D605E-75D6-4F0D-B40A-EF17156A4EE9}
	EndGlobalSection
	GlobalSection(SubversionScc) = preSolution
		Svn-Managed = True
		Manager = AnkhSVN - Subversion Support for Visual Studio
	EndGlobalSection
EndGlobal
