Microsoft Visual Studio Solution File, Format Version 8.00
Project("{FAE04EC0-301F-11D3-BF4B-00C04F79EFBC}") = "MediaPortal", "xbmc\MediaPortal.csproj", "{CBDFAA0E-01F5-4331-AB55-18A4A037B5AE}"
	ProjectSection(ProjectDependencies) = postProject
		{3333B71D-6304-452C-BEA5-D037E7B3AA6B} = {3333B71D-6304-452C-BEA5-D037E7B3AA6B}
		{02FFFC1F-2555-4B99-8B01-3432D0673855} = {02FFFC1F-2555-4B99-8B01-3432D0673855}
		{96B7452E-8D2B-4EAE-8300-153CCB6C5109} = {96B7452E-8D2B-4EAE-8300-153CCB6C5109}
		{C1BCEC3E-6074-4328-B5D9-391A457C8FFB} = {C1BCEC3E-6074-4328-B5D9-391A457C8FFB}
		{B282C55B-A37B-4CEC-A4FC-00791069BF00} = {B282C55B-A37B-4CEC-A4FC-00791069BF00}
		{809F8C77-0EC1-44F9-9536-707A646F43EB} = {809F8C77-0EC1-44F9-9536-707A646F43EB}
		{5B8BC37B-44EB-4736-8B27-0960F3E03822} = {5B8BC37B-44EB-4736-8B27-0960F3E03822}
		{68168FAA-A363-4F64-981C-32629A537900} = {68168FAA-A363-4F64-981C-32629A537900}
		{DFAB8CDD-A6BA-4A87-930F-CB09B30C1C9D} = {DFAB8CDD-A6BA-4A87-930F-CB09B30C1C9D}
	EndProjectSection
EndProject
Project("{54435603-DBB4-11D2-8724-00A0C9A8B90C}") = "Setup", "Setup\Setup.vdproj", "{A20DE1A6-5059-4A00-897E-3A62BAE1FDE7}"
	ProjectSection(ProjectDependencies) = postProject
	EndProjectSection
EndProject
Project("{FAE04EC0-301F-11D3-BF4B-00C04F79EFBC}") = "TVCapture", "TVCapture\TVCapture.csproj", "{B5886774-5D2B-4F6C-A6B6-3998F4F5E60C}"
	ProjectSection(ProjectDependencies) = postProject
	EndProjectSection
EndProject
Project("{FAE04EC0-301F-11D3-BF4B-00C04F79EFBC}") = "MediaPortal.Configuration", "Configuration\MediaPortal.Configuration.csproj", "{68168FAA-A363-4F64-981C-32629A537900}"
	ProjectSection(ProjectDependencies) = postProject
		{96B7452E-8D2B-4EAE-8300-153CCB6C5109} = {96B7452E-8D2B-4EAE-8300-153CCB6C5109}
		{B282C55B-A37B-4CEC-A4FC-00791069BF00} = {B282C55B-A37B-4CEC-A4FC-00791069BF00}
		{809F8C77-0EC1-44F9-9536-707A646F43EB} = {809F8C77-0EC1-44F9-9536-707A646F43EB}
		{5B8BC37B-44EB-4736-8B27-0960F3E03822} = {5B8BC37B-44EB-4736-8B27-0960F3E03822}
		{DFAB8CDD-A6BA-4A87-930F-CB09B30C1C9D} = {DFAB8CDD-A6BA-4A87-930F-CB09B30C1C9D}
	EndProjectSection
EndProject
Project("{FAE04EC0-301F-11D3-BF4B-00C04F79EFBC}") = "Core", "Core\Core.csproj", "{02FFFC1F-2555-4B99-8B01-3432D0673855}"
	ProjectSection(ProjectDependencies) = postProject
	EndProjectSection
EndProject
Project("{FAE04EC0-301F-11D3-BF4B-00C04F79EFBC}") = "ExternalPlayers", "ExternalPlayers\ExternalPlayers.csproj", "{DFAB8CDD-A6BA-4A87-930F-CB09B30C1C9D}"
	ProjectSection(ProjectDependencies) = postProject
	EndProjectSection
EndProject
Project("{FAE04EC0-301F-11D3-BF4B-00C04F79EFBC}") = "SubtitlePlugins", "SubtitlePlugins\SubtitlePlugins.csproj", "{5B8BC37B-44EB-4736-8B27-0960F3E03822}"
	ProjectSection(ProjectDependencies) = postProject
	EndProjectSection
EndProject
Project("{FAE04EC0-301F-11D3-BF4B-00C04F79EFBC}") = "TagReaderPlugins", "TagReaderPlugins\TagReaderPlugins.csproj", "{96B7452E-8D2B-4EAE-8300-153CCB6C5109}"
	ProjectSection(ProjectDependencies) = postProject
	EndProjectSection
EndProject
Project("{FAE04EC0-301F-11D3-BF4B-00C04F79EFBC}") = "WindowPlugins", "WindowPlugins\WindowPlugins.csproj", "{B282C55B-A37B-4CEC-A4FC-00791069BF00}"
	ProjectSection(ProjectDependencies) = postProject
	EndProjectSection
EndProject
Project("{FAE04EC0-301F-11D3-BF4B-00C04F79EFBC}") = "Databases", "Databases\Databases.csproj", "{C1BCEC3E-6074-4328-B5D9-391A457C8FFB}"
	ProjectSection(ProjectDependencies) = postProject
	EndProjectSection
EndProject
Project("{FAE04EC0-301F-11D3-BF4B-00C04F79EFBC}") = "TVGuideScheduler", "TVGuideScheduler\TVGuideScheduler.csproj", "{809F8C77-0EC1-44F9-9536-707A646F43EB}"
	ProjectSection(ProjectDependencies) = postProject
	EndProjectSection
EndProject
Project("{FAE04EC0-301F-11D3-BF4B-00C04F79EFBC}") = "ProcessPlugins", "ProcessPlugins\ProcessPlugins.csproj", "{3333B71D-6304-452C-BEA5-D037E7B3AA6B}"
	ProjectSection(ProjectDependencies) = postProject
	EndProjectSection
EndProject
Global
	GlobalSection(SolutionConfiguration) = preSolution
		Debug = Debug
		Release = Release
	EndGlobalSection
	GlobalSection(ProjectConfiguration) = postSolution
		{CBDFAA0E-01F5-4331-AB55-18A4A037B5AE}.Debug.ActiveCfg = Debug|.NET
		{CBDFAA0E-01F5-4331-AB55-18A4A037B5AE}.Debug.Build.0 = Debug|.NET
		{CBDFAA0E-01F5-4331-AB55-18A4A037B5AE}.Release.ActiveCfg = Release|.NET
		{CBDFAA0E-01F5-4331-AB55-18A4A037B5AE}.Release.Build.0 = Release|.NET
		{A20DE1A6-5059-4A00-897E-3A62BAE1FDE7}.Debug.ActiveCfg = Debug
		{A20DE1A6-5059-4A00-897E-3A62BAE1FDE7}.Release.ActiveCfg = Release
		{B5886774-5D2B-4F6C-A6B6-3998F4F5E60C}.Debug.ActiveCfg = Debug|.NET
		{B5886774-5D2B-4F6C-A6B6-3998F4F5E60C}.Debug.Build.0 = Debug|.NET
		{B5886774-5D2B-4F6C-A6B6-3998F4F5E60C}.Release.ActiveCfg = Release|.NET
		{B5886774-5D2B-4F6C-A6B6-3998F4F5E60C}.Release.Build.0 = Release|.NET
		{68168FAA-A363-4F64-981C-32629A537900}.Debug.ActiveCfg = Debug|.NET
		{68168FAA-A363-4F64-981C-32629A537900}.Debug.Build.0 = Debug|.NET
		{68168FAA-A363-4F64-981C-32629A537900}.Release.ActiveCfg = Release|.NET
		{68168FAA-A363-4F64-981C-32629A537900}.Release.Build.0 = Release|.NET
		{02FFFC1F-2555-4B99-8B01-3432D0673855}.Debug.ActiveCfg = Debug|.NET
		{02FFFC1F-2555-4B99-8B01-3432D0673855}.Debug.Build.0 = Debug|.NET
		{02FFFC1F-2555-4B99-8B01-3432D0673855}.Release.ActiveCfg = Release|.NET
		{02FFFC1F-2555-4B99-8B01-3432D0673855}.Release.Build.0 = Release|.NET
		{DFAB8CDD-A6BA-4A87-930F-CB09B30C1C9D}.Debug.ActiveCfg = Debug|.NET
		{DFAB8CDD-A6BA-4A87-930F-CB09B30C1C9D}.Debug.Build.0 = Debug|.NET
		{DFAB8CDD-A6BA-4A87-930F-CB09B30C1C9D}.Release.ActiveCfg = Release|.NET
		{DFAB8CDD-A6BA-4A87-930F-CB09B30C1C9D}.Release.Build.0 = Release|.NET
		{5B8BC37B-44EB-4736-8B27-0960F3E03822}.Debug.ActiveCfg = Debug|.NET
		{5B8BC37B-44EB-4736-8B27-0960F3E03822}.Debug.Build.0 = Debug|.NET
		{5B8BC37B-44EB-4736-8B27-0960F3E03822}.Release.ActiveCfg = Release|.NET
		{5B8BC37B-44EB-4736-8B27-0960F3E03822}.Release.Build.0 = Release|.NET
		{96B7452E-8D2B-4EAE-8300-153CCB6C5109}.Debug.ActiveCfg = Debug|.NET
		{96B7452E-8D2B-4EAE-8300-153CCB6C5109}.Debug.Build.0 = Debug|.NET
		{96B7452E-8D2B-4EAE-8300-153CCB6C5109}.Release.ActiveCfg = Release|.NET
		{96B7452E-8D2B-4EAE-8300-153CCB6C5109}.Release.Build.0 = Release|.NET
		{B282C55B-A37B-4CEC-A4FC-00791069BF00}.Debug.ActiveCfg = Debug|.NET
		{B282C55B-A37B-4CEC-A4FC-00791069BF00}.Debug.Build.0 = Debug|.NET
		{B282C55B-A37B-4CEC-A4FC-00791069BF00}.Release.ActiveCfg = Release|.NET
		{B282C55B-A37B-4CEC-A4FC-00791069BF00}.Release.Build.0 = Release|.NET
		{C1BCEC3E-6074-4328-B5D9-391A457C8FFB}.Debug.ActiveCfg = Debug|.NET
		{C1BCEC3E-6074-4328-B5D9-391A457C8FFB}.Debug.Build.0 = Debug|.NET
		{C1BCEC3E-6074-4328-B5D9-391A457C8FFB}.Release.ActiveCfg = Release|.NET
		{C1BCEC3E-6074-4328-B5D9-391A457C8FFB}.Release.Build.0 = Release|.NET
		{809F8C77-0EC1-44F9-9536-707A646F43EB}.Debug.ActiveCfg = Debug|.NET
		{809F8C77-0EC1-44F9-9536-707A646F43EB}.Debug.Build.0 = Debug|.NET
		{809F8C77-0EC1-44F9-9536-707A646F43EB}.Release.ActiveCfg = Release|.NET
		{809F8C77-0EC1-44F9-9536-707A646F43EB}.Release.Build.0 = Release|.NET
		{3333B71D-6304-452C-BEA5-D037E7B3AA6B}.Debug.ActiveCfg = Debug|.NET
		{3333B71D-6304-452C-BEA5-D037E7B3AA6B}.Debug.Build.0 = Debug|.NET
		{3333B71D-6304-452C-BEA5-D037E7B3AA6B}.Release.ActiveCfg = Release|.NET
		{3333B71D-6304-452C-BEA5-D037E7B3AA6B}.Release.Build.0 = Release|.NET
	EndGlobalSection
	GlobalSection(ExtensibilityGlobals) = postSolution
	EndGlobalSection
	GlobalSection(ExtensibilityAddIns) = postSolution
	EndGlobalSection
EndGlobal
