Microsoft Visual Studio Solution File, Format Version 9.00
# Visual Studio 2005
Project("{FAE04EC0-301F-11D3-BF4B-00C04F79EFBC}") = "Core", "Core\Core.csproj", "{02FFFC1F-2555-4B99-8B01-3432D0673855}"
	ProjectSection(WebsiteProperties) = preProject
		Debug.AspNetCompiler.Debug = "True"
		Release.AspNetCompiler.Debug = "False"
	EndProjectSection
EndProject
Project("{FAE04EC0-301F-11D3-BF4B-00C04F79EFBC}") = "ExternalPlayers", "ExternalPlayers\ExternalPlayers.csproj", "{DFAB8CDD-A6BA-4A87-930F-CB09B30C1C9D}"
	ProjectSection(WebsiteProperties) = preProject
		Debug.AspNetCompiler.Debug = "True"
		Release.AspNetCompiler.Debug = "False"
	EndProjectSection
EndProject
Project("{FAE04EC0-301F-11D3-BF4B-00C04F79EFBC}") = "SubtitlePlugins", "SubtitlePlugins\SubtitlePlugins.csproj", "{5B8BC37B-44EB-4736-8B27-0960F3E03822}"
	ProjectSection(WebsiteProperties) = preProject
		Debug.AspNetCompiler.Debug = "True"
		Release.AspNetCompiler.Debug = "False"
	EndProjectSection
EndProject
Project("{FAE04EC0-301F-11D3-BF4B-00C04F79EFBC}") = "WindowPlugins", "WindowPlugins\WindowPlugins.csproj", "{B282C55B-A37B-4CEC-A4FC-00791069BF00}"
	ProjectSection(WebsiteProperties) = preProject
		Debug.AspNetCompiler.Debug = "True"
		Release.AspNetCompiler.Debug = "False"
	EndProjectSection
EndProject
Project("{FAE04EC0-301F-11D3-BF4B-00C04F79EFBC}") = "Databases", "Databases\Databases.csproj", "{C1BCEC3E-6074-4328-B5D9-391A457C8FFB}"
	ProjectSection(WebsiteProperties) = preProject
		Debug.AspNetCompiler.Debug = "True"
		Release.AspNetCompiler.Debug = "False"
	EndProjectSection
EndProject
Project("{FAE04EC0-301F-11D3-BF4B-00C04F79EFBC}") = "TVGuideScheduler", "TVGuideScheduler\TVGuideScheduler.csproj", "{809F8C77-0EC1-44F9-9536-707A646F43EB}"
	ProjectSection(WebsiteProperties) = preProject
		Debug.AspNetCompiler.Debug = "True"
		Release.AspNetCompiler.Debug = "False"
	EndProjectSection
EndProject
Project("{FAE04EC0-301F-11D3-BF4B-00C04F79EFBC}") = "ProcessPlugins", "ProcessPlugins\ProcessPlugins.csproj", "{3333B71D-6304-452C-BEA5-D037E7B3AA6B}"
	ProjectSection(WebsiteProperties) = preProject
		Debug.AspNetCompiler.Debug = "True"
		Release.AspNetCompiler.Debug = "False"
	EndProjectSection
EndProject
Project("{FAE04EC0-301F-11D3-BF4B-00C04F79EFBC}") = "PostSetup", "PostSetup\PostSetup.csproj", "{57137A99-FD0A-4A3C-9B51-0DA10DCDE7A6}"
	ProjectSection(WebsiteProperties) = preProject
		Debug.AspNetCompiler.Debug = "True"
		Release.AspNetCompiler.Debug = "False"
	EndProjectSection
EndProject
Project("{FAE04EC0-301F-11D3-BF4B-00C04F79EFBC}") = "MediaPortal.Configuration", "Configuration\MediaPortal.Configuration.csproj", "{68168FAA-A363-4F64-981C-32629A537900}"
	ProjectSection(WebsiteProperties) = preProject
		Debug.AspNetCompiler.Debug = "True"
		Release.AspNetCompiler.Debug = "False"
	EndProjectSection
	ProjectSection(ProjectDependencies) = postProject
		{F2B349EB-67F5-48E3-9BE2-EC5BA8F010C7} = {F2B349EB-67F5-48E3-9BE2-EC5BA8F010C7}
	EndProjectSection
EndProject
Project("{FAE04EC0-301F-11D3-BF4B-00C04F79EFBC}") = "TVCapture", "TVCapture\TVCapture.csproj", "{B5886774-5D2B-4F6C-A6B6-3998F4F5E60C}"
	ProjectSection(WebsiteProperties) = preProject
		Debug.AspNetCompiler.Debug = "True"
		Release.AspNetCompiler.Debug = "False"
	EndProjectSection
EndProject
Project("{FAE04EC0-301F-11D3-BF4B-00C04F79EFBC}") = "MediaPortal", "xbmc\MediaPortal.csproj", "{CBDFAA0E-01F5-4331-AB55-18A4A037B5AE}"
	ProjectSection(WebsiteProperties) = preProject
		Debug.AspNetCompiler.Debug = "True"
		Release.AspNetCompiler.Debug = "False"
	EndProjectSection
	ProjectSection(ProjectDependencies) = postProject
		{BD4A3413-C9F9-4299-BB52-ED45027EE7CC} = {BD4A3413-C9F9-4299-BB52-ED45027EE7CC}
		{3333B71D-6304-452C-BEA5-D037E7B3AA6B} = {3333B71D-6304-452C-BEA5-D037E7B3AA6B}
		{596BDC58-35E0-488F-BED2-FC7A133BC047} = {596BDC58-35E0-488F-BED2-FC7A133BC047}
		{B282C55B-A37B-4CEC-A4FC-00791069BF00} = {B282C55B-A37B-4CEC-A4FC-00791069BF00}
		{47B8906A-5EC9-4641-811E-8BC0EAF97DDD} = {47B8906A-5EC9-4641-811E-8BC0EAF97DDD}
		{809F8C77-0EC1-44F9-9536-707A646F43EB} = {809F8C77-0EC1-44F9-9536-707A646F43EB}
		{5B8BC37B-44EB-4736-8B27-0960F3E03822} = {5B8BC37B-44EB-4736-8B27-0960F3E03822}
		{1CCD6A99-B59F-42B2-8A6B-A5BCE57FF3F1} = {1CCD6A99-B59F-42B2-8A6B-A5BCE57FF3F1}
		{57137A99-FD0A-4A3C-9B51-0DA10DCDE7A6} = {57137A99-FD0A-4A3C-9B51-0DA10DCDE7A6}
		{F7CB2A9F-004E-4667-BEAF-782F1C28E2D3} = {F7CB2A9F-004E-4667-BEAF-782F1C28E2D3}
		{BD406DA4-3CD7-4D77-92EB-DAEC22763E55} = {BD406DA4-3CD7-4D77-92EB-DAEC22763E55}
		{C6564AA7-976B-43EF-9E35-7E607EE1DD12} = {C6564AA7-976B-43EF-9E35-7E607EE1DD12}
		{68168FAA-A363-4F64-981C-32629A537900} = {68168FAA-A363-4F64-981C-32629A537900}
		{DFAB8CDD-A6BA-4A87-930F-CB09B30C1C9D} = {DFAB8CDD-A6BA-4A87-930F-CB09B30C1C9D}
		{6DA0E4DF-6230-4642-98B5-E690BB6942BB} = {6DA0E4DF-6230-4642-98B5-E690BB6942BB}
		{67D44FEB-AC41-4B93-AC1D-876318CDD16B} = {67D44FEB-AC41-4B93-AC1D-876318CDD16B}
		{F2B349EB-67F5-48E3-9BE2-EC5BA8F010C7} = {F2B349EB-67F5-48E3-9BE2-EC5BA8F010C7}
		{396C5208-5D46-4A11-92C1-FD0F2F42D7DD} = {396C5208-5D46-4A11-92C1-FD0F2F42D7DD}
		{11ADEC11-8343-40AD-8AE1-F5AF63F3D7DE} = {11ADEC11-8343-40AD-8AE1-F5AF63F3D7DE}
	EndProjectSection
EndProject
Project("{FAE04EC0-301F-11D3-BF4B-00C04F79EFBC}") = "Dialogs", "Dialogs\Dialogs.csproj", "{396C5208-5D46-4A11-92C1-FD0F2F42D7DD}"
	ProjectSection(WebsiteProperties) = preProject
		Debug.AspNetCompiler.Debug = "True"
		Release.AspNetCompiler.Debug = "False"
	EndProjectSection
EndProject
Project("{FAE04EC0-301F-11D3-BF4B-00C04F79EFBC}") = "RemotePlugins", "RemotePlugins\RemotePlugins.csproj", "{0A234721-1F13-4DF8-9B1E-64D9E3111203}"
	ProjectSection(WebsiteProperties) = preProject
		Debug.AspNetCompiler.Debug = "True"
		Release.AspNetCompiler.Debug = "False"
	EndProjectSection
EndProject
Project("{FAE04EC0-301F-11D3-BF4B-00C04F79EFBC}") = "WebEPG", "WebEPG\WebEPG\WebEPG.csproj", "{F7CB2A9F-004E-4667-BEAF-782F1C28E2D3}"
	ProjectSection(WebsiteProperties) = preProject
		Debug.AspNetCompiler.Debug = "True"
		Release.AspNetCompiler.Debug = "False"
	EndProjectSection
EndProject
Project("{FAE04EC0-301F-11D3-BF4B-00C04F79EFBC}") = "WebEPG-conf", "WebEPG\WebEPG-conf\WebEPG-conf.csproj", "{47B8906A-5EC9-4641-811E-8BC0EAF97DDD}"
	ProjectSection(WebsiteProperties) = preProject
		Debug.AspNetCompiler.Debug = "True"
		Release.AspNetCompiler.Debug = "False"
	EndProjectSection
EndProject
Project("{FAE04EC0-301F-11D3-BF4B-00C04F79EFBC}") = "WebEPG-xmltv", "WebEPG\WebEPG-xmltv\WebEPG-xmltv.csproj", "{67D44FEB-AC41-4B93-AC1D-876318CDD16B}"
	ProjectSection(WebsiteProperties) = preProject
		Debug.AspNetCompiler.Debug = "True"
		Release.AspNetCompiler.Debug = "False"
	EndProjectSection
EndProject
Project("{FAE04EC0-301F-11D3-BF4B-00C04F79EFBC}") = "Utils", "Utils\Utils.csproj", "{6DA0E4DF-6230-4642-98B5-E690BB6942BB}"
	ProjectSection(WebsiteProperties) = preProject
		Debug.AspNetCompiler.Debug = "True"
		Release.AspNetCompiler.Debug = "False"
	EndProjectSection
EndProject
Project("{2150E333-8FDC-42A3-9474-1A3956D46DE8}") = "Plugins", "Plugins", "{D214B2BD-4CA7-45CD-9EC5-CF7CC244C03A}"
	ProjectSection(WebsiteProperties) = preProject
		Debug.AspNetCompiler.Debug = "True"
		Release.AspNetCompiler.Debug = "False"
	EndProjectSection
EndProject
Project("{2150E333-8FDC-42A3-9474-1A3956D46DE8}") = "WebEPG", "WebEPG", "{2600F94F-B223-4FDD-8D93-73AC573F6D50}"
	ProjectSection(WebsiteProperties) = preProject
		Debug.AspNetCompiler.Debug = "True"
		Release.AspNetCompiler.Debug = "False"
	EndProjectSection
EndProject
Project("{2150E333-8FDC-42A3-9474-1A3956D46DE8}") = "HcwHelper", "HcwHelper", "{D213045F-E672-421B-B92A-78F512AAF784}"
	ProjectSection(WebsiteProperties) = preProject
		Debug.AspNetCompiler.Debug = "True"
		Release.AspNetCompiler.Debug = "False"
	EndProjectSection
EndProject
Project("{FAE04EC0-301F-11D3-BF4B-00C04F79EFBC}") = "HcwHelper", "RemotePlugins\Remotes\HcwRemote\HCWHelper\HcwHelper.csproj", "{596BDC58-35E0-488F-BED2-FC7A133BC047}"
	ProjectSection(WebsiteProperties) = preProject
		Debug.AspNetCompiler.Debug = "True"
		Release.AspNetCompiler.Debug = "False"
	EndProjectSection
EndProject
Project("{FAE04EC0-301F-11D3-BF4B-00C04F79EFBC}") = "MediaPortal.Tests", "MediaPortal.Tests\MediaPortal.Tests.csproj", "{DF3AC5D1-762E-4807-8642-1AE773B65E07}"
	ProjectSection(WebsiteProperties) = preProject
		Debug.AspNetCompiler.Debug = "True"
		Release.AspNetCompiler.Debug = "False"
	EndProjectSection
EndProject
Project("{FAE04EC0-301F-11D3-BF4B-00C04F79EFBC}") = "DirectShowLib", "DirectShowLib\DirectShowLib.csproj", "{CE009BFA-5EF6-4153-B2A1-2FA79698A9AE}"
	ProjectSection(WebsiteProperties) = preProject
		Debug.AspNetCompiler.Debug = "True"
		Release.AspNetCompiler.Debug = "False"
	EndProjectSection
EndProject
Project("{FAE04EC0-301F-11D3-BF4B-00C04F79EFBC}") = "MediaPortal.Support", "MediaPortal.Support\MediaPortal.Support.csproj", "{BD4A3413-C9F9-4299-BB52-ED45027EE7CC}"
	ProjectSection(WebsiteProperties) = preProject
		Debug.AspNetCompiler.Debug = "True"
		Release.AspNetCompiler.Debug = "False"
	EndProjectSection
EndProject
Project("{2150E333-8FDC-42A3-9474-1A3956D46DE8}") = "MusicShareWatcher", "MusicShareWatcher", "{05789B6D-8173-4709-991B-34234041D393}"
	ProjectSection(WebsiteProperties) = preProject
		Debug.AspNetCompiler.Debug = "True"
		Release.AspNetCompiler.Debug = "False"
	EndProjectSection
EndProject
Project("{FAE04EC0-301F-11D3-BF4B-00C04F79EFBC}") = "MusicShareWatcherHelper", "ProcessPlugins\MusicShareWatcher\MusicShareWatcherHelper\MusicShareWatcherHelper.csproj", "{C6564AA7-976B-43EF-9E35-7E607EE1DD12}"
	ProjectSection(WebsiteProperties) = preProject
		Debug.AspNetCompiler.Debug = "True"
		Release.AspNetCompiler.Debug = "False"
	EndProjectSection
EndProject
Project("{FAE04EC0-301F-11D3-BF4B-00C04F79EFBC}") = "MusicShareWatcher", "ProcessPlugins\MusicShareWatcher\MusicShareWatcher\MusicShareWatcher.csproj", "{1CCD6A99-B59F-42B2-8A6B-A5BCE57FF3F1}"
	ProjectSection(WebsiteProperties) = preProject
		Debug.AspNetCompiler.Debug = "True"
		Release.AspNetCompiler.Debug = "False"
	EndProjectSection
EndProject
Project("{FAE04EC0-301F-11D3-BF4B-00C04F79EFBC}") = "MPInstaller", "MPInstaller\MPInstaller.csproj", "{11ADEC11-8343-40AD-8AE1-F5AF63F3D7DE}"
	ProjectSection(WebsiteProperties) = preProject
		Debug.AspNetCompiler.Debug = "True"
		Release.AspNetCompiler.Debug = "False"
	EndProjectSection
EndProject
Project("{FAE04EC0-301F-11D3-BF4B-00C04F79EFBC}") = "MPInstaller.Library", "MPInstaller\MPInstaller.Library\MPInstaller.Library.csproj", "{BD406DA4-3CD7-4D77-92EB-DAEC22763E55}"
	ProjectSection(WebsiteProperties) = preProject
		Debug.AspNetCompiler.Debug = "True"
		Release.AspNetCompiler.Debug = "False"
	EndProjectSection
EndProject
Project("{FAE04EC0-301F-11D3-BF4B-00C04F79EFBC}") = "XPImapiBurner", "XPImapiBurner\XPImapiBurner.csproj", "{F2B349EB-67F5-48E3-9BE2-EC5BA8F010C7}"
	ProjectSection(WebsiteProperties) = preProject
		Debug.AspNetCompiler.Debug = "True"
		Release.AspNetCompiler.Debug = "False"
	EndProjectSection
EndProject
Project("{FAE04EC0-301F-11D3-BF4B-00C04F79EFBC}") = "WatchDog", "WatchDog\WatchDog.csproj", "{2B094D86-DD1A-4DDD-95D2-56A57E714C4E}"
	ProjectSection(WebsiteProperties) = preProject
		Debug.AspNetCompiler.Debug = "True"
		Release.AspNetCompiler.Debug = "False"
	EndProjectSection
EndProject
Project("{FAE04EC0-301F-11D3-BF4B-00C04F79EFBC}") = "CybrDisplayPlugin", "CybrDisplayPlugin\CybrDisplayPlugin.csproj", "{8635D515-A5D4-4FB7-BD30-71770651E18B}"
	ProjectSection(WebsiteProperties) = preProject
		Debug.AspNetCompiler.Debug = "True"
		Release.AspNetCompiler.Debug = "False"
	EndProjectSection
	ProjectSection(ProjectDependencies) = postProject
		{CBDFAA0E-01F5-4331-AB55-18A4A037B5AE} = {CBDFAA0E-01F5-4331-AB55-18A4A037B5AE}
		{02FFFC1F-2555-4B99-8B01-3432D0673855} = {02FFFC1F-2555-4B99-8B01-3432D0673855}
		{B5886774-5D2B-4F6C-A6B6-3998F4F5E60C} = {B5886774-5D2B-4F6C-A6B6-3998F4F5E60C}
		{6DA0E4DF-6230-4642-98B5-E690BB6942BB} = {6DA0E4DF-6230-4642-98B5-E690BB6942BB}
		{0A234721-1F13-4DF8-9B1E-64D9E3111203} = {0A234721-1F13-4DF8-9B1E-64D9E3111203}
	EndProjectSection
	ProjectSection(ProjectDependencies) = postProject
		{B5886774-5D2B-4F6C-A6B6-3998F4F5E60C} = {B5886774-5D2B-4F6C-A6B6-3998F4F5E60C}
		{6DA0E4DF-6230-4642-98B5-E690BB6942BB} = {6DA0E4DF-6230-4642-98B5-E690BB6942BB}
		{0A234721-1F13-4DF8-9B1E-64D9E3111203} = {0A234721-1F13-4DF8-9B1E-64D9E3111203}
		{02FFFC1F-2555-4B99-8B01-3432D0673855} = {02FFFC1F-2555-4B99-8B01-3432D0673855}
	EndProjectSection
EndProject
Global
	GlobalSection(SolutionConfigurationPlatforms) = preSolution
		Debug|Any CPU = Debug|Any CPU
		Debug|x86 = Debug|x86
		Release|Any CPU = Release|Any CPU
		Release|x86 = Release|x86
		UseCaptureCardDefinitions|Any CPU = UseCaptureCardDefinitions|Any CPU
		UseCaptureCardDefinitions|x86 = UseCaptureCardDefinitions|x86
		UseCaptureDefintionsRelease|Any CPU = UseCaptureDefintionsRelease|Any CPU
		UseCaptureDefintionsRelease|x86 = UseCaptureDefintionsRelease|x86
	EndGlobalSection
	GlobalSection(ProjectConfigurationPlatforms) = postSolution
		{02FFFC1F-2555-4B99-8B01-3432D0673855}.Debug|Any CPU.ActiveCfg = Debug|Any CPU
		{02FFFC1F-2555-4B99-8B01-3432D0673855}.Debug|Any CPU.Build.0 = Debug|Any CPU
		{02FFFC1F-2555-4B99-8B01-3432D0673855}.Debug|x86.ActiveCfg = Debug|x86
		{02FFFC1F-2555-4B99-8B01-3432D0673855}.Debug|x86.Build.0 = Debug|x86
		{02FFFC1F-2555-4B99-8B01-3432D0673855}.Release|Any CPU.ActiveCfg = Release|Any CPU
		{02FFFC1F-2555-4B99-8B01-3432D0673855}.Release|Any CPU.Build.0 = Release|Any CPU
		{02FFFC1F-2555-4B99-8B01-3432D0673855}.Release|x86.ActiveCfg = Release|x86
		{02FFFC1F-2555-4B99-8B01-3432D0673855}.Release|x86.Build.0 = Release|x86
		{02FFFC1F-2555-4B99-8B01-3432D0673855}.UseCaptureCardDefinitions|Any CPU.ActiveCfg = UseCaptureCardDefinitions|Any CPU
		{02FFFC1F-2555-4B99-8B01-3432D0673855}.UseCaptureCardDefinitions|Any CPU.Build.0 = UseCaptureCardDefinitions|Any CPU
		{02FFFC1F-2555-4B99-8B01-3432D0673855}.UseCaptureCardDefinitions|x86.ActiveCfg = UseCaptureCardDefinitions|x86
		{02FFFC1F-2555-4B99-8B01-3432D0673855}.UseCaptureCardDefinitions|x86.Build.0 = UseCaptureCardDefinitions|x86
		{02FFFC1F-2555-4B99-8B01-3432D0673855}.UseCaptureDefintionsRelease|Any CPU.ActiveCfg = UseCaptureDefintionsRelease|Any CPU
		{02FFFC1F-2555-4B99-8B01-3432D0673855}.UseCaptureDefintionsRelease|Any CPU.Build.0 = UseCaptureDefintionsRelease|Any CPU
		{02FFFC1F-2555-4B99-8B01-3432D0673855}.UseCaptureDefintionsRelease|x86.ActiveCfg = UseCaptureDefintionsRelease|x86
		{02FFFC1F-2555-4B99-8B01-3432D0673855}.UseCaptureDefintionsRelease|x86.Build.0 = UseCaptureDefintionsRelease|x86
		{DFAB8CDD-A6BA-4A87-930F-CB09B30C1C9D}.Debug|Any CPU.ActiveCfg = Debug|Any CPU
		{DFAB8CDD-A6BA-4A87-930F-CB09B30C1C9D}.Debug|Any CPU.Build.0 = Debug|Any CPU
		{DFAB8CDD-A6BA-4A87-930F-CB09B30C1C9D}.Debug|x86.ActiveCfg = Debug|x86
		{DFAB8CDD-A6BA-4A87-930F-CB09B30C1C9D}.Debug|x86.Build.0 = Debug|x86
		{DFAB8CDD-A6BA-4A87-930F-CB09B30C1C9D}.Release|Any CPU.ActiveCfg = Release|Any CPU
		{DFAB8CDD-A6BA-4A87-930F-CB09B30C1C9D}.Release|Any CPU.Build.0 = Release|Any CPU
		{DFAB8CDD-A6BA-4A87-930F-CB09B30C1C9D}.Release|x86.ActiveCfg = Release|x86
		{DFAB8CDD-A6BA-4A87-930F-CB09B30C1C9D}.Release|x86.Build.0 = Release|x86
		{DFAB8CDD-A6BA-4A87-930F-CB09B30C1C9D}.UseCaptureCardDefinitions|Any CPU.ActiveCfg = UseCaptureCardDefinitions|Any CPU
		{DFAB8CDD-A6BA-4A87-930F-CB09B30C1C9D}.UseCaptureCardDefinitions|Any CPU.Build.0 = UseCaptureCardDefinitions|Any CPU
		{DFAB8CDD-A6BA-4A87-930F-CB09B30C1C9D}.UseCaptureCardDefinitions|x86.ActiveCfg = UseCaptureCardDefinitions|x86
		{DFAB8CDD-A6BA-4A87-930F-CB09B30C1C9D}.UseCaptureCardDefinitions|x86.Build.0 = UseCaptureCardDefinitions|x86
		{DFAB8CDD-A6BA-4A87-930F-CB09B30C1C9D}.UseCaptureDefintionsRelease|Any CPU.ActiveCfg = UseCaptureDefintionsRelease|Any CPU
		{DFAB8CDD-A6BA-4A87-930F-CB09B30C1C9D}.UseCaptureDefintionsRelease|Any CPU.Build.0 = UseCaptureDefintionsRelease|Any CPU
		{DFAB8CDD-A6BA-4A87-930F-CB09B30C1C9D}.UseCaptureDefintionsRelease|x86.ActiveCfg = UseCaptureDefintionsRelease|x86
		{DFAB8CDD-A6BA-4A87-930F-CB09B30C1C9D}.UseCaptureDefintionsRelease|x86.Build.0 = UseCaptureDefintionsRelease|x86
		{5B8BC37B-44EB-4736-8B27-0960F3E03822}.Debug|Any CPU.ActiveCfg = Debug|Any CPU
		{5B8BC37B-44EB-4736-8B27-0960F3E03822}.Debug|Any CPU.Build.0 = Debug|Any CPU
		{5B8BC37B-44EB-4736-8B27-0960F3E03822}.Debug|x86.ActiveCfg = Debug|x86
		{5B8BC37B-44EB-4736-8B27-0960F3E03822}.Debug|x86.Build.0 = Debug|x86
		{5B8BC37B-44EB-4736-8B27-0960F3E03822}.Release|Any CPU.ActiveCfg = Release|Any CPU
		{5B8BC37B-44EB-4736-8B27-0960F3E03822}.Release|Any CPU.Build.0 = Release|Any CPU
		{5B8BC37B-44EB-4736-8B27-0960F3E03822}.Release|x86.ActiveCfg = Release|x86
		{5B8BC37B-44EB-4736-8B27-0960F3E03822}.Release|x86.Build.0 = Release|x86
		{5B8BC37B-44EB-4736-8B27-0960F3E03822}.UseCaptureCardDefinitions|Any CPU.ActiveCfg = UseCaptureCardDefinitions|Any CPU
		{5B8BC37B-44EB-4736-8B27-0960F3E03822}.UseCaptureCardDefinitions|Any CPU.Build.0 = UseCaptureCardDefinitions|Any CPU
		{5B8BC37B-44EB-4736-8B27-0960F3E03822}.UseCaptureCardDefinitions|x86.ActiveCfg = UseCaptureCardDefinitions|x86
		{5B8BC37B-44EB-4736-8B27-0960F3E03822}.UseCaptureCardDefinitions|x86.Build.0 = UseCaptureCardDefinitions|x86
		{5B8BC37B-44EB-4736-8B27-0960F3E03822}.UseCaptureDefintionsRelease|Any CPU.ActiveCfg = UseCaptureDefintionsRelease|Any CPU
		{5B8BC37B-44EB-4736-8B27-0960F3E03822}.UseCaptureDefintionsRelease|Any CPU.Build.0 = UseCaptureDefintionsRelease|Any CPU
		{5B8BC37B-44EB-4736-8B27-0960F3E03822}.UseCaptureDefintionsRelease|x86.ActiveCfg = UseCaptureDefintionsRelease|x86
		{5B8BC37B-44EB-4736-8B27-0960F3E03822}.UseCaptureDefintionsRelease|x86.Build.0 = UseCaptureDefintionsRelease|x86
		{B282C55B-A37B-4CEC-A4FC-00791069BF00}.Debug|Any CPU.ActiveCfg = Debug|Any CPU
		{B282C55B-A37B-4CEC-A4FC-00791069BF00}.Debug|Any CPU.Build.0 = Debug|Any CPU
		{B282C55B-A37B-4CEC-A4FC-00791069BF00}.Debug|x86.ActiveCfg = Debug|x86
		{B282C55B-A37B-4CEC-A4FC-00791069BF00}.Debug|x86.Build.0 = Debug|x86
		{B282C55B-A37B-4CEC-A4FC-00791069BF00}.Release|Any CPU.ActiveCfg = Release|Any CPU
		{B282C55B-A37B-4CEC-A4FC-00791069BF00}.Release|Any CPU.Build.0 = Release|Any CPU
		{B282C55B-A37B-4CEC-A4FC-00791069BF00}.Release|x86.ActiveCfg = Release|x86
		{B282C55B-A37B-4CEC-A4FC-00791069BF00}.Release|x86.Build.0 = Release|x86
		{B282C55B-A37B-4CEC-A4FC-00791069BF00}.UseCaptureCardDefinitions|Any CPU.ActiveCfg = UseCaptureCardDefinitions|Any CPU
		{B282C55B-A37B-4CEC-A4FC-00791069BF00}.UseCaptureCardDefinitions|Any CPU.Build.0 = UseCaptureCardDefinitions|Any CPU
		{B282C55B-A37B-4CEC-A4FC-00791069BF00}.UseCaptureCardDefinitions|x86.ActiveCfg = UseCaptureCardDefinitions|x86
		{B282C55B-A37B-4CEC-A4FC-00791069BF00}.UseCaptureCardDefinitions|x86.Build.0 = UseCaptureCardDefinitions|x86
		{B282C55B-A37B-4CEC-A4FC-00791069BF00}.UseCaptureDefintionsRelease|Any CPU.ActiveCfg = UseCaptureDefintionsRelease|Any CPU
		{B282C55B-A37B-4CEC-A4FC-00791069BF00}.UseCaptureDefintionsRelease|Any CPU.Build.0 = UseCaptureDefintionsRelease|Any CPU
		{B282C55B-A37B-4CEC-A4FC-00791069BF00}.UseCaptureDefintionsRelease|x86.ActiveCfg = UseCaptureDefintionsRelease|x86
		{B282C55B-A37B-4CEC-A4FC-00791069BF00}.UseCaptureDefintionsRelease|x86.Build.0 = UseCaptureDefintionsRelease|x86
		{C1BCEC3E-6074-4328-B5D9-391A457C8FFB}.Debug|Any CPU.ActiveCfg = Debug|Any CPU
		{C1BCEC3E-6074-4328-B5D9-391A457C8FFB}.Debug|Any CPU.Build.0 = Debug|Any CPU
		{C1BCEC3E-6074-4328-B5D9-391A457C8FFB}.Debug|x86.ActiveCfg = Debug|x86
		{C1BCEC3E-6074-4328-B5D9-391A457C8FFB}.Debug|x86.Build.0 = Debug|x86
		{C1BCEC3E-6074-4328-B5D9-391A457C8FFB}.Release|Any CPU.ActiveCfg = Release|Any CPU
		{C1BCEC3E-6074-4328-B5D9-391A457C8FFB}.Release|Any CPU.Build.0 = Release|Any CPU
		{C1BCEC3E-6074-4328-B5D9-391A457C8FFB}.Release|x86.ActiveCfg = Release|x86
		{C1BCEC3E-6074-4328-B5D9-391A457C8FFB}.Release|x86.Build.0 = Release|x86
		{C1BCEC3E-6074-4328-B5D9-391A457C8FFB}.UseCaptureCardDefinitions|Any CPU.ActiveCfg = UseCaptureCardDefinitions|Any CPU
		{C1BCEC3E-6074-4328-B5D9-391A457C8FFB}.UseCaptureCardDefinitions|Any CPU.Build.0 = UseCaptureCardDefinitions|Any CPU
		{C1BCEC3E-6074-4328-B5D9-391A457C8FFB}.UseCaptureCardDefinitions|x86.ActiveCfg = UseCaptureCardDefinitions|x86
		{C1BCEC3E-6074-4328-B5D9-391A457C8FFB}.UseCaptureCardDefinitions|x86.Build.0 = UseCaptureCardDefinitions|x86
		{C1BCEC3E-6074-4328-B5D9-391A457C8FFB}.UseCaptureDefintionsRelease|Any CPU.ActiveCfg = UseCaptureDefintionsRelease|Any CPU
		{C1BCEC3E-6074-4328-B5D9-391A457C8FFB}.UseCaptureDefintionsRelease|Any CPU.Build.0 = UseCaptureDefintionsRelease|Any CPU
		{C1BCEC3E-6074-4328-B5D9-391A457C8FFB}.UseCaptureDefintionsRelease|x86.ActiveCfg = UseCaptureDefintionsRelease|x86
		{C1BCEC3E-6074-4328-B5D9-391A457C8FFB}.UseCaptureDefintionsRelease|x86.Build.0 = UseCaptureDefintionsRelease|x86
		{809F8C77-0EC1-44F9-9536-707A646F43EB}.Debug|Any CPU.ActiveCfg = Debug|Any CPU
		{809F8C77-0EC1-44F9-9536-707A646F43EB}.Debug|Any CPU.Build.0 = Debug|Any CPU
		{809F8C77-0EC1-44F9-9536-707A646F43EB}.Debug|x86.ActiveCfg = Debug|x86
		{809F8C77-0EC1-44F9-9536-707A646F43EB}.Debug|x86.Build.0 = Debug|x86
		{809F8C77-0EC1-44F9-9536-707A646F43EB}.Release|Any CPU.ActiveCfg = Release|Any CPU
		{809F8C77-0EC1-44F9-9536-707A646F43EB}.Release|Any CPU.Build.0 = Release|Any CPU
		{809F8C77-0EC1-44F9-9536-707A646F43EB}.Release|x86.ActiveCfg = Release|x86
		{809F8C77-0EC1-44F9-9536-707A646F43EB}.Release|x86.Build.0 = Release|x86
		{809F8C77-0EC1-44F9-9536-707A646F43EB}.UseCaptureCardDefinitions|Any CPU.ActiveCfg = UseCaptureCardDefinitions|Any CPU
		{809F8C77-0EC1-44F9-9536-707A646F43EB}.UseCaptureCardDefinitions|Any CPU.Build.0 = UseCaptureCardDefinitions|Any CPU
		{809F8C77-0EC1-44F9-9536-707A646F43EB}.UseCaptureCardDefinitions|x86.ActiveCfg = UseCaptureCardDefinitions|x86
		{809F8C77-0EC1-44F9-9536-707A646F43EB}.UseCaptureCardDefinitions|x86.Build.0 = UseCaptureCardDefinitions|x86
		{809F8C77-0EC1-44F9-9536-707A646F43EB}.UseCaptureDefintionsRelease|Any CPU.ActiveCfg = UseCaptureDefintionsRelease|Any CPU
		{809F8C77-0EC1-44F9-9536-707A646F43EB}.UseCaptureDefintionsRelease|Any CPU.Build.0 = UseCaptureDefintionsRelease|Any CPU
		{809F8C77-0EC1-44F9-9536-707A646F43EB}.UseCaptureDefintionsRelease|x86.ActiveCfg = UseCaptureDefintionsRelease|x86
		{809F8C77-0EC1-44F9-9536-707A646F43EB}.UseCaptureDefintionsRelease|x86.Build.0 = UseCaptureDefintionsRelease|x86
		{3333B71D-6304-452C-BEA5-D037E7B3AA6B}.Debug|Any CPU.ActiveCfg = Debug|Any CPU
		{3333B71D-6304-452C-BEA5-D037E7B3AA6B}.Debug|Any CPU.Build.0 = Debug|Any CPU
		{3333B71D-6304-452C-BEA5-D037E7B3AA6B}.Debug|x86.ActiveCfg = Debug|x86
		{3333B71D-6304-452C-BEA5-D037E7B3AA6B}.Debug|x86.Build.0 = Debug|x86
		{3333B71D-6304-452C-BEA5-D037E7B3AA6B}.Release|Any CPU.ActiveCfg = Release|Any CPU
		{3333B71D-6304-452C-BEA5-D037E7B3AA6B}.Release|Any CPU.Build.0 = Release|Any CPU
		{3333B71D-6304-452C-BEA5-D037E7B3AA6B}.Release|x86.ActiveCfg = Release|x86
		{3333B71D-6304-452C-BEA5-D037E7B3AA6B}.Release|x86.Build.0 = Release|x86
		{3333B71D-6304-452C-BEA5-D037E7B3AA6B}.UseCaptureCardDefinitions|Any CPU.ActiveCfg = UseCaptureCardDefinitions|Any CPU
		{3333B71D-6304-452C-BEA5-D037E7B3AA6B}.UseCaptureCardDefinitions|Any CPU.Build.0 = UseCaptureCardDefinitions|Any CPU
		{3333B71D-6304-452C-BEA5-D037E7B3AA6B}.UseCaptureCardDefinitions|x86.ActiveCfg = UseCaptureCardDefinitions|x86
		{3333B71D-6304-452C-BEA5-D037E7B3AA6B}.UseCaptureCardDefinitions|x86.Build.0 = UseCaptureCardDefinitions|x86
		{3333B71D-6304-452C-BEA5-D037E7B3AA6B}.UseCaptureDefintionsRelease|Any CPU.ActiveCfg = UseCaptureDefintionsRelease|Any CPU
		{3333B71D-6304-452C-BEA5-D037E7B3AA6B}.UseCaptureDefintionsRelease|Any CPU.Build.0 = UseCaptureDefintionsRelease|Any CPU
		{3333B71D-6304-452C-BEA5-D037E7B3AA6B}.UseCaptureDefintionsRelease|x86.ActiveCfg = UseCaptureDefintionsRelease|x86
		{3333B71D-6304-452C-BEA5-D037E7B3AA6B}.UseCaptureDefintionsRelease|x86.Build.0 = UseCaptureDefintionsRelease|x86
		{57137A99-FD0A-4A3C-9B51-0DA10DCDE7A6}.Debug|Any CPU.ActiveCfg = Debug|Any CPU
		{57137A99-FD0A-4A3C-9B51-0DA10DCDE7A6}.Debug|Any CPU.Build.0 = Debug|Any CPU
		{57137A99-FD0A-4A3C-9B51-0DA10DCDE7A6}.Debug|x86.ActiveCfg = Debug|x86
		{57137A99-FD0A-4A3C-9B51-0DA10DCDE7A6}.Debug|x86.Build.0 = Debug|x86
		{57137A99-FD0A-4A3C-9B51-0DA10DCDE7A6}.Release|Any CPU.ActiveCfg = Release|Any CPU
		{57137A99-FD0A-4A3C-9B51-0DA10DCDE7A6}.Release|Any CPU.Build.0 = Release|Any CPU
		{57137A99-FD0A-4A3C-9B51-0DA10DCDE7A6}.Release|x86.ActiveCfg = Release|x86
		{57137A99-FD0A-4A3C-9B51-0DA10DCDE7A6}.Release|x86.Build.0 = Release|x86
		{57137A99-FD0A-4A3C-9B51-0DA10DCDE7A6}.UseCaptureCardDefinitions|Any CPU.ActiveCfg = UseCaptureDefintionsRelease|x86
		{57137A99-FD0A-4A3C-9B51-0DA10DCDE7A6}.UseCaptureCardDefinitions|x86.ActiveCfg = UseCaptureDefintionsRelease|x86
		{57137A99-FD0A-4A3C-9B51-0DA10DCDE7A6}.UseCaptureCardDefinitions|x86.Build.0 = UseCaptureDefintionsRelease|x86
		{57137A99-FD0A-4A3C-9B51-0DA10DCDE7A6}.UseCaptureDefintionsRelease|Any CPU.ActiveCfg = UseCaptureDefintionsRelease|Any CPU
		{57137A99-FD0A-4A3C-9B51-0DA10DCDE7A6}.UseCaptureDefintionsRelease|Any CPU.Build.0 = UseCaptureDefintionsRelease|Any CPU
		{57137A99-FD0A-4A3C-9B51-0DA10DCDE7A6}.UseCaptureDefintionsRelease|x86.ActiveCfg = UseCaptureDefintionsRelease|x86
		{57137A99-FD0A-4A3C-9B51-0DA10DCDE7A6}.UseCaptureDefintionsRelease|x86.Build.0 = UseCaptureDefintionsRelease|x86
		{68168FAA-A363-4F64-981C-32629A537900}.Debug|Any CPU.ActiveCfg = Debug|Any CPU
		{68168FAA-A363-4F64-981C-32629A537900}.Debug|Any CPU.Build.0 = Debug|Any CPU
		{68168FAA-A363-4F64-981C-32629A537900}.Debug|x86.ActiveCfg = Debug|x86
		{68168FAA-A363-4F64-981C-32629A537900}.Debug|x86.Build.0 = Debug|x86
		{68168FAA-A363-4F64-981C-32629A537900}.Release|Any CPU.ActiveCfg = Release|Any CPU
		{68168FAA-A363-4F64-981C-32629A537900}.Release|Any CPU.Build.0 = Release|Any CPU
		{68168FAA-A363-4F64-981C-32629A537900}.Release|x86.ActiveCfg = Release|x86
		{68168FAA-A363-4F64-981C-32629A537900}.Release|x86.Build.0 = Release|x86
		{68168FAA-A363-4F64-981C-32629A537900}.UseCaptureCardDefinitions|Any CPU.ActiveCfg = UseCaptureCardDefinitions|Any CPU
		{68168FAA-A363-4F64-981C-32629A537900}.UseCaptureCardDefinitions|Any CPU.Build.0 = UseCaptureCardDefinitions|Any CPU
		{68168FAA-A363-4F64-981C-32629A537900}.UseCaptureCardDefinitions|x86.ActiveCfg = UseCaptureCardDefinitions|x86
		{68168FAA-A363-4F64-981C-32629A537900}.UseCaptureCardDefinitions|x86.Build.0 = UseCaptureCardDefinitions|x86
		{68168FAA-A363-4F64-981C-32629A537900}.UseCaptureDefintionsRelease|Any CPU.ActiveCfg = UseCaptureDefintionsRelease|Any CPU
		{68168FAA-A363-4F64-981C-32629A537900}.UseCaptureDefintionsRelease|Any CPU.Build.0 = UseCaptureDefintionsRelease|Any CPU
		{68168FAA-A363-4F64-981C-32629A537900}.UseCaptureDefintionsRelease|x86.ActiveCfg = UseCaptureDefintionsRelease|x86
		{68168FAA-A363-4F64-981C-32629A537900}.UseCaptureDefintionsRelease|x86.Build.0 = UseCaptureDefintionsRelease|x86
		{B5886774-5D2B-4F6C-A6B6-3998F4F5E60C}.Debug|Any CPU.ActiveCfg = Debug|Any CPU
		{B5886774-5D2B-4F6C-A6B6-3998F4F5E60C}.Debug|Any CPU.Build.0 = Debug|Any CPU
		{B5886774-5D2B-4F6C-A6B6-3998F4F5E60C}.Debug|x86.ActiveCfg = Debug|x86
		{B5886774-5D2B-4F6C-A6B6-3998F4F5E60C}.Debug|x86.Build.0 = Debug|x86
		{B5886774-5D2B-4F6C-A6B6-3998F4F5E60C}.Release|Any CPU.ActiveCfg = Release|Any CPU
		{B5886774-5D2B-4F6C-A6B6-3998F4F5E60C}.Release|Any CPU.Build.0 = Release|Any CPU
		{B5886774-5D2B-4F6C-A6B6-3998F4F5E60C}.Release|x86.ActiveCfg = Release|x86
		{B5886774-5D2B-4F6C-A6B6-3998F4F5E60C}.Release|x86.Build.0 = Release|x86
		{B5886774-5D2B-4F6C-A6B6-3998F4F5E60C}.UseCaptureCardDefinitions|Any CPU.ActiveCfg = UseCaptureCardDefinitions|Any CPU
		{B5886774-5D2B-4F6C-A6B6-3998F4F5E60C}.UseCaptureCardDefinitions|Any CPU.Build.0 = UseCaptureCardDefinitions|Any CPU
		{B5886774-5D2B-4F6C-A6B6-3998F4F5E60C}.UseCaptureCardDefinitions|x86.ActiveCfg = UseCaptureCardDefinitions|x86
		{B5886774-5D2B-4F6C-A6B6-3998F4F5E60C}.UseCaptureCardDefinitions|x86.Build.0 = UseCaptureCardDefinitions|x86
		{B5886774-5D2B-4F6C-A6B6-3998F4F5E60C}.UseCaptureDefintionsRelease|Any CPU.ActiveCfg = UseCaptureDefintionsRelease|Any CPU
		{B5886774-5D2B-4F6C-A6B6-3998F4F5E60C}.UseCaptureDefintionsRelease|Any CPU.Build.0 = UseCaptureDefintionsRelease|Any CPU
		{B5886774-5D2B-4F6C-A6B6-3998F4F5E60C}.UseCaptureDefintionsRelease|x86.ActiveCfg = UseCaptureDefintionsRelease|x86
		{B5886774-5D2B-4F6C-A6B6-3998F4F5E60C}.UseCaptureDefintionsRelease|x86.Build.0 = UseCaptureDefintionsRelease|x86
		{CBDFAA0E-01F5-4331-AB55-18A4A037B5AE}.Debug|Any CPU.ActiveCfg = Debug|Any CPU
		{CBDFAA0E-01F5-4331-AB55-18A4A037B5AE}.Debug|Any CPU.Build.0 = Debug|Any CPU
		{CBDFAA0E-01F5-4331-AB55-18A4A037B5AE}.Debug|x86.ActiveCfg = Debug|x86
		{CBDFAA0E-01F5-4331-AB55-18A4A037B5AE}.Debug|x86.Build.0 = Debug|x86
		{CBDFAA0E-01F5-4331-AB55-18A4A037B5AE}.Release|Any CPU.ActiveCfg = Release|Any CPU
		{CBDFAA0E-01F5-4331-AB55-18A4A037B5AE}.Release|Any CPU.Build.0 = Release|Any CPU
		{CBDFAA0E-01F5-4331-AB55-18A4A037B5AE}.Release|x86.ActiveCfg = Release|x86
		{CBDFAA0E-01F5-4331-AB55-18A4A037B5AE}.Release|x86.Build.0 = Release|x86
		{CBDFAA0E-01F5-4331-AB55-18A4A037B5AE}.UseCaptureCardDefinitions|Any CPU.ActiveCfg = UseCaptureCardDefinitions|Any CPU
		{CBDFAA0E-01F5-4331-AB55-18A4A037B5AE}.UseCaptureCardDefinitions|Any CPU.Build.0 = UseCaptureCardDefinitions|Any CPU
		{CBDFAA0E-01F5-4331-AB55-18A4A037B5AE}.UseCaptureCardDefinitions|x86.ActiveCfg = UseCaptureCardDefinitions|x86
		{CBDFAA0E-01F5-4331-AB55-18A4A037B5AE}.UseCaptureCardDefinitions|x86.Build.0 = UseCaptureCardDefinitions|x86
		{CBDFAA0E-01F5-4331-AB55-18A4A037B5AE}.UseCaptureDefintionsRelease|Any CPU.ActiveCfg = UseCaptureDefintionsRelease|Any CPU
		{CBDFAA0E-01F5-4331-AB55-18A4A037B5AE}.UseCaptureDefintionsRelease|Any CPU.Build.0 = UseCaptureDefintionsRelease|Any CPU
		{CBDFAA0E-01F5-4331-AB55-18A4A037B5AE}.UseCaptureDefintionsRelease|x86.ActiveCfg = UseCaptureDefintionsRelease|x86
		{CBDFAA0E-01F5-4331-AB55-18A4A037B5AE}.UseCaptureDefintionsRelease|x86.Build.0 = UseCaptureDefintionsRelease|x86
		{396C5208-5D46-4A11-92C1-FD0F2F42D7DD}.Debug|Any CPU.ActiveCfg = Debug|Any CPU
		{396C5208-5D46-4A11-92C1-FD0F2F42D7DD}.Debug|Any CPU.Build.0 = Debug|Any CPU
		{396C5208-5D46-4A11-92C1-FD0F2F42D7DD}.Debug|x86.ActiveCfg = Debug|x86
		{396C5208-5D46-4A11-92C1-FD0F2F42D7DD}.Debug|x86.Build.0 = Debug|x86
		{396C5208-5D46-4A11-92C1-FD0F2F42D7DD}.Release|Any CPU.ActiveCfg = Release|Any CPU
		{396C5208-5D46-4A11-92C1-FD0F2F42D7DD}.Release|Any CPU.Build.0 = Release|Any CPU
		{396C5208-5D46-4A11-92C1-FD0F2F42D7DD}.Release|x86.ActiveCfg = Release|x86
		{396C5208-5D46-4A11-92C1-FD0F2F42D7DD}.Release|x86.Build.0 = Release|x86
		{396C5208-5D46-4A11-92C1-FD0F2F42D7DD}.UseCaptureCardDefinitions|Any CPU.ActiveCfg = Release|x86
		{396C5208-5D46-4A11-92C1-FD0F2F42D7DD}.UseCaptureCardDefinitions|x86.ActiveCfg = Release|x86
		{396C5208-5D46-4A11-92C1-FD0F2F42D7DD}.UseCaptureCardDefinitions|x86.Build.0 = Release|x86
		{396C5208-5D46-4A11-92C1-FD0F2F42D7DD}.UseCaptureDefintionsRelease|Any CPU.ActiveCfg = Release|Any CPU
		{396C5208-5D46-4A11-92C1-FD0F2F42D7DD}.UseCaptureDefintionsRelease|Any CPU.Build.0 = Release|Any CPU
		{396C5208-5D46-4A11-92C1-FD0F2F42D7DD}.UseCaptureDefintionsRelease|x86.ActiveCfg = Release|x86
		{396C5208-5D46-4A11-92C1-FD0F2F42D7DD}.UseCaptureDefintionsRelease|x86.Build.0 = Release|x86
		{0A234721-1F13-4DF8-9B1E-64D9E3111203}.Debug|Any CPU.ActiveCfg = Debug|Any CPU
		{0A234721-1F13-4DF8-9B1E-64D9E3111203}.Debug|Any CPU.Build.0 = Debug|Any CPU
		{0A234721-1F13-4DF8-9B1E-64D9E3111203}.Debug|x86.ActiveCfg = Debug|x86
		{0A234721-1F13-4DF8-9B1E-64D9E3111203}.Debug|x86.Build.0 = Debug|x86
		{0A234721-1F13-4DF8-9B1E-64D9E3111203}.Release|Any CPU.ActiveCfg = Release|Any CPU
		{0A234721-1F13-4DF8-9B1E-64D9E3111203}.Release|Any CPU.Build.0 = Release|Any CPU
		{0A234721-1F13-4DF8-9B1E-64D9E3111203}.Release|x86.ActiveCfg = Release|x86
		{0A234721-1F13-4DF8-9B1E-64D9E3111203}.Release|x86.Build.0 = Release|x86
		{0A234721-1F13-4DF8-9B1E-64D9E3111203}.UseCaptureCardDefinitions|Any CPU.ActiveCfg = Release|x86
		{0A234721-1F13-4DF8-9B1E-64D9E3111203}.UseCaptureCardDefinitions|x86.ActiveCfg = Release|x86
		{0A234721-1F13-4DF8-9B1E-64D9E3111203}.UseCaptureCardDefinitions|x86.Build.0 = Release|x86
		{0A234721-1F13-4DF8-9B1E-64D9E3111203}.UseCaptureDefintionsRelease|Any CPU.ActiveCfg = Release|Any CPU
		{0A234721-1F13-4DF8-9B1E-64D9E3111203}.UseCaptureDefintionsRelease|Any CPU.Build.0 = Release|Any CPU
		{0A234721-1F13-4DF8-9B1E-64D9E3111203}.UseCaptureDefintionsRelease|x86.ActiveCfg = Release|x86
		{0A234721-1F13-4DF8-9B1E-64D9E3111203}.UseCaptureDefintionsRelease|x86.Build.0 = Release|x86
		{F7CB2A9F-004E-4667-BEAF-782F1C28E2D3}.Debug|Any CPU.ActiveCfg = Debug|Any CPU
		{F7CB2A9F-004E-4667-BEAF-782F1C28E2D3}.Debug|Any CPU.Build.0 = Debug|Any CPU
		{F7CB2A9F-004E-4667-BEAF-782F1C28E2D3}.Debug|x86.ActiveCfg = Debug|x86
		{F7CB2A9F-004E-4667-BEAF-782F1C28E2D3}.Debug|x86.Build.0 = Debug|x86
		{F7CB2A9F-004E-4667-BEAF-782F1C28E2D3}.Release|Any CPU.ActiveCfg = Release|Any CPU
		{F7CB2A9F-004E-4667-BEAF-782F1C28E2D3}.Release|Any CPU.Build.0 = Release|Any CPU
		{F7CB2A9F-004E-4667-BEAF-782F1C28E2D3}.Release|x86.ActiveCfg = Release|x86
		{F7CB2A9F-004E-4667-BEAF-782F1C28E2D3}.Release|x86.Build.0 = Release|x86
		{F7CB2A9F-004E-4667-BEAF-782F1C28E2D3}.UseCaptureCardDefinitions|Any CPU.ActiveCfg = Release|x86
		{F7CB2A9F-004E-4667-BEAF-782F1C28E2D3}.UseCaptureCardDefinitions|x86.ActiveCfg = Release|x86
		{F7CB2A9F-004E-4667-BEAF-782F1C28E2D3}.UseCaptureCardDefinitions|x86.Build.0 = Release|x86
		{F7CB2A9F-004E-4667-BEAF-782F1C28E2D3}.UseCaptureDefintionsRelease|Any CPU.ActiveCfg = Release|Any CPU
		{F7CB2A9F-004E-4667-BEAF-782F1C28E2D3}.UseCaptureDefintionsRelease|Any CPU.Build.0 = Release|Any CPU
		{F7CB2A9F-004E-4667-BEAF-782F1C28E2D3}.UseCaptureDefintionsRelease|x86.ActiveCfg = Release|x86
		{F7CB2A9F-004E-4667-BEAF-782F1C28E2D3}.UseCaptureDefintionsRelease|x86.Build.0 = Release|x86
		{47B8906A-5EC9-4641-811E-8BC0EAF97DDD}.Debug|Any CPU.ActiveCfg = Debug|Any CPU
		{47B8906A-5EC9-4641-811E-8BC0EAF97DDD}.Debug|Any CPU.Build.0 = Debug|Any CPU
		{47B8906A-5EC9-4641-811E-8BC0EAF97DDD}.Debug|x86.ActiveCfg = Debug|x86
		{47B8906A-5EC9-4641-811E-8BC0EAF97DDD}.Debug|x86.Build.0 = Debug|x86
		{47B8906A-5EC9-4641-811E-8BC0EAF97DDD}.Release|Any CPU.ActiveCfg = Release|Any CPU
		{47B8906A-5EC9-4641-811E-8BC0EAF97DDD}.Release|Any CPU.Build.0 = Release|Any CPU
		{47B8906A-5EC9-4641-811E-8BC0EAF97DDD}.Release|x86.ActiveCfg = Release|x86
		{47B8906A-5EC9-4641-811E-8BC0EAF97DDD}.Release|x86.Build.0 = Release|x86
		{47B8906A-5EC9-4641-811E-8BC0EAF97DDD}.UseCaptureCardDefinitions|Any CPU.ActiveCfg = Release|x86
		{47B8906A-5EC9-4641-811E-8BC0EAF97DDD}.UseCaptureCardDefinitions|x86.ActiveCfg = Release|x86
		{47B8906A-5EC9-4641-811E-8BC0EAF97DDD}.UseCaptureCardDefinitions|x86.Build.0 = Release|x86
		{47B8906A-5EC9-4641-811E-8BC0EAF97DDD}.UseCaptureDefintionsRelease|Any CPU.ActiveCfg = Release|Any CPU
		{47B8906A-5EC9-4641-811E-8BC0EAF97DDD}.UseCaptureDefintionsRelease|Any CPU.Build.0 = Release|Any CPU
		{47B8906A-5EC9-4641-811E-8BC0EAF97DDD}.UseCaptureDefintionsRelease|x86.ActiveCfg = Release|x86
		{47B8906A-5EC9-4641-811E-8BC0EAF97DDD}.UseCaptureDefintionsRelease|x86.Build.0 = Release|x86
		{67D44FEB-AC41-4B93-AC1D-876318CDD16B}.Debug|Any CPU.ActiveCfg = Debug|Any CPU
		{67D44FEB-AC41-4B93-AC1D-876318CDD16B}.Debug|Any CPU.Build.0 = Debug|Any CPU
		{67D44FEB-AC41-4B93-AC1D-876318CDD16B}.Debug|x86.ActiveCfg = Debug|x86
		{67D44FEB-AC41-4B93-AC1D-876318CDD16B}.Debug|x86.Build.0 = Debug|x86
		{67D44FEB-AC41-4B93-AC1D-876318CDD16B}.Release|Any CPU.ActiveCfg = Release|Any CPU
		{67D44FEB-AC41-4B93-AC1D-876318CDD16B}.Release|Any CPU.Build.0 = Release|Any CPU
		{67D44FEB-AC41-4B93-AC1D-876318CDD16B}.Release|x86.ActiveCfg = Release|x86
		{67D44FEB-AC41-4B93-AC1D-876318CDD16B}.Release|x86.Build.0 = Release|x86
		{67D44FEB-AC41-4B93-AC1D-876318CDD16B}.UseCaptureCardDefinitions|Any CPU.ActiveCfg = Release|x86
		{67D44FEB-AC41-4B93-AC1D-876318CDD16B}.UseCaptureCardDefinitions|x86.ActiveCfg = Release|x86
		{67D44FEB-AC41-4B93-AC1D-876318CDD16B}.UseCaptureCardDefinitions|x86.Build.0 = Release|x86
		{67D44FEB-AC41-4B93-AC1D-876318CDD16B}.UseCaptureDefintionsRelease|Any CPU.ActiveCfg = Release|Any CPU
		{67D44FEB-AC41-4B93-AC1D-876318CDD16B}.UseCaptureDefintionsRelease|Any CPU.Build.0 = Release|Any CPU
		{67D44FEB-AC41-4B93-AC1D-876318CDD16B}.UseCaptureDefintionsRelease|x86.ActiveCfg = Release|x86
		{67D44FEB-AC41-4B93-AC1D-876318CDD16B}.UseCaptureDefintionsRelease|x86.Build.0 = Release|x86
		{6DA0E4DF-6230-4642-98B5-E690BB6942BB}.Debug|Any CPU.ActiveCfg = Debug|Any CPU
		{6DA0E4DF-6230-4642-98B5-E690BB6942BB}.Debug|Any CPU.Build.0 = Debug|Any CPU
		{6DA0E4DF-6230-4642-98B5-E690BB6942BB}.Debug|x86.ActiveCfg = Debug|x86
		{6DA0E4DF-6230-4642-98B5-E690BB6942BB}.Debug|x86.Build.0 = Debug|x86
		{6DA0E4DF-6230-4642-98B5-E690BB6942BB}.Release|Any CPU.ActiveCfg = Release|Any CPU
		{6DA0E4DF-6230-4642-98B5-E690BB6942BB}.Release|Any CPU.Build.0 = Release|Any CPU
		{6DA0E4DF-6230-4642-98B5-E690BB6942BB}.Release|x86.ActiveCfg = Release|x86
		{6DA0E4DF-6230-4642-98B5-E690BB6942BB}.Release|x86.Build.0 = Release|x86
		{6DA0E4DF-6230-4642-98B5-E690BB6942BB}.UseCaptureCardDefinitions|Any CPU.ActiveCfg = Release|x86
		{6DA0E4DF-6230-4642-98B5-E690BB6942BB}.UseCaptureCardDefinitions|x86.ActiveCfg = Release|x86
		{6DA0E4DF-6230-4642-98B5-E690BB6942BB}.UseCaptureCardDefinitions|x86.Build.0 = Release|x86
		{6DA0E4DF-6230-4642-98B5-E690BB6942BB}.UseCaptureDefintionsRelease|Any CPU.ActiveCfg = Release|Any CPU
		{6DA0E4DF-6230-4642-98B5-E690BB6942BB}.UseCaptureDefintionsRelease|Any CPU.Build.0 = Release|Any CPU
		{6DA0E4DF-6230-4642-98B5-E690BB6942BB}.UseCaptureDefintionsRelease|x86.ActiveCfg = Release|x86
		{6DA0E4DF-6230-4642-98B5-E690BB6942BB}.UseCaptureDefintionsRelease|x86.Build.0 = Release|x86
		{596BDC58-35E0-488F-BED2-FC7A133BC047}.Debug|Any CPU.ActiveCfg = Debug|Any CPU
		{596BDC58-35E0-488F-BED2-FC7A133BC047}.Debug|Any CPU.Build.0 = Debug|Any CPU
		{596BDC58-35E0-488F-BED2-FC7A133BC047}.Debug|x86.ActiveCfg = Debug|x86
		{596BDC58-35E0-488F-BED2-FC7A133BC047}.Debug|x86.Build.0 = Debug|x86
		{596BDC58-35E0-488F-BED2-FC7A133BC047}.Release|Any CPU.ActiveCfg = Release|Any CPU
		{596BDC58-35E0-488F-BED2-FC7A133BC047}.Release|Any CPU.Build.0 = Release|Any CPU
		{596BDC58-35E0-488F-BED2-FC7A133BC047}.Release|x86.ActiveCfg = Release|x86
		{596BDC58-35E0-488F-BED2-FC7A133BC047}.Release|x86.Build.0 = Release|x86
		{596BDC58-35E0-488F-BED2-FC7A133BC047}.UseCaptureCardDefinitions|Any CPU.ActiveCfg = Release|x86
		{596BDC58-35E0-488F-BED2-FC7A133BC047}.UseCaptureCardDefinitions|x86.ActiveCfg = Release|x86
		{596BDC58-35E0-488F-BED2-FC7A133BC047}.UseCaptureCardDefinitions|x86.Build.0 = Release|x86
		{596BDC58-35E0-488F-BED2-FC7A133BC047}.UseCaptureDefintionsRelease|Any CPU.ActiveCfg = Release|Any CPU
		{596BDC58-35E0-488F-BED2-FC7A133BC047}.UseCaptureDefintionsRelease|Any CPU.Build.0 = Release|Any CPU
		{596BDC58-35E0-488F-BED2-FC7A133BC047}.UseCaptureDefintionsRelease|x86.ActiveCfg = Release|x86
		{596BDC58-35E0-488F-BED2-FC7A133BC047}.UseCaptureDefintionsRelease|x86.Build.0 = Release|x86
		{DF3AC5D1-762E-4807-8642-1AE773B65E07}.Debug|Any CPU.ActiveCfg = Debug|Any CPU
		{DF3AC5D1-762E-4807-8642-1AE773B65E07}.Debug|x86.ActiveCfg = Debug|x86
		{DF3AC5D1-762E-4807-8642-1AE773B65E07}.Debug|x86.Build.0 = Debug|x86
		{DF3AC5D1-762E-4807-8642-1AE773B65E07}.Release|Any CPU.ActiveCfg = Release|Any CPU
		{DF3AC5D1-762E-4807-8642-1AE773B65E07}.Release|x86.ActiveCfg = Release|x86
		{DF3AC5D1-762E-4807-8642-1AE773B65E07}.Release|x86.Build.0 = Release|x86
		{DF3AC5D1-762E-4807-8642-1AE773B65E07}.UseCaptureCardDefinitions|Any CPU.ActiveCfg = Release|x86
		{DF3AC5D1-762E-4807-8642-1AE773B65E07}.UseCaptureCardDefinitions|x86.ActiveCfg = Release|x86
		{DF3AC5D1-762E-4807-8642-1AE773B65E07}.UseCaptureCardDefinitions|x86.Build.0 = Release|x86
		{DF3AC5D1-762E-4807-8642-1AE773B65E07}.UseCaptureDefintionsRelease|Any CPU.ActiveCfg = Release|Any CPU
		{DF3AC5D1-762E-4807-8642-1AE773B65E07}.UseCaptureDefintionsRelease|Any CPU.Build.0 = Release|Any CPU
		{DF3AC5D1-762E-4807-8642-1AE773B65E07}.UseCaptureDefintionsRelease|x86.ActiveCfg = Release|x86
		{DF3AC5D1-762E-4807-8642-1AE773B65E07}.UseCaptureDefintionsRelease|x86.Build.0 = Release|x86
		{CE009BFA-5EF6-4153-B2A1-2FA79698A9AE}.Debug|Any CPU.ActiveCfg = Debug|Any CPU
		{CE009BFA-5EF6-4153-B2A1-2FA79698A9AE}.Debug|Any CPU.Build.0 = Debug|Any CPU
		{CE009BFA-5EF6-4153-B2A1-2FA79698A9AE}.Debug|x86.ActiveCfg = Debug|x86
		{CE009BFA-5EF6-4153-B2A1-2FA79698A9AE}.Debug|x86.Build.0 = Debug|x86
		{CE009BFA-5EF6-4153-B2A1-2FA79698A9AE}.Release|Any CPU.ActiveCfg = Release|Any CPU
		{CE009BFA-5EF6-4153-B2A1-2FA79698A9AE}.Release|Any CPU.Build.0 = Release|Any CPU
		{CE009BFA-5EF6-4153-B2A1-2FA79698A9AE}.Release|x86.ActiveCfg = Release|x86
		{CE009BFA-5EF6-4153-B2A1-2FA79698A9AE}.Release|x86.Build.0 = Release|x86
		{CE009BFA-5EF6-4153-B2A1-2FA79698A9AE}.UseCaptureCardDefinitions|Any CPU.ActiveCfg = Release|x86
		{CE009BFA-5EF6-4153-B2A1-2FA79698A9AE}.UseCaptureCardDefinitions|x86.ActiveCfg = Release|x86
		{CE009BFA-5EF6-4153-B2A1-2FA79698A9AE}.UseCaptureCardDefinitions|x86.Build.0 = Release|x86
		{CE009BFA-5EF6-4153-B2A1-2FA79698A9AE}.UseCaptureDefintionsRelease|Any CPU.ActiveCfg = Release|Any CPU
		{CE009BFA-5EF6-4153-B2A1-2FA79698A9AE}.UseCaptureDefintionsRelease|Any CPU.Build.0 = Release|Any CPU
		{CE009BFA-5EF6-4153-B2A1-2FA79698A9AE}.UseCaptureDefintionsRelease|x86.ActiveCfg = Release|x86
		{CE009BFA-5EF6-4153-B2A1-2FA79698A9AE}.UseCaptureDefintionsRelease|x86.Build.0 = Release|x86
		{BD4A3413-C9F9-4299-BB52-ED45027EE7CC}.Debug|Any CPU.ActiveCfg = Debug|Any CPU
		{BD4A3413-C9F9-4299-BB52-ED45027EE7CC}.Debug|Any CPU.Build.0 = Debug|Any CPU
		{BD4A3413-C9F9-4299-BB52-ED45027EE7CC}.Debug|x86.ActiveCfg = Debug|x86
		{BD4A3413-C9F9-4299-BB52-ED45027EE7CC}.Debug|x86.Build.0 = Debug|x86
		{BD4A3413-C9F9-4299-BB52-ED45027EE7CC}.Release|Any CPU.ActiveCfg = Release|Any CPU
		{BD4A3413-C9F9-4299-BB52-ED45027EE7CC}.Release|Any CPU.Build.0 = Release|Any CPU
		{BD4A3413-C9F9-4299-BB52-ED45027EE7CC}.Release|x86.ActiveCfg = Release|x86
		{BD4A3413-C9F9-4299-BB52-ED45027EE7CC}.Release|x86.Build.0 = Release|x86
		{BD4A3413-C9F9-4299-BB52-ED45027EE7CC}.UseCaptureCardDefinitions|Any CPU.ActiveCfg = Release|x86
		{BD4A3413-C9F9-4299-BB52-ED45027EE7CC}.UseCaptureCardDefinitions|x86.ActiveCfg = Release|x86
		{BD4A3413-C9F9-4299-BB52-ED45027EE7CC}.UseCaptureCardDefinitions|x86.Build.0 = Release|x86
		{BD4A3413-C9F9-4299-BB52-ED45027EE7CC}.UseCaptureDefintionsRelease|Any CPU.ActiveCfg = Release|Any CPU
		{BD4A3413-C9F9-4299-BB52-ED45027EE7CC}.UseCaptureDefintionsRelease|Any CPU.Build.0 = Release|Any CPU
		{BD4A3413-C9F9-4299-BB52-ED45027EE7CC}.UseCaptureDefintionsRelease|x86.ActiveCfg = Release|x86
		{BD4A3413-C9F9-4299-BB52-ED45027EE7CC}.UseCaptureDefintionsRelease|x86.Build.0 = Release|x86
		{C6564AA7-976B-43EF-9E35-7E607EE1DD12}.Debug|Any CPU.ActiveCfg = Debug|Any CPU
		{C6564AA7-976B-43EF-9E35-7E607EE1DD12}.Debug|Any CPU.Build.0 = Debug|Any CPU
		{C6564AA7-976B-43EF-9E35-7E607EE1DD12}.Debug|x86.ActiveCfg = Debug|x86
		{C6564AA7-976B-43EF-9E35-7E607EE1DD12}.Debug|x86.Build.0 = Debug|x86
		{C6564AA7-976B-43EF-9E35-7E607EE1DD12}.Release|Any CPU.ActiveCfg = Release|Any CPU
		{C6564AA7-976B-43EF-9E35-7E607EE1DD12}.Release|Any CPU.Build.0 = Release|Any CPU
		{C6564AA7-976B-43EF-9E35-7E607EE1DD12}.Release|x86.ActiveCfg = Release|x86
		{C6564AA7-976B-43EF-9E35-7E607EE1DD12}.Release|x86.Build.0 = Release|x86
		{C6564AA7-976B-43EF-9E35-7E607EE1DD12}.UseCaptureCardDefinitions|Any CPU.ActiveCfg = Release|x86
		{C6564AA7-976B-43EF-9E35-7E607EE1DD12}.UseCaptureCardDefinitions|x86.ActiveCfg = Release|x86
		{C6564AA7-976B-43EF-9E35-7E607EE1DD12}.UseCaptureCardDefinitions|x86.Build.0 = Release|x86
		{C6564AA7-976B-43EF-9E35-7E607EE1DD12}.UseCaptureDefintionsRelease|Any CPU.ActiveCfg = Release|Any CPU
		{C6564AA7-976B-43EF-9E35-7E607EE1DD12}.UseCaptureDefintionsRelease|Any CPU.Build.0 = Release|Any CPU
		{C6564AA7-976B-43EF-9E35-7E607EE1DD12}.UseCaptureDefintionsRelease|x86.ActiveCfg = Release|x86
		{C6564AA7-976B-43EF-9E35-7E607EE1DD12}.UseCaptureDefintionsRelease|x86.Build.0 = Release|x86
		{1CCD6A99-B59F-42B2-8A6B-A5BCE57FF3F1}.Debug|Any CPU.ActiveCfg = Debug|Any CPU
		{1CCD6A99-B59F-42B2-8A6B-A5BCE57FF3F1}.Debug|Any CPU.Build.0 = Debug|Any CPU
		{1CCD6A99-B59F-42B2-8A6B-A5BCE57FF3F1}.Debug|x86.ActiveCfg = Debug|x86
		{1CCD6A99-B59F-42B2-8A6B-A5BCE57FF3F1}.Debug|x86.Build.0 = Debug|x86
		{1CCD6A99-B59F-42B2-8A6B-A5BCE57FF3F1}.Release|Any CPU.ActiveCfg = Release|Any CPU
		{1CCD6A99-B59F-42B2-8A6B-A5BCE57FF3F1}.Release|Any CPU.Build.0 = Release|Any CPU
		{1CCD6A99-B59F-42B2-8A6B-A5BCE57FF3F1}.Release|x86.ActiveCfg = Release|x86
		{1CCD6A99-B59F-42B2-8A6B-A5BCE57FF3F1}.Release|x86.Build.0 = Release|x86
		{1CCD6A99-B59F-42B2-8A6B-A5BCE57FF3F1}.UseCaptureCardDefinitions|Any CPU.ActiveCfg = Release|x86
		{1CCD6A99-B59F-42B2-8A6B-A5BCE57FF3F1}.UseCaptureCardDefinitions|x86.ActiveCfg = Release|x86
		{1CCD6A99-B59F-42B2-8A6B-A5BCE57FF3F1}.UseCaptureCardDefinitions|x86.Build.0 = Release|x86
		{1CCD6A99-B59F-42B2-8A6B-A5BCE57FF3F1}.UseCaptureDefintionsRelease|Any CPU.ActiveCfg = Release|Any CPU
		{1CCD6A99-B59F-42B2-8A6B-A5BCE57FF3F1}.UseCaptureDefintionsRelease|Any CPU.Build.0 = Release|Any CPU
		{1CCD6A99-B59F-42B2-8A6B-A5BCE57FF3F1}.UseCaptureDefintionsRelease|x86.ActiveCfg = Release|x86
		{1CCD6A99-B59F-42B2-8A6B-A5BCE57FF3F1}.UseCaptureDefintionsRelease|x86.Build.0 = Release|x86
		{11ADEC11-8343-40AD-8AE1-F5AF63F3D7DE}.Debug|Any CPU.ActiveCfg = Debug|Any CPU
		{11ADEC11-8343-40AD-8AE1-F5AF63F3D7DE}.Debug|Any CPU.Build.0 = Debug|Any CPU
		{11ADEC11-8343-40AD-8AE1-F5AF63F3D7DE}.Debug|x86.ActiveCfg = Debug|x86
		{11ADEC11-8343-40AD-8AE1-F5AF63F3D7DE}.Debug|x86.Build.0 = Debug|x86
		{11ADEC11-8343-40AD-8AE1-F5AF63F3D7DE}.Release|Any CPU.ActiveCfg = Release|Any CPU
		{11ADEC11-8343-40AD-8AE1-F5AF63F3D7DE}.Release|Any CPU.Build.0 = Release|Any CPU
		{11ADEC11-8343-40AD-8AE1-F5AF63F3D7DE}.Release|x86.ActiveCfg = Release|x86
		{11ADEC11-8343-40AD-8AE1-F5AF63F3D7DE}.Release|x86.Build.0 = Release|x86
		{11ADEC11-8343-40AD-8AE1-F5AF63F3D7DE}.UseCaptureCardDefinitions|Any CPU.ActiveCfg = Release|x86
		{11ADEC11-8343-40AD-8AE1-F5AF63F3D7DE}.UseCaptureCardDefinitions|x86.ActiveCfg = Release|x86
		{11ADEC11-8343-40AD-8AE1-F5AF63F3D7DE}.UseCaptureCardDefinitions|x86.Build.0 = Release|x86
		{11ADEC11-8343-40AD-8AE1-F5AF63F3D7DE}.UseCaptureDefintionsRelease|Any CPU.ActiveCfg = Release|Any CPU
		{11ADEC11-8343-40AD-8AE1-F5AF63F3D7DE}.UseCaptureDefintionsRelease|Any CPU.Build.0 = Release|Any CPU
		{11ADEC11-8343-40AD-8AE1-F5AF63F3D7DE}.UseCaptureDefintionsRelease|x86.ActiveCfg = Release|x86
		{11ADEC11-8343-40AD-8AE1-F5AF63F3D7DE}.UseCaptureDefintionsRelease|x86.Build.0 = Release|x86
		{BD406DA4-3CD7-4D77-92EB-DAEC22763E55}.Debug|Any CPU.ActiveCfg = Debug|Any CPU
		{BD406DA4-3CD7-4D77-92EB-DAEC22763E55}.Debug|Any CPU.Build.0 = Debug|Any CPU
		{BD406DA4-3CD7-4D77-92EB-DAEC22763E55}.Debug|x86.ActiveCfg = Debug|x86
		{BD406DA4-3CD7-4D77-92EB-DAEC22763E55}.Debug|x86.Build.0 = Debug|x86
		{BD406DA4-3CD7-4D77-92EB-DAEC22763E55}.Release|Any CPU.ActiveCfg = Release|Any CPU
		{BD406DA4-3CD7-4D77-92EB-DAEC22763E55}.Release|Any CPU.Build.0 = Release|Any CPU
		{BD406DA4-3CD7-4D77-92EB-DAEC22763E55}.Release|x86.ActiveCfg = Release|x86
		{BD406DA4-3CD7-4D77-92EB-DAEC22763E55}.Release|x86.Build.0 = Release|x86
		{BD406DA4-3CD7-4D77-92EB-DAEC22763E55}.UseCaptureCardDefinitions|Any CPU.ActiveCfg = Release|x86
		{BD406DA4-3CD7-4D77-92EB-DAEC22763E55}.UseCaptureCardDefinitions|x86.ActiveCfg = Release|x86
		{BD406DA4-3CD7-4D77-92EB-DAEC22763E55}.UseCaptureCardDefinitions|x86.Build.0 = Release|x86
		{BD406DA4-3CD7-4D77-92EB-DAEC22763E55}.UseCaptureDefintionsRelease|Any CPU.ActiveCfg = Release|Any CPU
		{BD406DA4-3CD7-4D77-92EB-DAEC22763E55}.UseCaptureDefintionsRelease|Any CPU.Build.0 = Release|Any CPU
		{BD406DA4-3CD7-4D77-92EB-DAEC22763E55}.UseCaptureDefintionsRelease|x86.ActiveCfg = Release|x86
		{BD406DA4-3CD7-4D77-92EB-DAEC22763E55}.UseCaptureDefintionsRelease|x86.Build.0 = Release|x86
		{F2B349EB-67F5-48E3-9BE2-EC5BA8F010C7}.Debug|Any CPU.ActiveCfg = Debug|Any CPU
		{F2B349EB-67F5-48E3-9BE2-EC5BA8F010C7}.Debug|Any CPU.Build.0 = Debug|Any CPU
		{F2B349EB-67F5-48E3-9BE2-EC5BA8F010C7}.Debug|x86.ActiveCfg = Debug|x86
		{F2B349EB-67F5-48E3-9BE2-EC5BA8F010C7}.Debug|x86.Build.0 = Debug|x86
		{F2B349EB-67F5-48E3-9BE2-EC5BA8F010C7}.Release|Any CPU.ActiveCfg = Release|Any CPU
		{F2B349EB-67F5-48E3-9BE2-EC5BA8F010C7}.Release|Any CPU.Build.0 = Release|Any CPU
		{F2B349EB-67F5-48E3-9BE2-EC5BA8F010C7}.Release|x86.ActiveCfg = Release|x86
		{F2B349EB-67F5-48E3-9BE2-EC5BA8F010C7}.Release|x86.Build.0 = Release|x86
		{F2B349EB-67F5-48E3-9BE2-EC5BA8F010C7}.UseCaptureCardDefinitions|Any CPU.ActiveCfg = Release|x86
		{F2B349EB-67F5-48E3-9BE2-EC5BA8F010C7}.UseCaptureCardDefinitions|x86.ActiveCfg = Release|x86
		{F2B349EB-67F5-48E3-9BE2-EC5BA8F010C7}.UseCaptureCardDefinitions|x86.Build.0 = Release|x86
		{F2B349EB-67F5-48E3-9BE2-EC5BA8F010C7}.UseCaptureDefintionsRelease|Any CPU.ActiveCfg = Release|Any CPU
		{F2B349EB-67F5-48E3-9BE2-EC5BA8F010C7}.UseCaptureDefintionsRelease|Any CPU.Build.0 = Release|Any CPU
		{F2B349EB-67F5-48E3-9BE2-EC5BA8F010C7}.UseCaptureDefintionsRelease|x86.ActiveCfg = Release|x86
		{F2B349EB-67F5-48E3-9BE2-EC5BA8F010C7}.UseCaptureDefintionsRelease|x86.Build.0 = Release|x86
		{2B094D86-DD1A-4DDD-95D2-56A57E714C4E}.Debug|Any CPU.ActiveCfg = Debug|Any CPU
		{2B094D86-DD1A-4DDD-95D2-56A57E714C4E}.Debug|Any CPU.Build.0 = Debug|Any CPU
		{2B094D86-DD1A-4DDD-95D2-56A57E714C4E}.Debug|x86.ActiveCfg = Debug|x86
		{2B094D86-DD1A-4DDD-95D2-56A57E714C4E}.Debug|x86.Build.0 = Debug|x86
		{2B094D86-DD1A-4DDD-95D2-56A57E714C4E}.Release|Any CPU.ActiveCfg = Release|Any CPU
		{2B094D86-DD1A-4DDD-95D2-56A57E714C4E}.Release|Any CPU.Build.0 = Release|Any CPU
		{2B094D86-DD1A-4DDD-95D2-56A57E714C4E}.Release|x86.ActiveCfg = Release|x86
		{2B094D86-DD1A-4DDD-95D2-56A57E714C4E}.Release|x86.Build.0 = Release|x86
		{2B094D86-DD1A-4DDD-95D2-56A57E714C4E}.UseCaptureCardDefinitions|Any CPU.ActiveCfg = Release|x86
		{2B094D86-DD1A-4DDD-95D2-56A57E714C4E}.UseCaptureCardDefinitions|x86.ActiveCfg = Release|x86
		{2B094D86-DD1A-4DDD-95D2-56A57E714C4E}.UseCaptureCardDefinitions|x86.Build.0 = Release|x86
		{2B094D86-DD1A-4DDD-95D2-56A57E714C4E}.UseCaptureDefintionsRelease|Any CPU.ActiveCfg = Release|Any CPU
		{2B094D86-DD1A-4DDD-95D2-56A57E714C4E}.UseCaptureDefintionsRelease|Any CPU.Build.0 = Release|Any CPU
		{2B094D86-DD1A-4DDD-95D2-56A57E714C4E}.UseCaptureDefintionsRelease|x86.ActiveCfg = Release|x86
		{2B094D86-DD1A-4DDD-95D2-56A57E714C4E}.UseCaptureDefintionsRelease|x86.Build.0 = Release|x86
		{8635D515-A5D4-4FB7-BD30-71770651E18B}.Debug|Any CPU.ActiveCfg = Debug|Any CPU
		{8635D515-A5D4-4FB7-BD30-71770651E18B}.Debug|Any CPU.Build.0 = Debug|Any CPU
		{8635D515-A5D4-4FB7-BD30-71770651E18B}.Debug|x86.ActiveCfg = Debug|x86
		{8635D515-A5D4-4FB7-BD30-71770651E18B}.Debug|x86.Build.0 = Debug|x86
		{8635D515-A5D4-4FB7-BD30-71770651E18B}.Release|Any CPU.ActiveCfg = Release|Any CPU
		{8635D515-A5D4-4FB7-BD30-71770651E18B}.Release|Any CPU.Build.0 = Release|Any CPU
		{8635D515-A5D4-4FB7-BD30-71770651E18B}.Release|x86.ActiveCfg = Release|x86
		{8635D515-A5D4-4FB7-BD30-71770651E18B}.Release|x86.Build.0 = Release|x86
		{8635D515-A5D4-4FB7-BD30-71770651E18B}.UseCaptureCardDefinitions|Any CPU.ActiveCfg = Release|Any CPU
		{8635D515-A5D4-4FB7-BD30-71770651E18B}.UseCaptureCardDefinitions|Any CPU.Build.0 = Release|Any CPU
		{8635D515-A5D4-4FB7-BD30-71770651E18B}.UseCaptureCardDefinitions|x86.ActiveCfg = Release|Any CPU
		{8635D515-A5D4-4FB7-BD30-71770651E18B}.UseCaptureDefintionsRelease|Any CPU.ActiveCfg = Release|Any CPU
		{8635D515-A5D4-4FB7-BD30-71770651E18B}.UseCaptureDefintionsRelease|Any CPU.Build.0 = Release|Any CPU
		{8635D515-A5D4-4FB7-BD30-71770651E18B}.UseCaptureDefintionsRelease|x86.ActiveCfg = Release|Any CPU
	EndGlobalSection
	GlobalSection(SolutionProperties) = preSolution
		HideSolutionNode = FALSE
	EndGlobalSection
	GlobalSection(NestedProjects) = preSolution
		{B282C55B-A37B-4CEC-A4FC-00791069BF00} = {D214B2BD-4CA7-45CD-9EC5-CF7CC244C03A}
		{3333B71D-6304-452C-BEA5-D037E7B3AA6B} = {D214B2BD-4CA7-45CD-9EC5-CF7CC244C03A}
		{0A234721-1F13-4DF8-9B1E-64D9E3111203} = {D214B2BD-4CA7-45CD-9EC5-CF7CC244C03A}
		{5B8BC37B-44EB-4736-8B27-0960F3E03822} = {D214B2BD-4CA7-45CD-9EC5-CF7CC244C03A}
		{D213045F-E672-421B-B92A-78F512AAF784} = {D214B2BD-4CA7-45CD-9EC5-CF7CC244C03A}
		{05789B6D-8173-4709-991B-34234041D393} = {D214B2BD-4CA7-45CD-9EC5-CF7CC244C03A}
		{8635D515-A5D4-4FB7-BD30-71770651E18B} = {D214B2BD-4CA7-45CD-9EC5-CF7CC244C03A}
		{47B8906A-5EC9-4641-811E-8BC0EAF97DDD} = {2600F94F-B223-4FDD-8D93-73AC573F6D50}
		{67D44FEB-AC41-4B93-AC1D-876318CDD16B} = {2600F94F-B223-4FDD-8D93-73AC573F6D50}
		{F7CB2A9F-004E-4667-BEAF-782F1C28E2D3} = {2600F94F-B223-4FDD-8D93-73AC573F6D50}
		{596BDC58-35E0-488F-BED2-FC7A133BC047} = {D213045F-E672-421B-B92A-78F512AAF784}
		{C6564AA7-976B-43EF-9E35-7E607EE1DD12} = {05789B6D-8173-4709-991B-34234041D393}
		{1CCD6A99-B59F-42B2-8A6B-A5BCE57FF3F1} = {05789B6D-8173-4709-991B-34234041D393}
	EndGlobalSection
EndGlobal
