
Microsoft Visual Studio Solution File, Format Version 12.00
# Visual Studio Version 16
VisualStudioVersion = 16.0.30011.22
MinimumVisualStudioVersion = 10.0.40219.1
Project("{FAE04EC0-301F-11D3-BF4B-00C04F79EFBC}") = "MediaPortal.DeployTool", "MediaPortal.DeployTool.csproj", "{C54A87DB-89E6-4DD9-A508-2749DADC1760}"
EndProject
Global
	GlobalSection(SolutionConfigurationPlatforms) = preSolution
		Debug|x86 = Debug|x86
		Release|x86 = Release|x86
	EndGlobalSection
	GlobalSection(ProjectConfigurationPlatforms) = postSolution
		{C54A87DB-89E6-4DD9-A508-2749DADC1760}.Debug|x86.ActiveCfg = Debug|x86
		{C54A87DB-89E6-4DD9-A508-2749DADC1760}.Debug|x86.Build.0 = Debug|x86
		{C54A87DB-89E6-4DD9-A508-2749DADC1760}.Release|x86.ActiveCfg = Release|x86
		{C54A87DB-89E6-4DD9-A508-2749DADC1760}.Release|x86.Build.0 = Release|x86
	EndGlobalSection
	GlobalSection(SolutionProperties) = preSolution
		HideSolutionNode = FALSE
	EndGlobalSection
	GlobalSection(ExtensibilityGlobals) = postSolution
		SolutionGuid = {6D7DEE47-72FE-4BAD-B257-03A1D20B01E2}
	EndGlobalSection
EndGlobal
