Microsoft Visual Studio Solution File, Format Version 10.00
# Visual Studio 2008
Project("{FAE04EC0-301F-11D3-BF4B-00C04F79EFBC}") = "WebEPG", "WebEPG.csproj", "{F7CB2A9F-004E-4667-BEAF-782F1C28E2D3}"
EndProject
Project("{FAE04EC0-301F-11D3-BF4B-00C04F79EFBC}") = "WebEPG-xmltv", "..\WebEPG-xmltv\WebEPG-xmltv.csproj", "{67D44FEB-AC41-4B93-AC1D-876318CDD16B}"
	ProjectSection(ProjectDependencies) = postProject
		{F7CB2A9F-004E-4667-BEAF-782F1C28E2D3} = {F7CB2A9F-004E-4667-BEAF-782F1C28E2D3}
	EndProjectSection
EndProject
Project("{FAE04EC0-301F-11D3-BF4B-00C04F79EFBC}") = "WebEPG-conf", "..\WebEPG-conf\WebEPG-conf.csproj", "{47B8906A-5EC9-4641-811E-8BC0EAF97DDD}"
EndProject
Project("{FAE04EC0-301F-11D3-BF4B-00C04F79EFBC}") = "WebEPG-Tester", "..\WebEPG-Tester\WebEPG-Tester.csproj", "{D054E028-A14F-4A64-881B-BE04BE6496EA}"
EndProject
Project("{FAE04EC0-301F-11D3-BF4B-00C04F79EFBC}") = "WebEPG-Designer", "..\WebEPG-Designer\WebEPG-Designer.csproj", "{31186680-AB9F-401A-8946-52F97F9E1775}"
EndProject
Project("{FAE04EC0-301F-11D3-BF4B-00C04F79EFBC}") = "TvLibrary.Interfaces", "..\..\..\TvLibrary.Interfaces\TvLibrary.Interfaces.csproj", "{AE752FB4-7450-4150-9BAD-19EFA9D2AC37}"
EndProject
Project("{FAE04EC0-301F-11D3-BF4B-00C04F79EFBC}") = "TVDatabase", "..\..\..\TVDatabase\TVDatabase.csproj", "{0FD8DEAE-37A4-49CC-A7BE-E86E0E0D85BD}"
EndProject
Project("{FAE04EC0-301F-11D3-BF4B-00C04F79EFBC}") = "Utils", "..\Utils\Utils.csproj", "{6DA0E4DF-6230-4642-98B5-E690BB6942BB}"
EndProject
Project("{FAE04EC0-301F-11D3-BF4B-00C04F79EFBC}") = "PluginBase", "..\..\PluginBase\PluginBase.csproj", "{5EE20DC0-B22B-4BDB-828B-8DC5723A1873}"
EndProject
Project("{FAE04EC0-301F-11D3-BF4B-00C04F79EFBC}") = "PowerScheduler.Interfaces", "..\..\PowerScheduler\PowerScheduler.Interfaces\PowerScheduler.Interfaces.csproj", "{7701AA79-18D4-4A18-BB52-16774FB7943D}"
EndProject
Project("{FAE04EC0-301F-11D3-BF4B-00C04F79EFBC}") = "SetupControls", "..\..\..\SetupControls\SetupControls.csproj", "{A2792D3C-04C1-4A92-9383-A33D59C54D8D}"
EndProject
Project("{FAE04EC0-301F-11D3-BF4B-00C04F79EFBC}") = "TvBusinessLayer", "..\..\..\TVDatabase\TvBusinessLayer\TvBusinessLayer.csproj", "{58C35C9D-F18D-40F2-8024-24E50D01E9C5}"
EndProject
Project("{FAE04EC0-301F-11D3-BF4B-00C04F79EFBC}") = "TvControl", "..\..\..\TvControl\TvControl.csproj", "{0DB878C6-1B68-4DC5-B6EF-564B7C08486F}"
EndProject
Project("{FAE04EC0-301F-11D3-BF4B-00C04F79EFBC}") = "WebEPGImport", "..\WebEPGPlugin\WebEPGImport.csproj", "{7A16796E-77F3-4754-A5E2-5C04A94BD8B7}"
EndProject
Global
	GlobalSection(SolutionConfigurationPlatforms) = preSolution
		Debug|Any CPU = Debug|Any CPU
		Debug|x86 = Debug|x86
		Release (Standalone)|Any CPU = Release (Standalone)|Any CPU
		Release (Standalone)|x86 = Release (Standalone)|x86
		Release|Any CPU = Release|Any CPU
		Release|x86 = Release|x86
		UseCaptureCardDefinitions|Any CPU = UseCaptureCardDefinitions|Any CPU
		UseCaptureCardDefinitions|x86 = UseCaptureCardDefinitions|x86
		UseCaptureDefintionsRelease|Any CPU = UseCaptureDefintionsRelease|Any CPU
		UseCaptureDefintionsRelease|x86 = UseCaptureDefintionsRelease|x86
	EndGlobalSection
	GlobalSection(ProjectConfigurationPlatforms) = postSolution
		{F7CB2A9F-004E-4667-BEAF-782F1C28E2D3}.Debug|Any CPU.ActiveCfg = Debug|Any CPU
		{F7CB2A9F-004E-4667-BEAF-782F1C28E2D3}.Debug|Any CPU.Build.0 = Debug|Any CPU
		{F7CB2A9F-004E-4667-BEAF-782F1C28E2D3}.Debug|x86.ActiveCfg = Debug|x86
		{F7CB2A9F-004E-4667-BEAF-782F1C28E2D3}.Debug|x86.Build.0 = Debug|x86
		{F7CB2A9F-004E-4667-BEAF-782F1C28E2D3}.Release (Standalone)|Any CPU.ActiveCfg = Release|Any CPU
		{F7CB2A9F-004E-4667-BEAF-782F1C28E2D3}.Release (Standalone)|Any CPU.Build.0 = Release|Any CPU
		{F7CB2A9F-004E-4667-BEAF-782F1C28E2D3}.Release (Standalone)|x86.ActiveCfg = Release|x86
		{F7CB2A9F-004E-4667-BEAF-782F1C28E2D3}.Release (Standalone)|x86.Build.0 = Release|x86
		{F7CB2A9F-004E-4667-BEAF-782F1C28E2D3}.Release|Any CPU.ActiveCfg = Release|Any CPU
		{F7CB2A9F-004E-4667-BEAF-782F1C28E2D3}.Release|Any CPU.Build.0 = Release|Any CPU
		{F7CB2A9F-004E-4667-BEAF-782F1C28E2D3}.Release|x86.ActiveCfg = Release|x86
		{F7CB2A9F-004E-4667-BEAF-782F1C28E2D3}.Release|x86.Build.0 = Release|x86
		{F7CB2A9F-004E-4667-BEAF-782F1C28E2D3}.UseCaptureCardDefinitions|Any CPU.ActiveCfg = Release|Any CPU
		{F7CB2A9F-004E-4667-BEAF-782F1C28E2D3}.UseCaptureCardDefinitions|Any CPU.Build.0 = Release|Any CPU
		{F7CB2A9F-004E-4667-BEAF-782F1C28E2D3}.UseCaptureCardDefinitions|x86.ActiveCfg = Release|x86
		{F7CB2A9F-004E-4667-BEAF-782F1C28E2D3}.UseCaptureCardDefinitions|x86.Build.0 = Release|x86
		{F7CB2A9F-004E-4667-BEAF-782F1C28E2D3}.UseCaptureDefintionsRelease|Any CPU.ActiveCfg = Release|Any CPU
		{F7CB2A9F-004E-4667-BEAF-782F1C28E2D3}.UseCaptureDefintionsRelease|Any CPU.Build.0 = Release|Any CPU
		{F7CB2A9F-004E-4667-BEAF-782F1C28E2D3}.UseCaptureDefintionsRelease|x86.ActiveCfg = Release|x86
		{F7CB2A9F-004E-4667-BEAF-782F1C28E2D3}.UseCaptureDefintionsRelease|x86.Build.0 = Release|x86
		{67D44FEB-AC41-4B93-AC1D-876318CDD16B}.Debug|Any CPU.ActiveCfg = Debug|Any CPU
		{67D44FEB-AC41-4B93-AC1D-876318CDD16B}.Debug|Any CPU.Build.0 = Debug|Any CPU
		{67D44FEB-AC41-4B93-AC1D-876318CDD16B}.Debug|x86.ActiveCfg = Debug|x86
		{67D44FEB-AC41-4B93-AC1D-876318CDD16B}.Debug|x86.Build.0 = Debug|x86
		{67D44FEB-AC41-4B93-AC1D-876318CDD16B}.Release (Standalone)|Any CPU.ActiveCfg = Release|Any CPU
		{67D44FEB-AC41-4B93-AC1D-876318CDD16B}.Release (Standalone)|Any CPU.Build.0 = Release|Any CPU
		{67D44FEB-AC41-4B93-AC1D-876318CDD16B}.Release (Standalone)|x86.ActiveCfg = Release|x86
		{67D44FEB-AC41-4B93-AC1D-876318CDD16B}.Release (Standalone)|x86.Build.0 = Release|x86
		{67D44FEB-AC41-4B93-AC1D-876318CDD16B}.Release|Any CPU.ActiveCfg = Release|Any CPU
		{67D44FEB-AC41-4B93-AC1D-876318CDD16B}.Release|Any CPU.Build.0 = Release|Any CPU
		{67D44FEB-AC41-4B93-AC1D-876318CDD16B}.Release|x86.ActiveCfg = Release|x86
		{67D44FEB-AC41-4B93-AC1D-876318CDD16B}.Release|x86.Build.0 = Release|x86
		{67D44FEB-AC41-4B93-AC1D-876318CDD16B}.UseCaptureCardDefinitions|Any CPU.ActiveCfg = Release|Any CPU
		{67D44FEB-AC41-4B93-AC1D-876318CDD16B}.UseCaptureCardDefinitions|Any CPU.Build.0 = Release|Any CPU
		{67D44FEB-AC41-4B93-AC1D-876318CDD16B}.UseCaptureCardDefinitions|x86.ActiveCfg = Release|x86
		{67D44FEB-AC41-4B93-AC1D-876318CDD16B}.UseCaptureCardDefinitions|x86.Build.0 = Release|x86
		{67D44FEB-AC41-4B93-AC1D-876318CDD16B}.UseCaptureDefintionsRelease|Any CPU.ActiveCfg = Release|Any CPU
		{67D44FEB-AC41-4B93-AC1D-876318CDD16B}.UseCaptureDefintionsRelease|Any CPU.Build.0 = Release|Any CPU
		{67D44FEB-AC41-4B93-AC1D-876318CDD16B}.UseCaptureDefintionsRelease|x86.ActiveCfg = Release|x86
		{67D44FEB-AC41-4B93-AC1D-876318CDD16B}.UseCaptureDefintionsRelease|x86.Build.0 = Release|x86
		{47B8906A-5EC9-4641-811E-8BC0EAF97DDD}.Debug|Any CPU.ActiveCfg = Debug|Any CPU
		{47B8906A-5EC9-4641-811E-8BC0EAF97DDD}.Debug|Any CPU.Build.0 = Debug|Any CPU
		{47B8906A-5EC9-4641-811E-8BC0EAF97DDD}.Debug|x86.ActiveCfg = Debug|x86
		{47B8906A-5EC9-4641-811E-8BC0EAF97DDD}.Debug|x86.Build.0 = Debug|x86
		{47B8906A-5EC9-4641-811E-8BC0EAF97DDD}.Release (Standalone)|Any CPU.ActiveCfg = Release|x86
		{47B8906A-5EC9-4641-811E-8BC0EAF97DDD}.Release (Standalone)|x86.ActiveCfg = Release|x86
		{47B8906A-5EC9-4641-811E-8BC0EAF97DDD}.Release (Standalone)|x86.Build.0 = Release|x86
		{47B8906A-5EC9-4641-811E-8BC0EAF97DDD}.Release|Any CPU.ActiveCfg = Release|Any CPU
		{47B8906A-5EC9-4641-811E-8BC0EAF97DDD}.Release|Any CPU.Build.0 = Release|Any CPU
		{47B8906A-5EC9-4641-811E-8BC0EAF97DDD}.Release|x86.ActiveCfg = Release|x86
		{47B8906A-5EC9-4641-811E-8BC0EAF97DDD}.Release|x86.Build.0 = Release|x86
		{47B8906A-5EC9-4641-811E-8BC0EAF97DDD}.UseCaptureCardDefinitions|Any CPU.ActiveCfg = Release|x86
		{47B8906A-5EC9-4641-811E-8BC0EAF97DDD}.UseCaptureCardDefinitions|x86.ActiveCfg = Release|x86
		{47B8906A-5EC9-4641-811E-8BC0EAF97DDD}.UseCaptureCardDefinitions|x86.Build.0 = Release|x86
		{47B8906A-5EC9-4641-811E-8BC0EAF97DDD}.UseCaptureDefintionsRelease|Any CPU.ActiveCfg = Release|Any CPU
		{47B8906A-5EC9-4641-811E-8BC0EAF97DDD}.UseCaptureDefintionsRelease|Any CPU.Build.0 = Release|Any CPU
		{47B8906A-5EC9-4641-811E-8BC0EAF97DDD}.UseCaptureDefintionsRelease|x86.ActiveCfg = Release|x86
		{47B8906A-5EC9-4641-811E-8BC0EAF97DDD}.UseCaptureDefintionsRelease|x86.Build.0 = Release|x86
		{D054E028-A14F-4A64-881B-BE04BE6496EA}.Debug|Any CPU.ActiveCfg = Debug|Any CPU
		{D054E028-A14F-4A64-881B-BE04BE6496EA}.Debug|Any CPU.Build.0 = Debug|Any CPU
		{D054E028-A14F-4A64-881B-BE04BE6496EA}.Debug|x86.ActiveCfg = Debug|x86
		{D054E028-A14F-4A64-881B-BE04BE6496EA}.Debug|x86.Build.0 = Debug|x86
		{D054E028-A14F-4A64-881B-BE04BE6496EA}.Release (Standalone)|Any CPU.ActiveCfg = Release|x86
		{D054E028-A14F-4A64-881B-BE04BE6496EA}.Release (Standalone)|x86.ActiveCfg = Release|x86
		{D054E028-A14F-4A64-881B-BE04BE6496EA}.Release (Standalone)|x86.Build.0 = Release|x86
		{D054E028-A14F-4A64-881B-BE04BE6496EA}.Release|Any CPU.ActiveCfg = Release|Any CPU
		{D054E028-A14F-4A64-881B-BE04BE6496EA}.Release|Any CPU.Build.0 = Release|Any CPU
		{D054E028-A14F-4A64-881B-BE04BE6496EA}.Release|x86.ActiveCfg = Release|x86
		{D054E028-A14F-4A64-881B-BE04BE6496EA}.Release|x86.Build.0 = Release|x86
		{D054E028-A14F-4A64-881B-BE04BE6496EA}.UseCaptureCardDefinitions|Any CPU.ActiveCfg = Release|x86
		{D054E028-A14F-4A64-881B-BE04BE6496EA}.UseCaptureCardDefinitions|x86.ActiveCfg = Release|x86
		{D054E028-A14F-4A64-881B-BE04BE6496EA}.UseCaptureCardDefinitions|x86.Build.0 = Release|x86
		{D054E028-A14F-4A64-881B-BE04BE6496EA}.UseCaptureDefintionsRelease|Any CPU.ActiveCfg = Release|Any CPU
		{D054E028-A14F-4A64-881B-BE04BE6496EA}.UseCaptureDefintionsRelease|Any CPU.Build.0 = Release|Any CPU
		{D054E028-A14F-4A64-881B-BE04BE6496EA}.UseCaptureDefintionsRelease|x86.ActiveCfg = Release|x86
		{D054E028-A14F-4A64-881B-BE04BE6496EA}.UseCaptureDefintionsRelease|x86.Build.0 = Release|x86
		{31186680-AB9F-401A-8946-52F97F9E1775}.Debug|Any CPU.ActiveCfg = Debug|Any CPU
		{31186680-AB9F-401A-8946-52F97F9E1775}.Debug|Any CPU.Build.0 = Debug|Any CPU
		{31186680-AB9F-401A-8946-52F97F9E1775}.Debug|x86.ActiveCfg = Debug|Any CPU
		{31186680-AB9F-401A-8946-52F97F9E1775}.Release (Standalone)|Any CPU.ActiveCfg = Release|Any CPU
		{31186680-AB9F-401A-8946-52F97F9E1775}.Release (Standalone)|Any CPU.Build.0 = Release|Any CPU
		{31186680-AB9F-401A-8946-52F97F9E1775}.Release (Standalone)|x86.ActiveCfg = Release|Any CPU
		{31186680-AB9F-401A-8946-52F97F9E1775}.Release|Any CPU.ActiveCfg = Release|Any CPU
		{31186680-AB9F-401A-8946-52F97F9E1775}.Release|Any CPU.Build.0 = Release|Any CPU
		{31186680-AB9F-401A-8946-52F97F9E1775}.Release|x86.ActiveCfg = Release|Any CPU
		{31186680-AB9F-401A-8946-52F97F9E1775}.UseCaptureCardDefinitions|Any CPU.ActiveCfg = Release|Any CPU
		{31186680-AB9F-401A-8946-52F97F9E1775}.UseCaptureCardDefinitions|Any CPU.Build.0 = Release|Any CPU
		{31186680-AB9F-401A-8946-52F97F9E1775}.UseCaptureCardDefinitions|x86.ActiveCfg = Release|Any CPU
		{31186680-AB9F-401A-8946-52F97F9E1775}.UseCaptureDefintionsRelease|Any CPU.ActiveCfg = Release|Any CPU
		{31186680-AB9F-401A-8946-52F97F9E1775}.UseCaptureDefintionsRelease|Any CPU.Build.0 = Release|Any CPU
		{31186680-AB9F-401A-8946-52F97F9E1775}.UseCaptureDefintionsRelease|x86.ActiveCfg = Release|Any CPU
		{AE752FB4-7450-4150-9BAD-19EFA9D2AC37}.Debug|Any CPU.ActiveCfg = Debug|Any CPU
		{AE752FB4-7450-4150-9BAD-19EFA9D2AC37}.Debug|Any CPU.Build.0 = Debug|Any CPU
		{AE752FB4-7450-4150-9BAD-19EFA9D2AC37}.Debug|x86.ActiveCfg = Debug|x86
		{AE752FB4-7450-4150-9BAD-19EFA9D2AC37}.Debug|x86.Build.0 = Debug|x86
		{AE752FB4-7450-4150-9BAD-19EFA9D2AC37}.Release (Standalone)|Any CPU.ActiveCfg = Release|x86
		{AE752FB4-7450-4150-9BAD-19EFA9D2AC37}.Release (Standalone)|x86.ActiveCfg = Release|x86
		{AE752FB4-7450-4150-9BAD-19EFA9D2AC37}.Release (Standalone)|x86.Build.0 = Release|x86
		{AE752FB4-7450-4150-9BAD-19EFA9D2AC37}.Release|Any CPU.ActiveCfg = Release|Any CPU
		{AE752FB4-7450-4150-9BAD-19EFA9D2AC37}.Release|Any CPU.Build.0 = Release|Any CPU
		{AE752FB4-7450-4150-9BAD-19EFA9D2AC37}.Release|x86.ActiveCfg = Release|x86
		{AE752FB4-7450-4150-9BAD-19EFA9D2AC37}.Release|x86.Build.0 = Release|x86
		{AE752FB4-7450-4150-9BAD-19EFA9D2AC37}.UseCaptureCardDefinitions|Any CPU.ActiveCfg = Release|x86
		{AE752FB4-7450-4150-9BAD-19EFA9D2AC37}.UseCaptureCardDefinitions|x86.ActiveCfg = Release|x86
		{AE752FB4-7450-4150-9BAD-19EFA9D2AC37}.UseCaptureCardDefinitions|x86.Build.0 = Release|x86
		{AE752FB4-7450-4150-9BAD-19EFA9D2AC37}.UseCaptureDefintionsRelease|Any CPU.ActiveCfg = Release|Any CPU
		{AE752FB4-7450-4150-9BAD-19EFA9D2AC37}.UseCaptureDefintionsRelease|Any CPU.Build.0 = Release|Any CPU
		{AE752FB4-7450-4150-9BAD-19EFA9D2AC37}.UseCaptureDefintionsRelease|x86.ActiveCfg = Release|x86
		{AE752FB4-7450-4150-9BAD-19EFA9D2AC37}.UseCaptureDefintionsRelease|x86.Build.0 = Release|x86
		{0FD8DEAE-37A4-49CC-A7BE-E86E0E0D85BD}.Debug|Any CPU.ActiveCfg = Debug|Any CPU
		{0FD8DEAE-37A4-49CC-A7BE-E86E0E0D85BD}.Debug|Any CPU.Build.0 = Debug|Any CPU
		{0FD8DEAE-37A4-49CC-A7BE-E86E0E0D85BD}.Debug|x86.ActiveCfg = Debug|x86
		{0FD8DEAE-37A4-49CC-A7BE-E86E0E0D85BD}.Debug|x86.Build.0 = Debug|x86
		{0FD8DEAE-37A4-49CC-A7BE-E86E0E0D85BD}.Release (Standalone)|Any CPU.ActiveCfg = Release|x86
		{0FD8DEAE-37A4-49CC-A7BE-E86E0E0D85BD}.Release (Standalone)|x86.ActiveCfg = Release|x86
		{0FD8DEAE-37A4-49CC-A7BE-E86E0E0D85BD}.Release (Standalone)|x86.Build.0 = Release|x86
		{0FD8DEAE-37A4-49CC-A7BE-E86E0E0D85BD}.Release|Any CPU.ActiveCfg = Release|Any CPU
		{0FD8DEAE-37A4-49CC-A7BE-E86E0E0D85BD}.Release|Any CPU.Build.0 = Release|Any CPU
		{0FD8DEAE-37A4-49CC-A7BE-E86E0E0D85BD}.Release|x86.ActiveCfg = Release|x86
		{0FD8DEAE-37A4-49CC-A7BE-E86E0E0D85BD}.Release|x86.Build.0 = Release|x86
		{0FD8DEAE-37A4-49CC-A7BE-E86E0E0D85BD}.UseCaptureCardDefinitions|Any CPU.ActiveCfg = Release|x86
		{0FD8DEAE-37A4-49CC-A7BE-E86E0E0D85BD}.UseCaptureCardDefinitions|x86.ActiveCfg = Release|x86
		{0FD8DEAE-37A4-49CC-A7BE-E86E0E0D85BD}.UseCaptureCardDefinitions|x86.Build.0 = Release|x86
		{0FD8DEAE-37A4-49CC-A7BE-E86E0E0D85BD}.UseCaptureDefintionsRelease|Any CPU.ActiveCfg = Release|Any CPU
		{0FD8DEAE-37A4-49CC-A7BE-E86E0E0D85BD}.UseCaptureDefintionsRelease|Any CPU.Build.0 = Release|Any CPU
		{0FD8DEAE-37A4-49CC-A7BE-E86E0E0D85BD}.UseCaptureDefintionsRelease|x86.ActiveCfg = Release|x86
		{0FD8DEAE-37A4-49CC-A7BE-E86E0E0D85BD}.UseCaptureDefintionsRelease|x86.Build.0 = Release|x86
		{6DA0E4DF-6230-4642-98B5-E690BB6942BB}.Debug|Any CPU.ActiveCfg = Debug|Any CPU
		{6DA0E4DF-6230-4642-98B5-E690BB6942BB}.Debug|Any CPU.Build.0 = Debug|Any CPU
		{6DA0E4DF-6230-4642-98B5-E690BB6942BB}.Debug|x86.ActiveCfg = Debug|x86
		{6DA0E4DF-6230-4642-98B5-E690BB6942BB}.Debug|x86.Build.0 = Debug|x86
		{6DA0E4DF-6230-4642-98B5-E690BB6942BB}.Release (Standalone)|Any CPU.ActiveCfg = Release|x86
		{6DA0E4DF-6230-4642-98B5-E690BB6942BB}.Release (Standalone)|x86.ActiveCfg = Release|x86
		{6DA0E4DF-6230-4642-98B5-E690BB6942BB}.Release (Standalone)|x86.Build.0 = Release|x86
		{6DA0E4DF-6230-4642-98B5-E690BB6942BB}.Release|Any CPU.ActiveCfg = Release|Any CPU
		{6DA0E4DF-6230-4642-98B5-E690BB6942BB}.Release|Any CPU.Build.0 = Release|Any CPU
		{6DA0E4DF-6230-4642-98B5-E690BB6942BB}.Release|x86.ActiveCfg = Release|x86
		{6DA0E4DF-6230-4642-98B5-E690BB6942BB}.Release|x86.Build.0 = Release|x86
		{6DA0E4DF-6230-4642-98B5-E690BB6942BB}.UseCaptureCardDefinitions|Any CPU.ActiveCfg = Release|x86
		{6DA0E4DF-6230-4642-98B5-E690BB6942BB}.UseCaptureCardDefinitions|x86.ActiveCfg = Release|x86
		{6DA0E4DF-6230-4642-98B5-E690BB6942BB}.UseCaptureCardDefinitions|x86.Build.0 = Release|x86
		{6DA0E4DF-6230-4642-98B5-E690BB6942BB}.UseCaptureDefintionsRelease|Any CPU.ActiveCfg = Release|Any CPU
		{6DA0E4DF-6230-4642-98B5-E690BB6942BB}.UseCaptureDefintionsRelease|Any CPU.Build.0 = Release|Any CPU
		{6DA0E4DF-6230-4642-98B5-E690BB6942BB}.UseCaptureDefintionsRelease|x86.ActiveCfg = Release|x86
		{6DA0E4DF-6230-4642-98B5-E690BB6942BB}.UseCaptureDefintionsRelease|x86.Build.0 = Release|x86
		{5EE20DC0-B22B-4BDB-828B-8DC5723A1873}.Debug|Any CPU.ActiveCfg = Debug|Any CPU
		{5EE20DC0-B22B-4BDB-828B-8DC5723A1873}.Debug|Any CPU.Build.0 = Debug|Any CPU
		{5EE20DC0-B22B-4BDB-828B-8DC5723A1873}.Debug|x86.ActiveCfg = Debug|x86
		{5EE20DC0-B22B-4BDB-828B-8DC5723A1873}.Debug|x86.Build.0 = Debug|x86
		{5EE20DC0-B22B-4BDB-828B-8DC5723A1873}.Release (Standalone)|Any CPU.ActiveCfg = Release|x86
		{5EE20DC0-B22B-4BDB-828B-8DC5723A1873}.Release (Standalone)|x86.ActiveCfg = Release|x86
		{5EE20DC0-B22B-4BDB-828B-8DC5723A1873}.Release (Standalone)|x86.Build.0 = Release|x86
		{5EE20DC0-B22B-4BDB-828B-8DC5723A1873}.Release|Any CPU.ActiveCfg = Release|Any CPU
		{5EE20DC0-B22B-4BDB-828B-8DC5723A1873}.Release|Any CPU.Build.0 = Release|Any CPU
		{5EE20DC0-B22B-4BDB-828B-8DC5723A1873}.Release|x86.ActiveCfg = Release|x86
		{5EE20DC0-B22B-4BDB-828B-8DC5723A1873}.Release|x86.Build.0 = Release|x86
		{5EE20DC0-B22B-4BDB-828B-8DC5723A1873}.UseCaptureCardDefinitions|Any CPU.ActiveCfg = Release|x86
		{5EE20DC0-B22B-4BDB-828B-8DC5723A1873}.UseCaptureCardDefinitions|x86.ActiveCfg = Release|x86
		{5EE20DC0-B22B-4BDB-828B-8DC5723A1873}.UseCaptureCardDefinitions|x86.Build.0 = Release|x86
		{5EE20DC0-B22B-4BDB-828B-8DC5723A1873}.UseCaptureDefintionsRelease|Any CPU.ActiveCfg = Release|Any CPU
		{5EE20DC0-B22B-4BDB-828B-8DC5723A1873}.UseCaptureDefintionsRelease|Any CPU.Build.0 = Release|Any CPU
		{5EE20DC0-B22B-4BDB-828B-8DC5723A1873}.UseCaptureDefintionsRelease|x86.ActiveCfg = Release|x86
		{5EE20DC0-B22B-4BDB-828B-8DC5723A1873}.UseCaptureDefintionsRelease|x86.Build.0 = Release|x86
		{7701AA79-18D4-4A18-BB52-16774FB7943D}.Debug|Any CPU.ActiveCfg = Debug|Any CPU
		{7701AA79-18D4-4A18-BB52-16774FB7943D}.Debug|Any CPU.Build.0 = Debug|Any CPU
		{7701AA79-18D4-4A18-BB52-16774FB7943D}.Debug|x86.ActiveCfg = Debug|x86
		{7701AA79-18D4-4A18-BB52-16774FB7943D}.Debug|x86.Build.0 = Debug|x86
		{7701AA79-18D4-4A18-BB52-16774FB7943D}.Release (Standalone)|Any CPU.ActiveCfg = Release|x86
		{7701AA79-18D4-4A18-BB52-16774FB7943D}.Release (Standalone)|x86.ActiveCfg = Release|x86
		{7701AA79-18D4-4A18-BB52-16774FB7943D}.Release (Standalone)|x86.Build.0 = Release|x86
		{7701AA79-18D4-4A18-BB52-16774FB7943D}.Release|Any CPU.ActiveCfg = Release|Any CPU
		{7701AA79-18D4-4A18-BB52-16774FB7943D}.Release|Any CPU.Build.0 = Release|Any CPU
		{7701AA79-18D4-4A18-BB52-16774FB7943D}.Release|x86.ActiveCfg = Release|x86
		{7701AA79-18D4-4A18-BB52-16774FB7943D}.Release|x86.Build.0 = Release|x86
		{7701AA79-18D4-4A18-BB52-16774FB7943D}.UseCaptureCardDefinitions|Any CPU.ActiveCfg = Release|x86
		{7701AA79-18D4-4A18-BB52-16774FB7943D}.UseCaptureCardDefinitions|x86.ActiveCfg = Release|x86
		{7701AA79-18D4-4A18-BB52-16774FB7943D}.UseCaptureCardDefinitions|x86.Build.0 = Release|x86
		{7701AA79-18D4-4A18-BB52-16774FB7943D}.UseCaptureDefintionsRelease|Any CPU.ActiveCfg = Release|Any CPU
		{7701AA79-18D4-4A18-BB52-16774FB7943D}.UseCaptureDefintionsRelease|Any CPU.Build.0 = Release|Any CPU
		{7701AA79-18D4-4A18-BB52-16774FB7943D}.UseCaptureDefintionsRelease|x86.ActiveCfg = Release|x86
		{7701AA79-18D4-4A18-BB52-16774FB7943D}.UseCaptureDefintionsRelease|x86.Build.0 = Release|x86
		{A2792D3C-04C1-4A92-9383-A33D59C54D8D}.Debug|Any CPU.ActiveCfg = Debug|Any CPU
		{A2792D3C-04C1-4A92-9383-A33D59C54D8D}.Debug|Any CPU.Build.0 = Debug|Any CPU
		{A2792D3C-04C1-4A92-9383-A33D59C54D8D}.Debug|x86.ActiveCfg = Debug|x86
		{A2792D3C-04C1-4A92-9383-A33D59C54D8D}.Debug|x86.Build.0 = Debug|x86
		{A2792D3C-04C1-4A92-9383-A33D59C54D8D}.Release (Standalone)|Any CPU.ActiveCfg = Release|x86
		{A2792D3C-04C1-4A92-9383-A33D59C54D8D}.Release (Standalone)|x86.ActiveCfg = Release|x86
		{A2792D3C-04C1-4A92-9383-A33D59C54D8D}.Release (Standalone)|x86.Build.0 = Release|x86
		{A2792D3C-04C1-4A92-9383-A33D59C54D8D}.Release|Any CPU.ActiveCfg = Release|Any CPU
		{A2792D3C-04C1-4A92-9383-A33D59C54D8D}.Release|Any CPU.Build.0 = Release|Any CPU
		{A2792D3C-04C1-4A92-9383-A33D59C54D8D}.Release|x86.ActiveCfg = Release|x86
		{A2792D3C-04C1-4A92-9383-A33D59C54D8D}.Release|x86.Build.0 = Release|x86
		{A2792D3C-04C1-4A92-9383-A33D59C54D8D}.UseCaptureCardDefinitions|Any CPU.ActiveCfg = Release|x86
		{A2792D3C-04C1-4A92-9383-A33D59C54D8D}.UseCaptureCardDefinitions|x86.ActiveCfg = Release|x86
		{A2792D3C-04C1-4A92-9383-A33D59C54D8D}.UseCaptureCardDefinitions|x86.Build.0 = Release|x86
		{A2792D3C-04C1-4A92-9383-A33D59C54D8D}.UseCaptureDefintionsRelease|Any CPU.ActiveCfg = Release|Any CPU
		{A2792D3C-04C1-4A92-9383-A33D59C54D8D}.UseCaptureDefintionsRelease|Any CPU.Build.0 = Release|Any CPU
		{A2792D3C-04C1-4A92-9383-A33D59C54D8D}.UseCaptureDefintionsRelease|x86.ActiveCfg = Release|x86
		{A2792D3C-04C1-4A92-9383-A33D59C54D8D}.UseCaptureDefintionsRelease|x86.Build.0 = Release|x86
		{58C35C9D-F18D-40F2-8024-24E50D01E9C5}.Debug|Any CPU.ActiveCfg = Debug|Any CPU
		{58C35C9D-F18D-40F2-8024-24E50D01E9C5}.Debug|Any CPU.Build.0 = Debug|Any CPU
		{58C35C9D-F18D-40F2-8024-24E50D01E9C5}.Debug|x86.ActiveCfg = Debug|x86
		{58C35C9D-F18D-40F2-8024-24E50D01E9C5}.Debug|x86.Build.0 = Debug|x86
		{58C35C9D-F18D-40F2-8024-24E50D01E9C5}.Release (Standalone)|Any CPU.ActiveCfg = Release|x86
		{58C35C9D-F18D-40F2-8024-24E50D01E9C5}.Release (Standalone)|x86.ActiveCfg = Release|x86
		{58C35C9D-F18D-40F2-8024-24E50D01E9C5}.Release (Standalone)|x86.Build.0 = Release|x86
		{58C35C9D-F18D-40F2-8024-24E50D01E9C5}.Release|Any CPU.ActiveCfg = Release|Any CPU
		{58C35C9D-F18D-40F2-8024-24E50D01E9C5}.Release|Any CPU.Build.0 = Release|Any CPU
		{58C35C9D-F18D-40F2-8024-24E50D01E9C5}.Release|x86.ActiveCfg = Release|x86
		{58C35C9D-F18D-40F2-8024-24E50D01E9C5}.Release|x86.Build.0 = Release|x86
		{58C35C9D-F18D-40F2-8024-24E50D01E9C5}.UseCaptureCardDefinitions|Any CPU.ActiveCfg = Release|x86
		{58C35C9D-F18D-40F2-8024-24E50D01E9C5}.UseCaptureCardDefinitions|x86.ActiveCfg = Release|x86
		{58C35C9D-F18D-40F2-8024-24E50D01E9C5}.UseCaptureCardDefinitions|x86.Build.0 = Release|x86
		{58C35C9D-F18D-40F2-8024-24E50D01E9C5}.UseCaptureDefintionsRelease|Any CPU.ActiveCfg = Release|Any CPU
		{58C35C9D-F18D-40F2-8024-24E50D01E9C5}.UseCaptureDefintionsRelease|Any CPU.Build.0 = Release|Any CPU
		{58C35C9D-F18D-40F2-8024-24E50D01E9C5}.UseCaptureDefintionsRelease|x86.ActiveCfg = Release|x86
		{58C35C9D-F18D-40F2-8024-24E50D01E9C5}.UseCaptureDefintionsRelease|x86.Build.0 = Release|x86
		{0DB878C6-1B68-4DC5-B6EF-564B7C08486F}.Debug|Any CPU.ActiveCfg = Debug|Any CPU
		{0DB878C6-1B68-4DC5-B6EF-564B7C08486F}.Debug|Any CPU.Build.0 = Debug|Any CPU
		{0DB878C6-1B68-4DC5-B6EF-564B7C08486F}.Debug|x86.ActiveCfg = Debug|x86
		{0DB878C6-1B68-4DC5-B6EF-564B7C08486F}.Debug|x86.Build.0 = Debug|x86
		{0DB878C6-1B68-4DC5-B6EF-564B7C08486F}.Release (Standalone)|Any CPU.ActiveCfg = Release|x86
		{0DB878C6-1B68-4DC5-B6EF-564B7C08486F}.Release (Standalone)|x86.ActiveCfg = Release|x86
		{0DB878C6-1B68-4DC5-B6EF-564B7C08486F}.Release (Standalone)|x86.Build.0 = Release|x86
		{0DB878C6-1B68-4DC5-B6EF-564B7C08486F}.Release|Any CPU.ActiveCfg = Release|Any CPU
		{0DB878C6-1B68-4DC5-B6EF-564B7C08486F}.Release|Any CPU.Build.0 = Release|Any CPU
		{0DB878C6-1B68-4DC5-B6EF-564B7C08486F}.Release|x86.ActiveCfg = Release|x86
		{0DB878C6-1B68-4DC5-B6EF-564B7C08486F}.Release|x86.Build.0 = Release|x86
		{0DB878C6-1B68-4DC5-B6EF-564B7C08486F}.UseCaptureCardDefinitions|Any CPU.ActiveCfg = Release|x86
		{0DB878C6-1B68-4DC5-B6EF-564B7C08486F}.UseCaptureCardDefinitions|x86.ActiveCfg = Release|x86
		{0DB878C6-1B68-4DC5-B6EF-564B7C08486F}.UseCaptureCardDefinitions|x86.Build.0 = Release|x86
		{0DB878C6-1B68-4DC5-B6EF-564B7C08486F}.UseCaptureDefintionsRelease|Any CPU.ActiveCfg = Release|Any CPU
		{0DB878C6-1B68-4DC5-B6EF-564B7C08486F}.UseCaptureDefintionsRelease|Any CPU.Build.0 = Release|Any CPU
		{0DB878C6-1B68-4DC5-B6EF-564B7C08486F}.UseCaptureDefintionsRelease|x86.ActiveCfg = Release|x86
		{0DB878C6-1B68-4DC5-B6EF-564B7C08486F}.UseCaptureDefintionsRelease|x86.Build.0 = Release|x86
		{7A16796E-77F3-4754-A5E2-5C04A94BD8B7}.Debug|Any CPU.ActiveCfg = Debug|Any CPU
		{7A16796E-77F3-4754-A5E2-5C04A94BD8B7}.Debug|Any CPU.Build.0 = Debug|Any CPU
		{7A16796E-77F3-4754-A5E2-5C04A94BD8B7}.Debug|x86.ActiveCfg = Debug|x86
		{7A16796E-77F3-4754-A5E2-5C04A94BD8B7}.Debug|x86.Build.0 = Debug|x86
		{7A16796E-77F3-4754-A5E2-5C04A94BD8B7}.Release (Standalone)|Any CPU.ActiveCfg = Release|x86
		{7A16796E-77F3-4754-A5E2-5C04A94BD8B7}.Release (Standalone)|x86.ActiveCfg = Release|x86
		{7A16796E-77F3-4754-A5E2-5C04A94BD8B7}.Release (Standalone)|x86.Build.0 = Release|x86
		{7A16796E-77F3-4754-A5E2-5C04A94BD8B7}.Release|Any CPU.ActiveCfg = Release|Any CPU
		{7A16796E-77F3-4754-A5E2-5C04A94BD8B7}.Release|Any CPU.Build.0 = Release|Any CPU
		{7A16796E-77F3-4754-A5E2-5C04A94BD8B7}.Release|x86.ActiveCfg = Release|x86
		{7A16796E-77F3-4754-A5E2-5C04A94BD8B7}.Release|x86.Build.0 = Release|x86
		{7A16796E-77F3-4754-A5E2-5C04A94BD8B7}.UseCaptureCardDefinitions|Any CPU.ActiveCfg = Release|x86
		{7A16796E-77F3-4754-A5E2-5C04A94BD8B7}.UseCaptureCardDefinitions|x86.ActiveCfg = Release|x86
		{7A16796E-77F3-4754-A5E2-5C04A94BD8B7}.UseCaptureCardDefinitions|x86.Build.0 = Release|x86
		{7A16796E-77F3-4754-A5E2-5C04A94BD8B7}.UseCaptureDefintionsRelease|Any CPU.ActiveCfg = Release|Any CPU
		{7A16796E-77F3-4754-A5E2-5C04A94BD8B7}.UseCaptureDefintionsRelease|Any CPU.Build.0 = Release|Any CPU
		{7A16796E-77F3-4754-A5E2-5C04A94BD8B7}.UseCaptureDefintionsRelease|x86.ActiveCfg = Release|x86
		{7A16796E-77F3-4754-A5E2-5C04A94BD8B7}.UseCaptureDefintionsRelease|x86.Build.0 = Release|x86
	EndGlobalSection
	GlobalSection(SolutionProperties) = preSolution
		HideSolutionNode = FALSE
	EndGlobalSection
EndGlobal
