<?xml version="1.0" encoding="utf-8"?>
<Project ToolsVersion="4.0" xmlns="http://schemas.microsoft.com/developer/msbuild/2003">
  <ItemGroup>
    <ClCompile Include="source\dllmain.cpp" />
    <ClCompile Include="source\dllsetup.cpp" />
    <ClCompile Include="source\FilterApp.cpp" />
    <ClCompile Include="source\MediaSeeking.cpp" />
    <ClCompile Include="source\MpAudioRenderer.cpp" />
    <ClCompile Include="source\VolumeHandler.cpp" />
    <ClCompile Include="libresample\src\src_linear.c">
      <Filter>libsamplerate</Filter>
    </ClCompile>
    <ClCompile Include="libresample\src\src_zoh.c">
      <Filter>libsamplerate</Filter>
    </ClCompile>
    <ClCompile Include="libresample\src\samplerate.c">
      <Filter>libsamplerate</Filter>
    </ClCompile>
    <ClCompile Include="libresample\src\src_sinc.c">
      <Filter>libsamplerate</Filter>
    </ClCompile>
    <ClCompile Include="source\Globals.cpp" />
    <ClCompile Include="AE_mixer\AEChannelInfo.cpp">
      <Filter>AE Mixer</Filter>
    </ClCompile>
    <ClCompile Include="AE_mixer\AERemap.cpp">
      <Filter>AE Mixer</Filter>
    </ClCompile>
    <ClCompile Include="SoundTouch\source\AAFilter.cpp">
      <Filter>SoundTouch</Filter>
    </ClCompile>
    <ClCompile Include="SoundTouch\source\BPMDetect.cpp">
      <Filter>SoundTouch</Filter>
    </ClCompile>
    <ClCompile Include="SoundTouch\source\FIFOSampleBuffer.cpp">
      <Filter>SoundTouch</Filter>
    </ClCompile>
    <ClCompile Include="SoundTouch\source\FIRFilter.cpp">
      <Filter>SoundTouch</Filter>
    </ClCompile>
    <ClCompile Include="SoundTouch\source\TDStretch.cpp">
      <Filter>SoundTouch</Filter>
    </ClCompile>
    <ClCompile Include="SoundTouch\source\SoundTouch.cpp">
      <Filter>SoundTouch</Filter>
    </ClCompile>
    <ClCompile Include="SoundTouch\source\RateTransposer.cpp">
      <Filter>SoundTouch</Filter>
    </ClCompile>
    <ClCompile Include="SoundTouch\source\PeakFinder.cpp">
      <Filter>SoundTouch</Filter>
    </ClCompile>
    <ClCompile Include="SoundTouch\source\mmx_optimized.cpp">
      <Filter>SoundTouch</Filter>
    </ClCompile>
    <ClCompile Include="SoundTouch\source\sse_optimized.cpp">
      <Filter>SoundTouch</Filter>
    </ClCompile>
    <ClCompile Include="AC3_encoder\ac3enc.cpp">
      <Filter>AC3_encoder</Filter>
    </ClCompile>
    <ClCompile Include="AC3_encoder\bits.cpp">
      <Filter>AC3_encoder</Filter>
    </ClCompile>
    <ClCompile Include="SoundTouch\source\cpu_detect_x86.cpp">
      <Filter>SoundTouch</Filter>
    </ClCompile>
    <ClCompile Include="SoundTouch\source\InterpolateLinear.cpp">
      <Filter>SoundTouch</Filter>
    </ClCompile>
    <ClCompile Include="SoundTouch\source\InterpolateShannon.cpp">
      <Filter>SoundTouch</Filter>
    </ClCompile>
    <ClCompile Include="SoundTouch\source\InterpolateCubic.cpp">
      <Filter>SoundTouch</Filter>
    </ClCompile>
    <ClCompile Include="source\BaseAudioSink.cpp">
      <Filter>Filters</Filter>
    </ClCompile>
    <ClCompile Include="source\BitDepthAdapter.cpp">
      <Filter>Filters</Filter>
    </ClCompile>
    <ClCompile Include="source\ChannelMixer.cpp">
      <Filter>Filters</Filter>
    </ClCompile>
    <ClCompile Include="source\SampleCopier.cpp">
      <Filter>Filters</Filter>
    </ClCompile>
    <ClCompile Include="source\SampleRateConverterFilter.cpp">
      <Filter>Filters</Filter>
    </ClCompile>
    <ClCompile Include="source\TimeStretchFilter.cpp">
      <Filter>Filters</Filter>
    </ClCompile>
    <ClCompile Include="source\WASAPIRenderFilter.cpp">
      <Filter>Filters</Filter>
    </ClCompile>
    <ClCompile Include="source\SoundTouchEx.cpp">
      <Filter>Filters</Filter>
    </ClCompile>
    <ClCompile Include="source\QueuedAudioSink.cpp">
      <Filter>Filters</Filter>
    </ClCompile>
    <ClCompile Include="source\AC3EncoderFilter.cpp">
      <Filter>Filters</Filter>
    </ClCompile>
    <ClCompile Include="source\TimeSource.cpp">
      <Filter>Clock</Filter>
    </ClCompile>
    <ClCompile Include="source\SynchCorrection.cpp">
      <Filter>Clock</Filter>
    </ClCompile>
    <ClCompile Include="source\SyncClock.cpp">
      <Filter>Clock</Filter>
    </ClCompile>
    <ClCompile Include="source\Settings.cpp">
      <Filter>Settings</Filter>
    </ClCompile>
    <ClCompile Include="source\SettingsProp.cpp">
      <Filter>Settings</Filter>
    </ClCompile>
  </ItemGroup>
  <ItemGroup>
    <ClInclude Include="source\dllsetup.h" />
    <ClInclude Include="source\FilterApp.h" />
    <ClInclude Include="source\MpAudioRenderer.h" />
    <ClInclude Include="source\resource.h" />
    <ClInclude Include="source\SharedInclude.h" />
    <ClInclude Include="source\stdafx.h" />
    <ClInclude Include="source\VolumeHandler.h" />
    <ClInclude Include="libresample\src\samplerate.h">
      <Filter>libsamplerate</Filter>
    </ClInclude>
    <ClInclude Include="source\Globals.h" />
    <ClInclude Include="AE_mixer\AEAudioFormat.h">
      <Filter>AE Mixer</Filter>
    </ClInclude>
    <ClInclude Include="AE_mixer\AEChannelInfo.h">
      <Filter>AE Mixer</Filter>
    </ClInclude>
    <ClInclude Include="AE_mixer\AERemap.h">
      <Filter>AE Mixer</Filter>
    </ClInclude>
    <ClInclude Include="AE_mixer\StdString.h">
      <Filter>AE Mixer</Filter>
    </ClInclude>
    <ClInclude Include="SoundTouch\source\AAFilter.h">
      <Filter>SoundTouch</Filter>
    </ClInclude>
    <ClInclude Include="SoundTouch\include\BPMDetect.h">
      <Filter>SoundTouch</Filter>
    </ClInclude>
    <ClInclude Include="SoundTouch\source\cpu_detect.h">
      <Filter>SoundTouch</Filter>
    </ClInclude>
    <ClInclude Include="SoundTouch\include\FIFOSamplePipe.h">
      <Filter>SoundTouch</Filter>
    </ClInclude>
    <ClInclude Include="SoundTouch\include\FIFOSampleBuffer.h">
      <Filter>SoundTouch</Filter>
    </ClInclude>
    <ClInclude Include="SoundTouch\source\FIRFilter.h">
      <Filter>SoundTouch</Filter>
    </ClInclude>
    <ClInclude Include="SoundTouch\source\TDStretch.h">
      <Filter>SoundTouch</Filter>
    </ClInclude>
    <ClInclude Include="SoundTouch\include\STTypes.h">
      <Filter>SoundTouch</Filter>
    </ClInclude>
    <ClInclude Include="SoundTouch\include\SoundTouch.h">
      <Filter>SoundTouch</Filter>
    </ClInclude>
    <ClInclude Include="SoundTouch\source\RateTransposer.h">
      <Filter>SoundTouch</Filter>
    </ClInclude>
    <ClInclude Include="SoundTouch\source\PeakFinder.h">
      <Filter>SoundTouch</Filter>
    </ClInclude>
    <ClInclude Include="AC3_encoder\ac3enc.h">
      <Filter>AC3_encoder</Filter>
    </ClInclude>
    <ClInclude Include="AC3_encoder\bits.h">
      <Filter>AC3_encoder</Filter>
    </ClInclude>
    <ClInclude Include="SoundTouch\source\InterpolateCubic.h">
      <Filter>SoundTouch</Filter>
    </ClInclude>
    <ClInclude Include="SoundTouch\source\InterpolateLinear.h">
      <Filter>SoundTouch</Filter>
    </ClInclude>
    <ClInclude Include="SoundTouch\source\InterpolateShannon.h">
      <Filter>SoundTouch</Filter>
    </ClInclude>
    <ClInclude Include="source\BaseAudioSink.h">
      <Filter>Filters</Filter>
    </ClInclude>
    <ClInclude Include="source\BitDepthAdapter.h">
      <Filter>Filters</Filter>
    </ClInclude>
    <ClInclude Include="source\ChannelMixer.h">
      <Filter>Filters</Filter>
    </ClInclude>
    <ClInclude Include="source\SampleCopier.h">
      <Filter>Filters</Filter>
    </ClInclude>
    <ClInclude Include="source\SampleRateConverterFilter.h">
      <Filter>Filters</Filter>
    </ClInclude>
    <ClInclude Include="source\TimeStretchFilter.h">
      <Filter>Filters</Filter>
    </ClInclude>
    <ClInclude Include="source\WASAPIRenderFilter.h">
      <Filter>Filters</Filter>
    </ClInclude>
    <ClInclude Include="source\SoundTouchEx.h">
      <Filter>Filters</Filter>
    </ClInclude>
    <ClInclude Include="source\QueuedAudioSink.h">
      <Filter>Filters</Filter>
    </ClInclude>
    <ClInclude Include="source\AC3EncoderFilter.h">
      <Filter>Filters</Filter>
    </ClInclude>
    <ClInclude Include="source\IAudioSink.h">
      <Filter>Filters</Filter>
    </ClInclude>
    <ClInclude Include="source\TimeSource.h">
      <Filter>Clock</Filter>
    </ClInclude>
    <ClInclude Include="source\SynchCorrection.h">
      <Filter>Clock</Filter>
    </ClInclude>
    <ClInclude Include="source\SyncClock.h">
      <Filter>Clock</Filter>
    </ClInclude>
    <ClInclude Include="source\Settings.h">
      <Filter>Settings</Filter>
    </ClInclude>
    <ClInclude Include="source\SettingsProp.h">
      <Filter>Settings</Filter>
    </ClInclude>
    <ClInclude Include="source\ITimeStretch.h">
      <Filter>Interfaces</Filter>
    </ClInclude>
    <ClInclude Include="source\IRenderFilter.h">
      <Filter>Interfaces</Filter>
    </ClInclude>
    <ClInclude Include="source\IMPAudioSettings.h">
      <Filter>Interfaces</Filter>
    </ClInclude>
    <ClInclude Include="source\IAVSyncClock.h">
      <Filter>Interfaces</Filter>
    </ClInclude>
  </ItemGroup>
  <ItemGroup>
    <ResourceCompile Include="source\MpAudioRenderer.rc" />
  </ItemGroup>
  <ItemGroup>
    <None Include="source\MpAudioRenderer.def" />
  </ItemGroup>
  <ItemGroup>
    <Filter Include="libsamplerate">
      <UniqueIdentifier>{c3308725-5e02-47b7-bf02-7405fc07ac36}</UniqueIdentifier>
    </Filter>
    <Filter Include="AE Mixer">
      <UniqueIdentifier>{0a4b0027-dc20-4b7c-aef5-49e5ba1bbfc7}</UniqueIdentifier>
    </Filter>
    <Filter Include="SoundTouch">
      <UniqueIdentifier>{378dd32b-d3f5-455c-beee-34f0ee1c42e3}</UniqueIdentifier>
    </Filter>
    <Filter Include="AC3_encoder">
      <UniqueIdentifier>{c3c8d455-8c72-4d60-af16-01d8b87474ed}</UniqueIdentifier>
    </Filter>
    <Filter Include="Filters">
      <UniqueIdentifier>{d0090beb-988b-49a0-b426-dd43e4685ab7}</UniqueIdentifier>
    </Filter>
    <Filter Include="Clock">
      <UniqueIdentifier>{8fd4ddd1-f2e2-4a5d-85f0-62fc1791d43f}</UniqueIdentifier>
    </Filter>
    <Filter Include="Settings">
      <UniqueIdentifier>{1bbf0e38-e446-4940-b93d-b12d1e6ba0fa}</UniqueIdentifier>
    </Filter>
    <Filter Include="Interfaces">
      <UniqueIdentifier>{6f6faefb-5fb8-440c-8662-734259de4025}</UniqueIdentifier>
    </Filter>
  </ItemGroup>
</Project>